// !$*UTF8*$!
{
	archiveVersion = 1;
	classes = {
	};
	objectVersion = 50;
	objects = {

/* Begin PBXBuildFile section */
		31AB332E0500F6F9B14E1D69 /* Pods_EllipticCurveKitTests.framework in Frameworks */ = {isa = PBXBuildFile; fileRef = 2187DE6D6CB87F3AD861F438 /* Pods_EllipticCurveKitTests.framework */; };
		4848A03F20FD2983004BC02C /* AnyKeySigner.swift in Sources */ = {isa = PBXBuildFile; fileRef = 4848A03E20FD2983004BC02C /* AnyKeySigner.swift */; };
		4848A04220FD312F004BC02C /* Schnorr.swift in Sources */ = {isa = PBXBuildFile; fileRef = 4848A04120FD312F004BC02C /* Schnorr.swift */; };
		48687FB020F7E54500F2AFA4 /* JacobianPoint.swift in Sources */ = {isa = PBXBuildFile; fileRef = 48687FAF20F7E54500F2AFA4 /* JacobianPoint.swift */; };
		487E2E5B20F7E0F800D6CE8E /* SigningAndVerificationTests.swift in Sources */ = {isa = PBXBuildFile; fileRef = 48F242F320F7D42C00FB36DF /* SigningAndVerificationTests.swift */; };
		4885ABA620F77D6B00115FE0 /* Signing.swift in Sources */ = {isa = PBXBuildFile; fileRef = 4885ABA520F77D6B00115FE0 /* Signing.swift */; };
		4885ABA820F77ECB00115FE0 /* KeyPair.swift in Sources */ = {isa = PBXBuildFile; fileRef = 4885ABA720F77ECB00115FE0 /* KeyPair.swift */; };
		4885ABAA20F77EE600115FE0 /* Wallet.swift in Sources */ = {isa = PBXBuildFile; fileRef = 4885ABA920F77EE600115FE0 /* Wallet.swift */; };
		488A6575215537A90091FD03 /* HashFunction.swift in Sources */ = {isa = PBXBuildFile; fileRef = 488A6574215537A90091FD03 /* HashFunction.swift */; };
		488A65772155388B0091FD03 /* Hashing.swift in Sources */ = {isa = PBXBuildFile; fileRef = 488A65762155388B0091FD03 /* Hashing.swift */; };
		488A65792155389A0091FD03 /* Hasher.swift in Sources */ = {isa = PBXBuildFile; fileRef = 488A65782155389A0091FD03 /* Hasher.swift */; };
		488A657B215538B50091FD03 /* HMAC.swift in Sources */ = {isa = PBXBuildFile; fileRef = 488A657A215538B50091FD03 /* HMAC.swift */; };
		489119A520F209BA00F86528 /* AnyKeyGenerator.swift in Sources */ = {isa = PBXBuildFile; fileRef = 489119A420F209BA00F86528 /* AnyKeyGenerator.swift */; };
		489119A620F209C400F86528 /* Number.swift in Sources */ = {isa = PBXBuildFile; fileRef = 4891199B20F2097C00F86528 /* Number.swift */; };
		489119AB20F268C700F86528 /* SHA2Tests.swift in Sources */ = {isa = PBXBuildFile; fileRef = 489119AA20F268C700F86528 /* SHA2Tests.swift */; };
		489119AE20F26C4100F86528 /* CreatePublicKeyFromPrivateKeyTests.swift in Sources */ = {isa = PBXBuildFile; fileRef = 482B154220D41083001B437D /* CreatePublicKeyFromPrivateKeyTests.swift */; };
		48924EA7214D32D800B72AF2 /* HMAC_DRBG_Tests.swift in Sources */ = {isa = PBXBuildFile; fileRef = 48924EA6214D32D800B72AF2 /* HMAC_DRBG_Tests.swift */; };
		48924EBB214E5C3100B72AF2 /* hmac_drbg_nist_no_prediction_resistance_reseed.json in Resources */ = {isa = PBXBuildFile; fileRef = 48924EB3214E5C3100B72AF2 /* hmac_drbg_nist_no_prediction_resistance_reseed.json */; };
		48924EBF214E5C3100B72AF2 /* additional_data.json in Resources */ = {isa = PBXBuildFile; fileRef = 48924EB9214E5C3100B72AF2 /* additional_data.json */; };
		48924EC0214E5C3100B72AF2 /* no_additional_data.json in Resources */ = {isa = PBXBuildFile; fileRef = 48924EBA214E5C3100B72AF2 /* no_additional_data.json */; };
		48924EC5214EB86600B72AF2 /* BigInt.framework in Frameworks */ = {isa = PBXBuildFile; fileRef = 48924EC4214EB86600B72AF2 /* BigInt.framework */; };
		4898EDFF20FA243E00B6F773 /* Secp256r1.swift in Sources */ = {isa = PBXBuildFile; fileRef = 4898EDFE20FA243E00B6F773 /* Secp256r1.swift */; };
		4898EE0420FA272900B6F773 /* Secp256r1_PointArthmeticTests.swift in Sources */ = {isa = PBXBuildFile; fileRef = 4898EE0320FA272900B6F773 /* Secp256r1_PointArthmeticTests.swift */; };
		48A19CCE2107681E005FF9F1 /* SecureRandom.swift in Sources */ = {isa = PBXBuildFile; fileRef = 48A19CCD2107681E005FF9F1 /* SecureRandom.swift */; };
		48A19CD021076B6E005FF9F1 /* KeychainStatus.swift in Sources */ = {isa = PBXBuildFile; fileRef = 48A19CCF21076B6E005FF9F1 /* KeychainStatus.swift */; };
		48A19CD32107C405005FF9F1 /* Address.swift in Sources */ = {isa = PBXBuildFile; fileRef = 48A19CD22107C405005FF9F1 /* Address.swift */; };
		48A19CD62107C42C005FF9F1 /* WIFFormatter.swift in Sources */ = {isa = PBXBuildFile; fileRef = 48A19CD52107C42C005FF9F1 /* WIFFormatter.swift */; };
		48A19CD92107C44F005FF9F1 /* DistributedSystem.swift in Sources */ = {isa = PBXBuildFile; fileRef = 48A19CD82107C44F005FF9F1 /* DistributedSystem.swift */; };
		48A19CDB2107C462005FF9F1 /* NetworkInformation.swift in Sources */ = {isa = PBXBuildFile; fileRef = 48A19CDA2107C462005FF9F1 /* NetworkInformation.swift */; };
		48A19CDE2107C481005FF9F1 /* Bitcoin.swift in Sources */ = {isa = PBXBuildFile; fileRef = 48A19CDD2107C481005FF9F1 /* Bitcoin.swift */; };
		48A19CE02107C493005FF9F1 /* Zilliqa.swift in Sources */ = {isa = PBXBuildFile; fileRef = 48A19CDF2107C493005FF9F1 /* Zilliqa.swift */; };
		48A19CE22107C4A5005FF9F1 /* Neo.swift in Sources */ = {isa = PBXBuildFile; fileRef = 48A19CE12107C4A5005FF9F1 /* Neo.swift */; };
		48A5541D2100F0F900A4B7FB /* Curve25519.swift in Sources */ = {isa = PBXBuildFile; fileRef = 48A5541C2100F0F900A4B7FB /* Curve25519.swift */; };
		48A5541F2100F31400A4B7FB /* ECDSA.swift in Sources */ = {isa = PBXBuildFile; fileRef = 48A5541E2100F31400A4B7FB /* ECDSA.swift */; };
		48A5542521011D0600A4B7FB /* ECDSATests.swift in Sources */ = {isa = PBXBuildFile; fileRef = 48A5542421011D0600A4B7FB /* ECDSATests.swift */; };
		48A554262101233100A4B7FB /* SignatureNonce+RFC-6979.swift in Sources */ = {isa = PBXBuildFile; fileRef = 48A554222101137C00A4B7FB /* SignatureNonce+RFC-6979.swift */; };
		48AC5CF820FF3F1F00AE4B77 /* MultipliplicationPerformanceSecp256r1Tests.swift in Sources */ = {isa = PBXBuildFile; fileRef = 48AC5CF720FF3F1F00AE4B77 /* MultipliplicationPerformanceSecp256r1Tests.swift */; };
		48AC5D2620FF944E00AE4B77 /* MultipliplicationPerformanceSecp256k1Tests.swift in Sources */ = {isa = PBXBuildFile; fileRef = 48AC5D2520FF944E00AE4B77 /* MultipliplicationPerformanceSecp256k1Tests.swift */; };
		48B4882020E90FC2004C7B7D /* Crypto.swift in Sources */ = {isa = PBXBuildFile; fileRef = 48B4881B20E90FC2004C7B7D /* Crypto.swift */; };
		48B4882220E90FC2004C7B7D /* RIPEMD160.swift in Sources */ = {isa = PBXBuildFile; fileRef = 48B4881E20E90FC2004C7B7D /* RIPEMD160.swift */; };
		48B4882320E90FC2004C7B7D /* Base58.swift in Sources */ = {isa = PBXBuildFile; fileRef = 48B4881F20E90FC2004C7B7D /* Base58.swift */; };
		48B6284420FA0DC400001BDC /* EllipticCurve.swift in Sources */ = {isa = PBXBuildFile; fileRef = 48B6284320FA0DC400001BDC /* EllipticCurve.swift */; };
		48B6284620FA0E2C00001BDC /* EllipticCurvePoint.swift in Sources */ = {isa = PBXBuildFile; fileRef = 48B6284520FA0E2C00001BDC /* EllipticCurvePoint.swift */; };
		48B94BE520F3F2A50041389D /* Signature.swift in Sources */ = {isa = PBXBuildFile; fileRef = 48B94BE420F3F2A50041389D /* Signature.swift */; };
		48B94BE720F3F2B10041389D /* Message.swift in Sources */ = {isa = PBXBuildFile; fileRef = 48B94BE620F3F2B10041389D /* Message.swift */; };
		48B94BEA20F3F4BC0041389D /* Data_Extension.swift in Sources */ = {isa = PBXBuildFile; fileRef = 48B94BE920F3F4BC0041389D /* Data_Extension.swift */; };
		48B94BEC20F3F4D50041389D /* AffinePoint.swift in Sources */ = {isa = PBXBuildFile; fileRef = 48B94BEB20F3F4D50041389D /* AffinePoint.swift */; };
		48C3A4F8210B9F6A00282E1C /* EllipticCurveForm.swift in Sources */ = {isa = PBXBuildFile; fileRef = 48C3A4F7210B9F6A00282E1C /* EllipticCurveForm.swift */; };
		48CCEE6E2104ECFD00E0EE34 /* DER.swift in Sources */ = {isa = PBXBuildFile; fileRef = 48CCEE6D2104ECFD00E0EE34 /* DER.swift */; };
		48D1101820F3D7BA005A212A /* PublicKey.swift in Sources */ = {isa = PBXBuildFile; fileRef = 48D1101720F3D7BA005A212A /* PublicKey.swift */; };
		48D1101A20F3D7E3005A212A /* PrivateKey.swift in Sources */ = {isa = PBXBuildFile; fileRef = 48D1101920F3D7E3005A212A /* PrivateKey.swift */; };
		48D1101C20F3D812005A212A /* PrivateKeyWIF.swift in Sources */ = {isa = PBXBuildFile; fileRef = 48D1101B20F3D812005A212A /* PrivateKeyWIF.swift */; };
		48D1101E20F3D832005A212A /* PublicAddress.swift in Sources */ = {isa = PBXBuildFile; fileRef = 48D1101D20F3D832005A212A /* PublicAddress.swift */; };
		48EB888020FF2D5900974DF9 /* ModularInverse.swift in Sources */ = {isa = PBXBuildFile; fileRef = 48EB887F20FF2D5900974DF9 /* ModularInverse.swift */; };
		48F22C9720C70D88004A18CA /* EllipticCurveKit.framework in Frameworks */ = {isa = PBXBuildFile; fileRef = 48F22C8D20C70D87004A18CA /* EllipticCurveKit.framework */; };
		48F22CAA20C70DC9004A18CA /* EllipticCurveKit.h in Headers */ = {isa = PBXBuildFile; fileRef = 48F22CA820C70DC1004A18CA /* EllipticCurveKit.h */; settings = {ATTRIBUTES = (Public, ); }; };
		48F242F020F7D31200FB36DF /* PrivateKeyBase64EncodingDecodingTests.swift in Sources */ = {isa = PBXBuildFile; fileRef = 48F242EF20F7D31200FB36DF /* PrivateKeyBase64EncodingDecodingTests.swift */; };
		48F242F820F7DD2600FB36DF /* Secp256k1.swift in Sources */ = {isa = PBXBuildFile; fileRef = 48F242F620F7DD2200FB36DF /* Secp256k1.swift */; };
		48FFD74C21503836000F6D78 /* HMAC_DRBG.swift in Sources */ = {isa = PBXBuildFile; fileRef = 48FFD74B21503836000F6D78 /* HMAC_DRBG.swift */; };
		48FFD74F2150385D000F6D78 /* KeyValue.swift in Sources */ = {isa = PBXBuildFile; fileRef = 48FFD74E2150385D000F6D78 /* KeyValue.swift */; };
		48FFD7512150387E000F6D78 /* DataConvertible.swift in Sources */ = {isa = PBXBuildFile; fileRef = 48FFD7502150387E000F6D78 /* DataConvertible.swift */; };
		48FFD75D21503952000F6D78 /* TestVectorStrings.swift in Sources */ = {isa = PBXBuildFile; fileRef = 48FFD75B2150394E000F6D78 /* TestVectorStrings.swift */; };
		48FFD75E2150395A000F6D78 /* TestVector.swift in Sources */ = {isa = PBXBuildFile; fileRef = 48FFD7592150393E000F6D78 /* TestVector.swift */; };
		48FFD76221503A50000F6D78 /* TestJSON.swift in Sources */ = {isa = PBXBuildFile; fileRef = 48FFD75F21503980000F6D78 /* TestJSON.swift */; };
		7CAFC604C5BCB39F0509F72F /* Pods_EllipticCurveKit.framework in Frameworks */ = {isa = PBXBuildFile; fileRef = FB05E5D6380021B20834BC53 /* Pods_EllipticCurveKit.framework */; };
/* End PBXBuildFile section */

/* Begin PBXContainerItemProxy section */
		48F22C9820C70D88004A18CA /* PBXContainerItemProxy */ = {
			isa = PBXContainerItemProxy;
			containerPortal = 48F22C8420C70D87004A18CA /* Project object */;
			proxyType = 1;
			remoteGlobalIDString = 48F22C8C20C70D87004A18CA;
			remoteInfo = EllipticCurveKit;
		};
/* End PBXContainerItemProxy section */

/* Begin PBXFileReference section */
		0FD66A73CDF334CD1BBAA777 /* Pods-EllipticCurveKit.release.xcconfig */ = {isa = PBXFileReference; includeInIndex = 1; lastKnownFileType = text.xcconfig; name = "Pods-EllipticCurveKit.release.xcconfig"; path = "Pods/Target Support Files/Pods-EllipticCurveKit/Pods-EllipticCurveKit.release.xcconfig"; sourceTree = "<group>"; };
		1853B0E938135C038AAE0660 /* Pods-EllipticCurveKitTests.fasttestable.xcconfig */ = {isa = PBXFileReference; includeInIndex = 1; lastKnownFileType = text.xcconfig; name = "Pods-EllipticCurveKitTests.fasttestable.xcconfig"; path = "Pods/Target Support Files/Pods-EllipticCurveKitTests/Pods-EllipticCurveKitTests.fasttestable.xcconfig"; sourceTree = "<group>"; };
		1FBBDA8D54022F783D36749E /* Pods-EllipticCurveKitTests.release.xcconfig */ = {isa = PBXFileReference; includeInIndex = 1; lastKnownFileType = text.xcconfig; name = "Pods-EllipticCurveKitTests.release.xcconfig"; path = "Pods/Target Support Files/Pods-EllipticCurveKitTests/Pods-EllipticCurveKitTests.release.xcconfig"; sourceTree = "<group>"; };
		2187DE6D6CB87F3AD861F438 /* Pods_EllipticCurveKitTests.framework */ = {isa = PBXFileReference; explicitFileType = wrapper.framework; includeInIndex = 0; path = Pods_EllipticCurveKitTests.framework; sourceTree = BUILT_PRODUCTS_DIR; };
		482B154220D41083001B437D /* CreatePublicKeyFromPrivateKeyTests.swift */ = {isa = PBXFileReference; lastKnownFileType = sourcecode.swift; path = CreatePublicKeyFromPrivateKeyTests.swift; sourceTree = "<group>"; };
		483C099720F5EF0400C5E2DA /* module.modulemap */ = {isa = PBXFileReference; lastKnownFileType = "sourcecode.module-map"; path = module.modulemap; sourceTree = "<group>"; };
		4848A03E20FD2983004BC02C /* AnyKeySigner.swift */ = {isa = PBXFileReference; lastKnownFileType = sourcecode.swift; path = AnyKeySigner.swift; sourceTree = "<group>"; };
		4848A04120FD312F004BC02C /* Schnorr.swift */ = {isa = PBXFileReference; lastKnownFileType = sourcecode.swift; path = Schnorr.swift; sourceTree = "<group>"; };
		48687FAF20F7E54500F2AFA4 /* JacobianPoint.swift */ = {isa = PBXFileReference; lastKnownFileType = sourcecode.swift; path = JacobianPoint.swift; sourceTree = "<group>"; };
		4885ABA520F77D6B00115FE0 /* Signing.swift */ = {isa = PBXFileReference; lastKnownFileType = sourcecode.swift; path = Signing.swift; sourceTree = "<group>"; };
		4885ABA720F77ECB00115FE0 /* KeyPair.swift */ = {isa = PBXFileReference; lastKnownFileType = sourcecode.swift; path = KeyPair.swift; sourceTree = "<group>"; };
		4885ABA920F77EE600115FE0 /* Wallet.swift */ = {isa = PBXFileReference; lastKnownFileType = sourcecode.swift; path = Wallet.swift; sourceTree = "<group>"; };
		488A6574215537A90091FD03 /* HashFunction.swift */ = {isa = PBXFileReference; lastKnownFileType = sourcecode.swift; path = HashFunction.swift; sourceTree = "<group>"; };
		488A65762155388B0091FD03 /* Hashing.swift */ = {isa = PBXFileReference; lastKnownFileType = sourcecode.swift; path = Hashing.swift; sourceTree = "<group>"; };
		488A65782155389A0091FD03 /* Hasher.swift */ = {isa = PBXFileReference; lastKnownFileType = sourcecode.swift; path = Hasher.swift; sourceTree = "<group>"; };
		488A657A215538B50091FD03 /* HMAC.swift */ = {isa = PBXFileReference; lastKnownFileType = sourcecode.swift; path = HMAC.swift; sourceTree = "<group>"; };
		4891199B20F2097C00F86528 /* Number.swift */ = {isa = PBXFileReference; lastKnownFileType = sourcecode.swift; path = Number.swift; sourceTree = "<group>"; };
		489119A420F209BA00F86528 /* AnyKeyGenerator.swift */ = {isa = PBXFileReference; lastKnownFileType = sourcecode.swift; path = AnyKeyGenerator.swift; sourceTree = "<group>"; };
		489119AA20F268C700F86528 /* SHA2Tests.swift */ = {isa = PBXFileReference; lastKnownFileType = sourcecode.swift; path = SHA2Tests.swift; sourceTree = "<group>"; };
		48924EA6214D32D800B72AF2 /* HMAC_DRBG_Tests.swift */ = {isa = PBXFileReference; lastKnownFileType = sourcecode.swift; path = HMAC_DRBG_Tests.swift; sourceTree = "<group>"; };
		48924EB3214E5C3100B72AF2 /* hmac_drbg_nist_no_prediction_resistance_reseed.json */ = {isa = PBXFileReference; fileEncoding = 4; lastKnownFileType = text.json; path = hmac_drbg_nist_no_prediction_resistance_reseed.json; sourceTree = "<group>"; };
		48924EB9214E5C3100B72AF2 /* additional_data.json */ = {isa = PBXFileReference; fileEncoding = 4; lastKnownFileType = text.json; path = additional_data.json; sourceTree = "<group>"; };
		48924EBA214E5C3100B72AF2 /* no_additional_data.json */ = {isa = PBXFileReference; fileEncoding = 4; lastKnownFileType = text.json; path = no_additional_data.json; sourceTree = "<group>"; };
		48924EC4214EB86600B72AF2 /* BigInt.framework */ = {isa = PBXFileReference; explicitFileType = wrapper.framework; path = BigInt.framework; sourceTree = BUILT_PRODUCTS_DIR; };
		4898EDFE20FA243E00B6F773 /* Secp256r1.swift */ = {isa = PBXFileReference; lastKnownFileType = sourcecode.swift; path = Secp256r1.swift; sourceTree = "<group>"; };
		4898EE0320FA272900B6F773 /* Secp256r1_PointArthmeticTests.swift */ = {isa = PBXFileReference; lastKnownFileType = sourcecode.swift; path = Secp256r1_PointArthmeticTests.swift; sourceTree = "<group>"; };
		48A19CCD2107681E005FF9F1 /* SecureRandom.swift */ = {isa = PBXFileReference; lastKnownFileType = sourcecode.swift; path = SecureRandom.swift; sourceTree = "<group>"; };
		48A19CCF21076B6E005FF9F1 /* KeychainStatus.swift */ = {isa = PBXFileReference; lastKnownFileType = sourcecode.swift; path = KeychainStatus.swift; sourceTree = "<group>"; };
		48A19CD22107C405005FF9F1 /* Address.swift */ = {isa = PBXFileReference; lastKnownFileType = sourcecode.swift; path = Address.swift; sourceTree = "<group>"; };
		48A19CD52107C42C005FF9F1 /* WIFFormatter.swift */ = {isa = PBXFileReference; lastKnownFileType = sourcecode.swift; path = WIFFormatter.swift; sourceTree = "<group>"; };
		48A19CD82107C44F005FF9F1 /* DistributedSystem.swift */ = {isa = PBXFileReference; lastKnownFileType = sourcecode.swift; path = DistributedSystem.swift; sourceTree = "<group>"; };
		48A19CDA2107C462005FF9F1 /* NetworkInformation.swift */ = {isa = PBXFileReference; lastKnownFileType = sourcecode.swift; path = NetworkInformation.swift; sourceTree = "<group>"; };
		48A19CDD2107C481005FF9F1 /* Bitcoin.swift */ = {isa = PBXFileReference; lastKnownFileType = sourcecode.swift; path = Bitcoin.swift; sourceTree = "<group>"; };
		48A19CDF2107C493005FF9F1 /* Zilliqa.swift */ = {isa = PBXFileReference; lastKnownFileType = sourcecode.swift; path = Zilliqa.swift; sourceTree = "<group>"; };
		48A19CE12107C4A5005FF9F1 /* Neo.swift */ = {isa = PBXFileReference; lastKnownFileType = sourcecode.swift; path = Neo.swift; sourceTree = "<group>"; };
		48A5541C2100F0F900A4B7FB /* Curve25519.swift */ = {isa = PBXFileReference; lastKnownFileType = sourcecode.swift; path = Curve25519.swift; sourceTree = "<group>"; };
		48A5541E2100F31400A4B7FB /* ECDSA.swift */ = {isa = PBXFileReference; lastKnownFileType = sourcecode.swift; path = ECDSA.swift; sourceTree = "<group>"; };
		48A554222101137C00A4B7FB /* SignatureNonce+RFC-6979.swift */ = {isa = PBXFileReference; lastKnownFileType = sourcecode.swift; path = "SignatureNonce+RFC-6979.swift"; sourceTree = "<group>"; };
		48A5542421011D0600A4B7FB /* ECDSATests.swift */ = {isa = PBXFileReference; lastKnownFileType = sourcecode.swift; path = ECDSATests.swift; sourceTree = "<group>"; };
		48AC5CF720FF3F1F00AE4B77 /* MultipliplicationPerformanceSecp256r1Tests.swift */ = {isa = PBXFileReference; lastKnownFileType = sourcecode.swift; path = MultipliplicationPerformanceSecp256r1Tests.swift; sourceTree = "<group>"; };
		48AC5D2520FF944E00AE4B77 /* MultipliplicationPerformanceSecp256k1Tests.swift */ = {isa = PBXFileReference; lastKnownFileType = sourcecode.swift; path = MultipliplicationPerformanceSecp256k1Tests.swift; sourceTree = "<group>"; };
		48B4881B20E90FC2004C7B7D /* Crypto.swift */ = {isa = PBXFileReference; fileEncoding = 4; lastKnownFileType = sourcecode.swift; path = Crypto.swift; sourceTree = "<group>"; };
		48B4881E20E90FC2004C7B7D /* RIPEMD160.swift */ = {isa = PBXFileReference; fileEncoding = 4; lastKnownFileType = sourcecode.swift; path = RIPEMD160.swift; sourceTree = "<group>"; };
		48B4881F20E90FC2004C7B7D /* Base58.swift */ = {isa = PBXFileReference; fileEncoding = 4; lastKnownFileType = sourcecode.swift; path = Base58.swift; sourceTree = "<group>"; };
		48B6284320FA0DC400001BDC /* EllipticCurve.swift */ = {isa = PBXFileReference; lastKnownFileType = sourcecode.swift; path = EllipticCurve.swift; sourceTree = "<group>"; };
		48B6284520FA0E2C00001BDC /* EllipticCurvePoint.swift */ = {isa = PBXFileReference; lastKnownFileType = sourcecode.swift; path = EllipticCurvePoint.swift; sourceTree = "<group>"; };
		48B94BE420F3F2A50041389D /* Signature.swift */ = {isa = PBXFileReference; lastKnownFileType = sourcecode.swift; path = Signature.swift; sourceTree = "<group>"; };
		48B94BE620F3F2B10041389D /* Message.swift */ = {isa = PBXFileReference; lastKnownFileType = sourcecode.swift; path = Message.swift; sourceTree = "<group>"; };
		48B94BE920F3F4BC0041389D /* Data_Extension.swift */ = {isa = PBXFileReference; lastKnownFileType = sourcecode.swift; path = Data_Extension.swift; sourceTree = "<group>"; };
		48B94BEB20F3F4D50041389D /* AffinePoint.swift */ = {isa = PBXFileReference; lastKnownFileType = sourcecode.swift; path = AffinePoint.swift; sourceTree = "<group>"; };
		48C3A4F7210B9F6A00282E1C /* EllipticCurveForm.swift */ = {isa = PBXFileReference; lastKnownFileType = sourcecode.swift; path = EllipticCurveForm.swift; sourceTree = "<group>"; };
		48CCEE6D2104ECFD00E0EE34 /* DER.swift */ = {isa = PBXFileReference; lastKnownFileType = sourcecode.swift; path = DER.swift; sourceTree = "<group>"; };
		48D1101720F3D7BA005A212A /* PublicKey.swift */ = {isa = PBXFileReference; lastKnownFileType = sourcecode.swift; path = PublicKey.swift; sourceTree = "<group>"; };
		48D1101920F3D7E3005A212A /* PrivateKey.swift */ = {isa = PBXFileReference; lastKnownFileType = sourcecode.swift; path = PrivateKey.swift; sourceTree = "<group>"; };
		48D1101B20F3D812005A212A /* PrivateKeyWIF.swift */ = {isa = PBXFileReference; lastKnownFileType = sourcecode.swift; path = PrivateKeyWIF.swift; sourceTree = "<group>"; };
		48D1101D20F3D832005A212A /* PublicAddress.swift */ = {isa = PBXFileReference; lastKnownFileType = sourcecode.swift; path = PublicAddress.swift; sourceTree = "<group>"; };
		48EB887F20FF2D5900974DF9 /* ModularInverse.swift */ = {isa = PBXFileReference; lastKnownFileType = sourcecode.swift; path = ModularInverse.swift; sourceTree = "<group>"; };
		48F22C8D20C70D87004A18CA /* EllipticCurveKit.framework */ = {isa = PBXFileReference; explicitFileType = wrapper.framework; includeInIndex = 0; path = EllipticCurveKit.framework; sourceTree = BUILT_PRODUCTS_DIR; };
		48F22C9620C70D87004A18CA /* EllipticCurveKitTests.xctest */ = {isa = PBXFileReference; explicitFileType = wrapper.cfbundle; includeInIndex = 0; path = EllipticCurveKitTests.xctest; sourceTree = BUILT_PRODUCTS_DIR; };
		48F22CA820C70DC1004A18CA /* EllipticCurveKit.h */ = {isa = PBXFileReference; lastKnownFileType = sourcecode.c.h; path = EllipticCurveKit.h; sourceTree = "<group>"; };
		48F22CA920C70DC1004A18CA /* Info.plist */ = {isa = PBXFileReference; lastKnownFileType = text.plist.xml; path = Info.plist; sourceTree = "<group>"; };
		48F22CB020C70DE5004A18CA /* Info.plist */ = {isa = PBXFileReference; lastKnownFileType = text.plist.xml; path = Info.plist; sourceTree = "<group>"; };
		48F242EF20F7D31200FB36DF /* PrivateKeyBase64EncodingDecodingTests.swift */ = {isa = PBXFileReference; lastKnownFileType = sourcecode.swift; path = PrivateKeyBase64EncodingDecodingTests.swift; sourceTree = "<group>"; };
		48F242F320F7D42C00FB36DF /* SigningAndVerificationTests.swift */ = {isa = PBXFileReference; lastKnownFileType = sourcecode.swift; path = SigningAndVerificationTests.swift; sourceTree = "<group>"; };
		48F242F620F7DD2200FB36DF /* Secp256k1.swift */ = {isa = PBXFileReference; lastKnownFileType = sourcecode.swift; path = Secp256k1.swift; sourceTree = "<group>"; };
		48FFD74B21503836000F6D78 /* HMAC_DRBG.swift */ = {isa = PBXFileReference; lastKnownFileType = sourcecode.swift; path = HMAC_DRBG.swift; sourceTree = "<group>"; };
		48FFD74E2150385D000F6D78 /* KeyValue.swift */ = {isa = PBXFileReference; lastKnownFileType = sourcecode.swift; path = KeyValue.swift; sourceTree = "<group>"; };
		48FFD7502150387E000F6D78 /* DataConvertible.swift */ = {isa = PBXFileReference; lastKnownFileType = sourcecode.swift; path = DataConvertible.swift; sourceTree = "<group>"; };
		48FFD7592150393E000F6D78 /* TestVector.swift */ = {isa = PBXFileReference; lastKnownFileType = sourcecode.swift; path = TestVector.swift; sourceTree = "<group>"; };
		48FFD75B2150394E000F6D78 /* TestVectorStrings.swift */ = {isa = PBXFileReference; lastKnownFileType = sourcecode.swift; path = TestVectorStrings.swift; sourceTree = "<group>"; };
		48FFD75F21503980000F6D78 /* TestJSON.swift */ = {isa = PBXFileReference; lastKnownFileType = sourcecode.swift; path = TestJSON.swift; sourceTree = "<group>"; };
		7447D691EE2EB88C5886E27E /* Pods-EllipticCurveKitTests.debug.xcconfig */ = {isa = PBXFileReference; includeInIndex = 1; lastKnownFileType = text.xcconfig; name = "Pods-EllipticCurveKitTests.debug.xcconfig"; path = "Pods/Target Support Files/Pods-EllipticCurveKitTests/Pods-EllipticCurveKitTests.debug.xcconfig"; sourceTree = "<group>"; };
		D9F35C160A80EFA5D408A8CD /* Pods-EllipticCurveKit.debug.xcconfig */ = {isa = PBXFileReference; includeInIndex = 1; lastKnownFileType = text.xcconfig; name = "Pods-EllipticCurveKit.debug.xcconfig"; path = "Pods/Target Support Files/Pods-EllipticCurveKit/Pods-EllipticCurveKit.debug.xcconfig"; sourceTree = "<group>"; };
		EC67AD2005093425E63E3468 /* Pods-EllipticCurveKit.fasttestable.xcconfig */ = {isa = PBXFileReference; includeInIndex = 1; lastKnownFileType = text.xcconfig; name = "Pods-EllipticCurveKit.fasttestable.xcconfig"; path = "Pods/Target Support Files/Pods-EllipticCurveKit/Pods-EllipticCurveKit.fasttestable.xcconfig"; sourceTree = "<group>"; };
		FB05E5D6380021B20834BC53 /* Pods_EllipticCurveKit.framework */ = {isa = PBXFileReference; explicitFileType = wrapper.framework; includeInIndex = 0; path = Pods_EllipticCurveKit.framework; sourceTree = BUILT_PRODUCTS_DIR; };
/* End PBXFileReference section */

/* Begin PBXFrameworksBuildPhase section */
		48F22C8920C70D87004A18CA /* Frameworks */ = {
			isa = PBXFrameworksBuildPhase;
			buildActionMask = 2147483647;
			files = (
				7CAFC604C5BCB39F0509F72F /* Pods_EllipticCurveKit.framework in Frameworks */,
			);
			runOnlyForDeploymentPostprocessing = 0;
		};
		48F22C9320C70D87004A18CA /* Frameworks */ = {
			isa = PBXFrameworksBuildPhase;
			buildActionMask = 2147483647;
			files = (
				48924EC5214EB86600B72AF2 /* BigInt.framework in Frameworks */,
				48F22C9720C70D88004A18CA /* EllipticCurveKit.framework in Frameworks */,
				31AB332E0500F6F9B14E1D69 /* Pods_EllipticCurveKitTests.framework in Frameworks */,
			);
			runOnlyForDeploymentPostprocessing = 0;
		};
/* End PBXFrameworksBuildPhase section */

/* Begin PBXGroup section */
		482B154120D41053001B437D /* KeyGeneration */ = {
			isa = PBXGroup;
			children = (
				482B154220D41083001B437D /* CreatePublicKeyFromPrivateKeyTests.swift */,
				48F242EF20F7D31200FB36DF /* PrivateKeyBase64EncodingDecodingTests.swift */,
			);
			path = KeyGeneration;
			sourceTree = "<group>";
		};
		4848A04020FD311D004BC02C /* CommonSigning */ = {
			isa = PBXGroup;
			children = (
				4848A04120FD312F004BC02C /* Schnorr.swift */,
				48A5541E2100F31400A4B7FB /* ECDSA.swift */,
			);
			path = CommonSigning;
			sourceTree = "<group>";
		};
		4861AA6B20D048B900871618 /* SupportingFiles */ = {
			isa = PBXGroup;
			children = (
				48F22CA820C70DC1004A18CA /* EllipticCurveKit.h */,
				48F22CA920C70DC1004A18CA /* Info.plist */,
				483C099720F5EF0400C5E2DA /* module.modulemap */,
			);
			path = SupportingFiles;
			sourceTree = "<group>";
		};
		48687FAE20F7E4EB00F2AFA4 /* Point */ = {
			isa = PBXGroup;
			children = (
				48B94BEB20F3F4D50041389D /* AffinePoint.swift */,
				48B6284520FA0E2C00001BDC /* EllipticCurvePoint.swift */,
				48687FAF20F7E54500F2AFA4 /* JacobianPoint.swift */,
			);
			path = Point;
			sourceTree = "<group>";
		};
		488A6573215537900091FD03 /* HashFunctions */ = {
			isa = PBXGroup;
			children = (
				488A6574215537A90091FD03 /* HashFunction.swift */,
				488A65782155389A0091FD03 /* Hasher.swift */,
				488A657A215538B50091FD03 /* HMAC.swift */,
				488A65762155388B0091FD03 /* Hashing.swift */,
			);
			path = HashFunctions;
			sourceTree = "<group>";
		};
		489119A320F209AA00F86528 /* EllipticCurve */ = {
			isa = PBXGroup;
			children = (
				48A19CD72107C43B005FF9F1 /* DistributedSystem */,
				48687FAE20F7E4EB00F2AFA4 /* Point */,
				48F242F520F7DD0500FB36DF /* CommonCurves */,
				48B94BE320F3F2870041389D /* Signing */,
				48D1101520F3D740005A212A /* Keys */,
				48B6284320FA0DC400001BDC /* EllipticCurve.swift */,
				48C3A4F7210B9F6A00282E1C /* EllipticCurveForm.swift */,
			);
			path = EllipticCurve;
			sourceTree = "<group>";
		};
		48924EA5214D32B700B72AF2 /* Crypto */ = {
			isa = PBXGroup;
			children = (
				489119AA20F268C700F86528 /* SHA2Tests.swift */,
				48924EA6214D32D800B72AF2 /* HMAC_DRBG_Tests.swift */,
				48FFD75821503932000F6D78 /* HMAC_DRBG_Tests */,
			);
			path = Crypto;
			sourceTree = "<group>";
		};
		48924EAE214E5C3100B72AF2 /* JSON */ = {
			isa = PBXGroup;
			children = (
				48924EAF214E5C3100B72AF2 /* HMAC_DRBG */,
			);
			path = JSON;
			sourceTree = "<group>";
		};
		48924EAF214E5C3100B72AF2 /* HMAC_DRBG */ = {
			isa = PBXGroup;
			children = (
				48924EB0214E5C3100B72AF2 /* NIST */,
			);
			path = HMAC_DRBG;
			sourceTree = "<group>";
		};
		48924EB0214E5C3100B72AF2 /* NIST */ = {
			isa = PBXGroup;
			children = (
				48924EB1214E5C3100B72AF2 /* PREDICTION_RESISTANCE_NOT_ENABLED */,
			);
			path = NIST;
			sourceTree = "<group>";
		};
		48924EB1214E5C3100B72AF2 /* PREDICTION_RESISTANCE_NOT_ENABLED */ = {
			isa = PBXGroup;
			children = (
				48924EB2214E5C3100B72AF2 /* RESEED */,
				48924EB8214E5C3100B72AF2 /* NO_RESEED */,
			);
			path = PREDICTION_RESISTANCE_NOT_ENABLED;
			sourceTree = "<group>";
		};
		48924EB2214E5C3100B72AF2 /* RESEED */ = {
			isa = PBXGroup;
			children = (
				48924EB3214E5C3100B72AF2 /* hmac_drbg_nist_no_prediction_resistance_reseed.json */,
			);
			path = RESEED;
			sourceTree = "<group>";
		};
		48924EB8214E5C3100B72AF2 /* NO_RESEED */ = {
			isa = PBXGroup;
			children = (
				48924EB9214E5C3100B72AF2 /* additional_data.json */,
				48924EBA214E5C3100B72AF2 /* no_additional_data.json */,
			);
			path = NO_RESEED;
			sourceTree = "<group>";
		};
		4898EE0020FA269C00B6F773 /* CurveTests */ = {
			isa = PBXGroup;
			children = (
				48A5542421011D0600A4B7FB /* ECDSATests.swift */,
				4898EE0220FA26BC00B6F773 /* Secp256r1 */,
				4898EE0120FA26A200B6F773 /* Secp256k1 */,
			);
			path = CurveTests;
			sourceTree = "<group>";
		};
		4898EE0120FA26A200B6F773 /* Secp256k1 */ = {
			isa = PBXGroup;
			children = (
				48AC5D2420FF943E00AE4B77 /* PerformanceTests */,
				482B154120D41053001B437D /* KeyGeneration */,
				48F242F120F7D40600FB36DF /* SigningAndVerificationTests */,
			);
			path = Secp256k1;
			sourceTree = "<group>";
		};
		4898EE0220FA26BC00B6F773 /* Secp256r1 */ = {
			isa = PBXGroup;
			children = (
				48AC5CF620FF3F0300AE4B77 /* PerformanceTests */,
				4898EE0320FA272900B6F773 /* Secp256r1_PointArthmeticTests.swift */,
			);
			path = Secp256r1;
			sourceTree = "<group>";
		};
		48A19CCC21076811005FF9F1 /* Numbers */ = {
			isa = PBXGroup;
			children = (
				4891199B20F2097C00F86528 /* Number.swift */,
				48A19CCD2107681E005FF9F1 /* SecureRandom.swift */,
				48A19CCF21076B6E005FF9F1 /* KeychainStatus.swift */,
			);
			path = Numbers;
			sourceTree = "<group>";
		};
		48A19CD42107C41D005FF9F1 /* PrivateKey */ = {
			isa = PBXGroup;
			children = (
				48D1101B20F3D812005A212A /* PrivateKeyWIF.swift */,
				48A19CD52107C42C005FF9F1 /* WIFFormatter.swift */,
				48D1101920F3D7E3005A212A /* PrivateKey.swift */,
			);
			path = PrivateKey;
			sourceTree = "<group>";
		};
		48A19CD72107C43B005FF9F1 /* DistributedSystem */ = {
			isa = PBXGroup;
			children = (
				48A19CDC2107C476005FF9F1 /* DLTs */,
				48A19CD82107C44F005FF9F1 /* DistributedSystem.swift */,
				48A19CDA2107C462005FF9F1 /* NetworkInformation.swift */,
			);
			path = DistributedSystem;
			sourceTree = "<group>";
		};
		48A19CDC2107C476005FF9F1 /* DLTs */ = {
			isa = PBXGroup;
			children = (
				48A19CDD2107C481005FF9F1 /* Bitcoin.swift */,
				48A19CE12107C4A5005FF9F1 /* Neo.swift */,
				48A19CDF2107C493005FF9F1 /* Zilliqa.swift */,
			);
			path = DLTs;
			sourceTree = "<group>";
		};
		48A554202101064D00A4B7FB /* Schnorr */ = {
			isa = PBXGroup;
			children = (
				48F242F320F7D42C00FB36DF /* SigningAndVerificationTests.swift */,
			);
			path = Schnorr;
			sourceTree = "<group>";
		};
		48AC5CF620FF3F0300AE4B77 /* PerformanceTests */ = {
			isa = PBXGroup;
			children = (
				48AC5CF720FF3F1F00AE4B77 /* MultipliplicationPerformanceSecp256r1Tests.swift */,
			);
			path = PerformanceTests;
			sourceTree = "<group>";
		};
		48AC5D2420FF943E00AE4B77 /* PerformanceTests */ = {
			isa = PBXGroup;
			children = (
				48AC5D2520FF944E00AE4B77 /* MultipliplicationPerformanceSecp256k1Tests.swift */,
			);
			path = PerformanceTests;
			sourceTree = "<group>";
		};
		48B4881A20E90FC2004C7B7D /* Cryptography */ = {
			isa = PBXGroup;
			children = (
				488A6573215537900091FD03 /* HashFunctions */,
				48FFD74D21503844000F6D78 /* HMAC_DRBG */,
				48B4881B20E90FC2004C7B7D /* Crypto.swift */,
				48B4881C20E90FC2004C7B7D /* RIPEMD160 */,
			);
			path = Cryptography;
			sourceTree = "<group>";
		};
		48B4881C20E90FC2004C7B7D /* RIPEMD160 */ = {
			isa = PBXGroup;
			children = (
				48B4881E20E90FC2004C7B7D /* RIPEMD160.swift */,
			);
			path = RIPEMD160;
			sourceTree = "<group>";
		};
		48B94BE320F3F2870041389D /* Signing */ = {
			isa = PBXGroup;
			children = (
				4848A03E20FD2983004BC02C /* AnyKeySigner.swift */,
				4848A04020FD311D004BC02C /* CommonSigning */,
				48B94BE420F3F2A50041389D /* Signature.swift */,
				48B94BE620F3F2B10041389D /* Message.swift */,
				4885ABA520F77D6B00115FE0 /* Signing.swift */,
				48A554222101137C00A4B7FB /* SignatureNonce+RFC-6979.swift */,
			);
			path = Signing;
			sourceTree = "<group>";
		};
		48B94BE820F3F4B00041389D /* Extensions */ = {
			isa = PBXGroup;
			children = (
				48B94BE920F3F4BC0041389D /* Data_Extension.swift */,
			);
			path = Extensions;
			sourceTree = "<group>";
		};
		48C3A4F3210B14ED00282E1C /* Encoding */ = {
			isa = PBXGroup;
			children = (
				48CCEE6D2104ECFD00E0EE34 /* DER.swift */,
				48B4881F20E90FC2004C7B7D /* Base58.swift */,
			);
			path = Encoding;
			sourceTree = "<group>";
		};
		48D1101520F3D740005A212A /* Keys */ = {
			isa = PBXGroup;
			children = (
				489119A420F209BA00F86528 /* AnyKeyGenerator.swift */,
				48A19CD42107C41D005FF9F1 /* PrivateKey */,
				48D1101F20F3D840005A212A /* Address */,
				48D1101720F3D7BA005A212A /* PublicKey.swift */,
				4885ABA720F77ECB00115FE0 /* KeyPair.swift */,
				4885ABA920F77EE600115FE0 /* Wallet.swift */,
			);
			path = Keys;
			sourceTree = "<group>";
		};
		48D1101F20F3D840005A212A /* Address */ = {
			isa = PBXGroup;
			children = (
				48D1101D20F3D832005A212A /* PublicAddress.swift */,
				48A19CD22107C405005FF9F1 /* Address.swift */,
			);
			path = Address;
			sourceTree = "<group>";
		};
		48EB887E20FF2D4C00974DF9 /* Math */ = {
			isa = PBXGroup;
			children = (
				48EB887F20FF2D5900974DF9 /* ModularInverse.swift */,
			);
			path = Math;
			sourceTree = "<group>";
		};
		48F22C8320C70D87004A18CA = {
			isa = PBXGroup;
			children = (
				48F22C8E20C70D87004A18CA /* Products */,
				48F22CA720C70DC1004A18CA /* Source */,
				48F22CAE20C70DE5004A18CA /* Tests */,
				A75A8F8B4AAB19DF076A9FB1 /* Pods */,
				79B6DC572F28656C640E4CB4 /* Frameworks */,
			);
			sourceTree = "<group>";
		};
		48F22C8E20C70D87004A18CA /* Products */ = {
			isa = PBXGroup;
			children = (
				48F22C8D20C70D87004A18CA /* EllipticCurveKit.framework */,
				48F22C9620C70D87004A18CA /* EllipticCurveKitTests.xctest */,
			);
			name = Products;
			sourceTree = "<group>";
		};
		48F22CA720C70DC1004A18CA /* Source */ = {
			isa = PBXGroup;
			children = (
				48C3A4F3210B14ED00282E1C /* Encoding */,
				48A19CCC21076811005FF9F1 /* Numbers */,
				48EB887E20FF2D4C00974DF9 /* Math */,
				48B94BE820F3F4B00041389D /* Extensions */,
				489119A320F209AA00F86528 /* EllipticCurve */,
				48B4881A20E90FC2004C7B7D /* Cryptography */,
				4861AA6B20D048B900871618 /* SupportingFiles */,
			);
			path = Source;
			sourceTree = "<group>";
		};
		48F22CAE20C70DE5004A18CA /* Tests */ = {
			isa = PBXGroup;
			children = (
				48924EAE214E5C3100B72AF2 /* JSON */,
				48F22CB020C70DE5004A18CA /* Info.plist */,
				48924EA5214D32B700B72AF2 /* Crypto */,
				4898EE0020FA269C00B6F773 /* CurveTests */,
			);
			path = Tests;
			sourceTree = "<group>";
		};
		48F242F120F7D40600FB36DF /* SigningAndVerificationTests */ = {
			isa = PBXGroup;
			children = (
				48A554202101064D00A4B7FB /* Schnorr */,
			);
			path = SigningAndVerificationTests;
			sourceTree = "<group>";
		};
		48F242F520F7DD0500FB36DF /* CommonCurves */ = {
			isa = PBXGroup;
			children = (
				48F242F620F7DD2200FB36DF /* Secp256k1.swift */,
				4898EDFE20FA243E00B6F773 /* Secp256r1.swift */,
				48A5541C2100F0F900A4B7FB /* Curve25519.swift */,
			);
			path = CommonCurves;
			sourceTree = "<group>";
		};
		48FFD74D21503844000F6D78 /* HMAC_DRBG */ = {
			isa = PBXGroup;
			children = (
				48FFD74B21503836000F6D78 /* HMAC_DRBG.swift */,
				48FFD74E2150385D000F6D78 /* KeyValue.swift */,
				48FFD7502150387E000F6D78 /* DataConvertible.swift */,
			);
			path = HMAC_DRBG;
			sourceTree = "<group>";
		};
		48FFD75821503932000F6D78 /* HMAC_DRBG_Tests */ = {
			isa = PBXGroup;
			children = (
				48FFD7592150393E000F6D78 /* TestVector.swift */,
				48FFD75B2150394E000F6D78 /* TestVectorStrings.swift */,
				48FFD75F21503980000F6D78 /* TestJSON.swift */,
			);
			path = HMAC_DRBG_Tests;
			sourceTree = "<group>";
		};
		79B6DC572F28656C640E4CB4 /* Frameworks */ = {
			isa = PBXGroup;
			children = (
				48924EC4214EB86600B72AF2 /* BigInt.framework */,
				FB05E5D6380021B20834BC53 /* Pods_EllipticCurveKit.framework */,
				2187DE6D6CB87F3AD861F438 /* Pods_EllipticCurveKitTests.framework */,
			);
			name = Frameworks;
			sourceTree = "<group>";
		};
		A75A8F8B4AAB19DF076A9FB1 /* Pods */ = {
			isa = PBXGroup;
			children = (
				D9F35C160A80EFA5D408A8CD /* Pods-EllipticCurveKit.debug.xcconfig */,
				0FD66A73CDF334CD1BBAA777 /* Pods-EllipticCurveKit.release.xcconfig */,
				EC67AD2005093425E63E3468 /* Pods-EllipticCurveKit.fasttestable.xcconfig */,
				7447D691EE2EB88C5886E27E /* Pods-EllipticCurveKitTests.debug.xcconfig */,
				1FBBDA8D54022F783D36749E /* Pods-EllipticCurveKitTests.release.xcconfig */,
				1853B0E938135C038AAE0660 /* Pods-EllipticCurveKitTests.fasttestable.xcconfig */,
			);
			name = Pods;
			sourceTree = "<group>";
		};
/* End PBXGroup section */

/* Begin PBXHeadersBuildPhase section */
		48F22C8A20C70D87004A18CA /* Headers */ = {
			isa = PBXHeadersBuildPhase;
			buildActionMask = 2147483647;
			files = (
				48F22CAA20C70DC9004A18CA /* EllipticCurveKit.h in Headers */,
			);
			runOnlyForDeploymentPostprocessing = 0;
		};
/* End PBXHeadersBuildPhase section */

/* Begin PBXNativeTarget section */
		48F22C8C20C70D87004A18CA /* EllipticCurveKit */ = {
			isa = PBXNativeTarget;
			buildConfigurationList = 48F22CA120C70D88004A18CA /* Build configuration list for PBXNativeTarget "EllipticCurveKit" */;
			buildPhases = (
				4FC7F06DEB052F2C2B54A5A7 /* [CP] Check Pods Manifest.lock */,
				48F22C8820C70D87004A18CA /* Sources */,
				48F22C8920C70D87004A18CA /* Frameworks */,
				48F22C8A20C70D87004A18CA /* Headers */,
				48F22C8B20C70D87004A18CA /* Resources */,
			);
			buildRules = (
			);
			dependencies = (
			);
			name = EllipticCurveKit;
			productName = EllipticCurveKit;
			productReference = 48F22C8D20C70D87004A18CA /* EllipticCurveKit.framework */;
			productType = "com.apple.product-type.framework";
		};
		48F22C9520C70D87004A18CA /* EllipticCurveKitTests */ = {
			isa = PBXNativeTarget;
			buildConfigurationList = 48F22CA420C70D88004A18CA /* Build configuration list for PBXNativeTarget "EllipticCurveKitTests" */;
			buildPhases = (
				AA48E44C053E33A186F453A0 /* [CP] Check Pods Manifest.lock */,
				48F22C9220C70D87004A18CA /* Sources */,
				48F22C9320C70D87004A18CA /* Frameworks */,
				48F22C9420C70D87004A18CA /* Resources */,
				474AAD2835749ACCF6811AE1 /* [CP] Embed Pods Frameworks */,
			);
			buildRules = (
			);
			dependencies = (
				48F22C9920C70D88004A18CA /* PBXTargetDependency */,
			);
			name = EllipticCurveKitTests;
			productName = EllipticCurveKitTests;
			productReference = 48F22C9620C70D87004A18CA /* EllipticCurveKitTests.xctest */;
			productType = "com.apple.product-type.bundle.unit-test";
		};
/* End PBXNativeTarget section */

/* Begin PBXProject section */
		48F22C8420C70D87004A18CA /* Project object */ = {
			isa = PBXProject;
			attributes = {
				LastSwiftUpdateCheck = 0930;
				LastUpgradeCheck = 0930;
				ORGANIZATIONNAME = "Alexander Cyon";
				TargetAttributes = {
					48F22C8C20C70D87004A18CA = {
						CreatedOnToolsVersion = 9.3;
						LastSwiftMigration = 1000;
					};
					48F22C9520C70D87004A18CA = {
						CreatedOnToolsVersion = 9.3;
						LastSwiftMigration = 1000;
					};
				};
			};
			buildConfigurationList = 48F22C8720C70D87004A18CA /* Build configuration list for PBXProject "EllipticCurveKit" */;
			compatibilityVersion = "Xcode 9.3";
			developmentRegion = en;
			hasScannedForEncodings = 0;
			knownRegions = (
				en,
			);
			mainGroup = 48F22C8320C70D87004A18CA;
			productRefGroup = 48F22C8E20C70D87004A18CA /* Products */;
			projectDirPath = "";
			projectRoot = "";
			targets = (
				48F22C8C20C70D87004A18CA /* EllipticCurveKit */,
				48F22C9520C70D87004A18CA /* EllipticCurveKitTests */,
			);
		};
/* End PBXProject section */

/* Begin PBXResourcesBuildPhase section */
		48F22C8B20C70D87004A18CA /* Resources */ = {
			isa = PBXResourcesBuildPhase;
			buildActionMask = 2147483647;
			files = (
			);
			runOnlyForDeploymentPostprocessing = 0;
		};
		48F22C9420C70D87004A18CA /* Resources */ = {
			isa = PBXResourcesBuildPhase;
			buildActionMask = 2147483647;
			files = (
				48924EC0214E5C3100B72AF2 /* no_additional_data.json in Resources */,
				48924EBB214E5C3100B72AF2 /* hmac_drbg_nist_no_prediction_resistance_reseed.json in Resources */,
				48924EBF214E5C3100B72AF2 /* additional_data.json in Resources */,
			);
			runOnlyForDeploymentPostprocessing = 0;
		};
/* End PBXResourcesBuildPhase section */

/* Begin PBXShellScriptBuildPhase section */
		474AAD2835749ACCF6811AE1 /* [CP] Embed Pods Frameworks */ = {
			isa = PBXShellScriptBuildPhase;
			buildActionMask = 2147483647;
			files = (
			);
			inputPaths = (
				"${SRCROOT}/Pods/Target Support Files/Pods-EllipticCurveKitTests/Pods-EllipticCurveKitTests-frameworks.sh",
				"${BUILT_PRODUCTS_DIR}/BigInt-iOS11.3/BigInt.framework",
				"${BUILT_PRODUCTS_DIR}/CryptoSwift-iOS11.3/CryptoSwift.framework",
				"${BUILT_PRODUCTS_DIR}/SipHash-iOS11.3/SipHash.framework",
			);
			name = "[CP] Embed Pods Frameworks";
			outputPaths = (
				"${TARGET_BUILD_DIR}/${FRAMEWORKS_FOLDER_PATH}/BigInt.framework",
				"${TARGET_BUILD_DIR}/${FRAMEWORKS_FOLDER_PATH}/CryptoSwift.framework",
				"${TARGET_BUILD_DIR}/${FRAMEWORKS_FOLDER_PATH}/SipHash.framework",
			);
			runOnlyForDeploymentPostprocessing = 0;
			shellPath = /bin/sh;
			shellScript = "\"${SRCROOT}/Pods/Target Support Files/Pods-EllipticCurveKitTests/Pods-EllipticCurveKitTests-frameworks.sh\"\n";
			showEnvVarsInLog = 0;
		};
		4FC7F06DEB052F2C2B54A5A7 /* [CP] Check Pods Manifest.lock */ = {
			isa = PBXShellScriptBuildPhase;
			buildActionMask = 2147483647;
			files = (
			);
			inputPaths = (
				"${PODS_PODFILE_DIR_PATH}/Podfile.lock",
				"${PODS_ROOT}/Manifest.lock",
			);
			name = "[CP] Check Pods Manifest.lock";
			outputPaths = (
				"$(DERIVED_FILE_DIR)/Pods-EllipticCurveKit-checkManifestLockResult.txt",
			);
			runOnlyForDeploymentPostprocessing = 0;
			shellPath = /bin/sh;
			shellScript = "diff \"${PODS_PODFILE_DIR_PATH}/Podfile.lock\" \"${PODS_ROOT}/Manifest.lock\" > /dev/null\nif [ $? != 0 ] ; then\n    # print error to STDERR\n    echo \"error: The sandbox is not in sync with the Podfile.lock. Run 'pod install' or update your CocoaPods installation.\" >&2\n    exit 1\nfi\n# This output is used by Xcode 'outputs' to avoid re-running this script phase.\necho \"SUCCESS\" > \"${SCRIPT_OUTPUT_FILE_0}\"\n";
			showEnvVarsInLog = 0;
		};
		AA48E44C053E33A186F453A0 /* [CP] Check Pods Manifest.lock */ = {
			isa = PBXShellScriptBuildPhase;
			buildActionMask = 2147483647;
			files = (
			);
			inputPaths = (
				"${PODS_PODFILE_DIR_PATH}/Podfile.lock",
				"${PODS_ROOT}/Manifest.lock",
			);
			name = "[CP] Check Pods Manifest.lock";
			outputPaths = (
				"$(DERIVED_FILE_DIR)/Pods-EllipticCurveKitTests-checkManifestLockResult.txt",
			);
			runOnlyForDeploymentPostprocessing = 0;
			shellPath = /bin/sh;
			shellScript = "diff \"${PODS_PODFILE_DIR_PATH}/Podfile.lock\" \"${PODS_ROOT}/Manifest.lock\" > /dev/null\nif [ $? != 0 ] ; then\n    # print error to STDERR\n    echo \"error: The sandbox is not in sync with the Podfile.lock. Run 'pod install' or update your CocoaPods installation.\" >&2\n    exit 1\nfi\n# This output is used by Xcode 'outputs' to avoid re-running this script phase.\necho \"SUCCESS\" > \"${SCRIPT_OUTPUT_FILE_0}\"\n";
			showEnvVarsInLog = 0;
		};
/* End PBXShellScriptBuildPhase section */

/* Begin PBXSourcesBuildPhase section */
		48F22C8820C70D87004A18CA /* Sources */ = {
			isa = PBXSourcesBuildPhase;
			buildActionMask = 2147483647;
			files = (
				48D1101E20F3D832005A212A /* PublicAddress.swift in Sources */,
				48A5541F2100F31400A4B7FB /* ECDSA.swift in Sources */,
				48B6284620FA0E2C00001BDC /* EllipticCurvePoint.swift in Sources */,
				48F242F820F7DD2600FB36DF /* Secp256k1.swift in Sources */,
				48CCEE6E2104ECFD00E0EE34 /* DER.swift in Sources */,
				48A19CE22107C4A5005FF9F1 /* Neo.swift in Sources */,
				4898EDFF20FA243E00B6F773 /* Secp256r1.swift in Sources */,
				48D1101C20F3D812005A212A /* PrivateKeyWIF.swift in Sources */,
				48B94BEA20F3F4BC0041389D /* Data_Extension.swift in Sources */,
				48B94BEC20F3F4D50041389D /* AffinePoint.swift in Sources */,
				48B94BE520F3F2A50041389D /* Signature.swift in Sources */,
				488A657B215538B50091FD03 /* HMAC.swift in Sources */,
				48FFD7512150387E000F6D78 /* DataConvertible.swift in Sources */,
				48A19CD32107C405005FF9F1 /* Address.swift in Sources */,
				489119A620F209C400F86528 /* Number.swift in Sources */,
				48D1101820F3D7BA005A212A /* PublicKey.swift in Sources */,
				48B6284420FA0DC400001BDC /* EllipticCurve.swift in Sources */,
				48B4882220E90FC2004C7B7D /* RIPEMD160.swift in Sources */,
				4848A04220FD312F004BC02C /* Schnorr.swift in Sources */,
				48A5541D2100F0F900A4B7FB /* Curve25519.swift in Sources */,
				48687FB020F7E54500F2AFA4 /* JacobianPoint.swift in Sources */,
				48A554262101233100A4B7FB /* SignatureNonce+RFC-6979.swift in Sources */,
				488A6575215537A90091FD03 /* HashFunction.swift in Sources */,
				48A19CE02107C493005FF9F1 /* Zilliqa.swift in Sources */,
				48A19CCE2107681E005FF9F1 /* SecureRandom.swift in Sources */,
				489119A520F209BA00F86528 /* AnyKeyGenerator.swift in Sources */,
				48A19CD021076B6E005FF9F1 /* KeychainStatus.swift in Sources */,
				48B4882320E90FC2004C7B7D /* Base58.swift in Sources */,
				48A19CD92107C44F005FF9F1 /* DistributedSystem.swift in Sources */,
				48A19CDB2107C462005FF9F1 /* NetworkInformation.swift in Sources */,
				48FFD74C21503836000F6D78 /* HMAC_DRBG.swift in Sources */,
				48B94BE720F3F2B10041389D /* Message.swift in Sources */,
				48B4882020E90FC2004C7B7D /* Crypto.swift in Sources */,
				4885ABA820F77ECB00115FE0 /* KeyPair.swift in Sources */,
				488A65792155389A0091FD03 /* Hasher.swift in Sources */,
				48FFD74F2150385D000F6D78 /* KeyValue.swift in Sources */,
				48D1101A20F3D7E3005A212A /* PrivateKey.swift in Sources */,
				4885ABAA20F77EE600115FE0 /* Wallet.swift in Sources */,
				488A65772155388B0091FD03 /* Hashing.swift in Sources */,
				4848A03F20FD2983004BC02C /* AnyKeySigner.swift in Sources */,
				48C3A4F8210B9F6A00282E1C /* EllipticCurveForm.swift in Sources */,
				4885ABA620F77D6B00115FE0 /* Signing.swift in Sources */,
				48A19CD62107C42C005FF9F1 /* WIFFormatter.swift in Sources */,
				48A19CDE2107C481005FF9F1 /* Bitcoin.swift in Sources */,
				48EB888020FF2D5900974DF9 /* ModularInverse.swift in Sources */,
			);
			runOnlyForDeploymentPostprocessing = 0;
		};
		48F22C9220C70D87004A18CA /* Sources */ = {
			isa = PBXSourcesBuildPhase;
			buildActionMask = 2147483647;
			files = (
				489119AB20F268C700F86528 /* SHA2Tests.swift in Sources */,
				4898EE0420FA272900B6F773 /* Secp256r1_PointArthmeticTests.swift in Sources */,
				48FFD76221503A50000F6D78 /* TestJSON.swift in Sources */,
				48FFD75E2150395A000F6D78 /* TestVector.swift in Sources */,
				48AC5CF820FF3F1F00AE4B77 /* MultipliplicationPerformanceSecp256r1Tests.swift in Sources */,
				48F242F020F7D31200FB36DF /* PrivateKeyBase64EncodingDecodingTests.swift in Sources */,
				48AC5D2620FF944E00AE4B77 /* MultipliplicationPerformanceSecp256k1Tests.swift in Sources */,
				48FFD75D21503952000F6D78 /* TestVectorStrings.swift in Sources */,
				48924EA7214D32D800B72AF2 /* HMAC_DRBG_Tests.swift in Sources */,
				489119AE20F26C4100F86528 /* CreatePublicKeyFromPrivateKeyTests.swift in Sources */,
				48A5542521011D0600A4B7FB /* ECDSATests.swift in Sources */,
				487E2E5B20F7E0F800D6CE8E /* SigningAndVerificationTests.swift in Sources */,
			);
			runOnlyForDeploymentPostprocessing = 0;
		};
/* End PBXSourcesBuildPhase section */

/* Begin PBXTargetDependency section */
		48F22C9920C70D88004A18CA /* PBXTargetDependency */ = {
			isa = PBXTargetDependency;
			target = 48F22C8C20C70D87004A18CA /* EllipticCurveKit */;
			targetProxy = 48F22C9820C70D88004A18CA /* PBXContainerItemProxy */;
		};
/* End PBXTargetDependency section */

/* Begin XCBuildConfiguration section */
		48B5FCF820FF339E007629C6 /* FastTestable */ = {
			isa = XCBuildConfiguration;
			buildSettings = {
				ALWAYS_SEARCH_USER_PATHS = NO;
				CLANG_ANALYZER_NONNULL = YES;
				CLANG_ANALYZER_NUMBER_OBJECT_CONVERSION = YES_AGGRESSIVE;
				CLANG_CXX_LANGUAGE_STANDARD = "gnu++14";
				CLANG_CXX_LIBRARY = "libc++";
				CLANG_ENABLE_MODULES = YES;
				CLANG_ENABLE_OBJC_ARC = YES;
				CLANG_ENABLE_OBJC_WEAK = YES;
				CLANG_WARN_BLOCK_CAPTURE_AUTORELEASING = YES;
				CLANG_WARN_BOOL_CONVERSION = YES;
				CLANG_WARN_COMMA = YES;
				CLANG_WARN_CONSTANT_CONVERSION = YES;
				CLANG_WARN_DEPRECATED_OBJC_IMPLEMENTATIONS = YES;
				CLANG_WARN_DIRECT_OBJC_ISA_USAGE = YES_ERROR;
				CLANG_WARN_DOCUMENTATION_COMMENTS = YES;
				CLANG_WARN_EMPTY_BODY = YES;
				CLANG_WARN_ENUM_CONVERSION = YES;
				CLANG_WARN_INFINITE_RECURSION = YES;
				CLANG_WARN_INT_CONVERSION = YES;
				CLANG_WARN_NON_LITERAL_NULL_CONVERSION = YES;
				CLANG_WARN_OBJC_IMPLICIT_RETAIN_SELF = YES;
				CLANG_WARN_OBJC_LITERAL_CONVERSION = YES;
				CLANG_WARN_OBJC_ROOT_CLASS = YES_ERROR;
				CLANG_WARN_RANGE_LOOP_ANALYSIS = YES;
				CLANG_WARN_STRICT_PROTOTYPES = YES;
				CLANG_WARN_SUSPICIOUS_MOVE = YES;
				CLANG_WARN_UNGUARDED_AVAILABILITY = YES_AGGRESSIVE;
				CLANG_WARN_UNREACHABLE_CODE = YES;
				CLANG_WARN__DUPLICATE_METHOD_MATCH = YES;
				CODE_SIGN_IDENTITY = "iPhone Developer";
				COPY_PHASE_STRIP = NO;
				CURRENT_PROJECT_VERSION = 1;
				DEBUG_INFORMATION_FORMAT = "dwarf-with-dsym";
				ENABLE_NS_ASSERTIONS = NO;
				ENABLE_STRICT_OBJC_MSGSEND = YES;
				ENABLE_TESTABILITY = YES;
				GCC_C_LANGUAGE_STANDARD = gnu11;
				GCC_NO_COMMON_BLOCKS = YES;
				GCC_WARN_64_TO_32_BIT_CONVERSION = YES;
				GCC_WARN_ABOUT_RETURN_TYPE = YES_ERROR;
				GCC_WARN_UNDECLARED_SELECTOR = YES;
				GCC_WARN_UNINITIALIZED_AUTOS = YES_AGGRESSIVE;
				GCC_WARN_UNUSED_FUNCTION = YES;
				GCC_WARN_UNUSED_VARIABLE = YES;
				IPHONEOS_DEPLOYMENT_TARGET = 11.3;
				MTL_ENABLE_DEBUG_INFO = NO;
				PRODUCT_NAME = EllipticCurveKit;
				SDKROOT = iphoneos;
				SWIFT_COMPILATION_MODE = wholemodule;
				SWIFT_INCLUDE_PATHS = Source/SupportingFiles;
				SWIFT_VERSION = 4.2;
				VERSIONING_SYSTEM = "apple-generic";
				VERSION_INFO_PREFIX = "";
			};
			name = FastTestable;
		};
		48B5FCF920FF339E007629C6 /* FastTestable */ = {
			isa = XCBuildConfiguration;
			baseConfigurationReference = EC67AD2005093425E63E3468 /* Pods-EllipticCurveKit.fasttestable.xcconfig */;
			buildSettings = {
				CLANG_ENABLE_MODULES = YES;
				CODE_SIGN_IDENTITY = "";
				CODE_SIGN_STYLE = Manual;
				DEFINES_MODULE = YES;
				DEVELOPMENT_TEAM = "";
				DYLIB_COMPATIBILITY_VERSION = 1;
				DYLIB_CURRENT_VERSION = 1;
				DYLIB_INSTALL_NAME_BASE = "@rpath";
				GCC_OPTIMIZATION_LEVEL = 1;
				INFOPLIST_FILE = Source/SupportingFiles/Info.plist;
				INSTALL_PATH = "$(LOCAL_LIBRARY_DIR)/Frameworks";
				LD_RUNPATH_SEARCH_PATHS = (
					"$(inherited)",
					"@executable_path/Frameworks",
					"@loader_path/Frameworks",
				);
				PRODUCT_BUNDLE_IDENTIFIER = cyon.alex.EllipticCurveKit;
				PROVISIONING_PROFILE_SPECIFIER = "";
				SKIP_INSTALL = YES;
				SWIFT_OPTIMIZATION_LEVEL = "-Onone";
				SWIFT_VERSION = 4.2;
				TARGETED_DEVICE_FAMILY = "1,2";
			};
			name = FastTestable;
		};
		48B5FCFA20FF339E007629C6 /* FastTestable */ = {
			isa = XCBuildConfiguration;
			baseConfigurationReference = 1853B0E938135C038AAE0660 /* Pods-EllipticCurveKitTests.fasttestable.xcconfig */;
			buildSettings = {
				ALWAYS_EMBED_SWIFT_STANDARD_LIBRARIES = YES;
				CODE_SIGN_STYLE = Manual;
				DEVELOPMENT_TEAM = "";
				GCC_OPTIMIZATION_LEVEL = 1;
				INFOPLIST_FILE = Tests/Info.plist;
				LD_RUNPATH_SEARCH_PATHS = (
					"$(inherited)",
					"@executable_path/Frameworks",
					"@loader_path/Frameworks",
				);
				PRODUCT_BUNDLE_IDENTIFIER = cyon.alex.EllipticCurveKitTests;
				PRODUCT_NAME = "$(TARGET_NAME)";
				PROVISIONING_PROFILE_SPECIFIER = "";
				SWIFT_OPTIMIZATION_LEVEL = "-Onone";
				SWIFT_VERSION = 4.2;
				TARGETED_DEVICE_FAMILY = "1,2";
			};
			name = FastTestable;
		};
		48F22C9F20C70D88004A18CA /* Debug */ = {
			isa = XCBuildConfiguration;
			buildSettings = {
				ALWAYS_SEARCH_USER_PATHS = NO;
				CLANG_ANALYZER_NONNULL = YES;
				CLANG_ANALYZER_NUMBER_OBJECT_CONVERSION = YES_AGGRESSIVE;
				CLANG_CXX_LANGUAGE_STANDARD = "gnu++14";
				CLANG_CXX_LIBRARY = "libc++";
				CLANG_ENABLE_MODULES = YES;
				CLANG_ENABLE_OBJC_ARC = YES;
				CLANG_ENABLE_OBJC_WEAK = YES;
				CLANG_WARN_BLOCK_CAPTURE_AUTORELEASING = YES;
				CLANG_WARN_BOOL_CONVERSION = YES;
				CLANG_WARN_COMMA = YES;
				CLANG_WARN_CONSTANT_CONVERSION = YES;
				CLANG_WARN_DEPRECATED_OBJC_IMPLEMENTATIONS = YES;
				CLANG_WARN_DIRECT_OBJC_ISA_USAGE = YES_ERROR;
				CLANG_WARN_DOCUMENTATION_COMMENTS = YES;
				CLANG_WARN_EMPTY_BODY = YES;
				CLANG_WARN_ENUM_CONVERSION = YES;
				CLANG_WARN_INFINITE_RECURSION = YES;
				CLANG_WARN_INT_CONVERSION = YES;
				CLANG_WARN_NON_LITERAL_NULL_CONVERSION = YES;
				CLANG_WARN_OBJC_IMPLICIT_RETAIN_SELF = YES;
				CLANG_WARN_OBJC_LITERAL_CONVERSION = YES;
				CLANG_WARN_OBJC_ROOT_CLASS = YES_ERROR;
				CLANG_WARN_RANGE_LOOP_ANALYSIS = YES;
				CLANG_WARN_STRICT_PROTOTYPES = YES;
				CLANG_WARN_SUSPICIOUS_MOVE = YES;
				CLANG_WARN_UNGUARDED_AVAILABILITY = YES_AGGRESSIVE;
				CLANG_WARN_UNREACHABLE_CODE = YES;
				CLANG_WARN__DUPLICATE_METHOD_MATCH = YES;
				CODE_SIGN_IDENTITY = "iPhone Developer";
				COPY_PHASE_STRIP = NO;
				CURRENT_PROJECT_VERSION = 1;
				DEBUG_INFORMATION_FORMAT = dwarf;
				ENABLE_STRICT_OBJC_MSGSEND = YES;
				ENABLE_TESTABILITY = YES;
				GCC_C_LANGUAGE_STANDARD = gnu11;
				GCC_DYNAMIC_NO_PIC = NO;
				GCC_NO_COMMON_BLOCKS = YES;
				GCC_OPTIMIZATION_LEVEL = 0;
				GCC_PREPROCESSOR_DEFINITIONS = (
					"DEBUG=1",
					"$(inherited)",
				);
				GCC_WARN_64_TO_32_BIT_CONVERSION = YES;
				GCC_WARN_ABOUT_RETURN_TYPE = YES_ERROR;
				GCC_WARN_UNDECLARED_SELECTOR = YES;
				GCC_WARN_UNINITIALIZED_AUTOS = YES_AGGRESSIVE;
				GCC_WARN_UNUSED_FUNCTION = YES;
				GCC_WARN_UNUSED_VARIABLE = YES;
				IPHONEOS_DEPLOYMENT_TARGET = 11.3;
				MTL_ENABLE_DEBUG_INFO = YES;
				ONLY_ACTIVE_ARCH = YES;
				PRODUCT_NAME = EllipticCurveKit;
				SDKROOT = iphoneos;
				SWIFT_ACTIVE_COMPILATION_CONDITIONS = DEBUG;
				SWIFT_INCLUDE_PATHS = Source/SupportingFiles;
				SWIFT_VERSION = 4.2;
				VERSIONING_SYSTEM = "apple-generic";
				VERSION_INFO_PREFIX = "";
			};
			name = Debug;
		};
		48F22CA020C70D88004A18CA /* Release */ = {
			isa = XCBuildConfiguration;
			buildSettings = {
				ALWAYS_SEARCH_USER_PATHS = NO;
				CLANG_ANALYZER_NONNULL = YES;
				CLANG_ANALYZER_NUMBER_OBJECT_CONVERSION = YES_AGGRESSIVE;
				CLANG_CXX_LANGUAGE_STANDARD = "gnu++14";
				CLANG_CXX_LIBRARY = "libc++";
				CLANG_ENABLE_MODULES = YES;
				CLANG_ENABLE_OBJC_ARC = YES;
				CLANG_ENABLE_OBJC_WEAK = YES;
				CLANG_WARN_BLOCK_CAPTURE_AUTORELEASING = YES;
				CLANG_WARN_BOOL_CONVERSION = YES;
				CLANG_WARN_COMMA = YES;
				CLANG_WARN_CONSTANT_CONVERSION = YES;
				CLANG_WARN_DEPRECATED_OBJC_IMPLEMENTATIONS = YES;
				CLANG_WARN_DIRECT_OBJC_ISA_USAGE = YES_ERROR;
				CLANG_WARN_DOCUMENTATION_COMMENTS = YES;
				CLANG_WARN_EMPTY_BODY = YES;
				CLANG_WARN_ENUM_CONVERSION = YES;
				CLANG_WARN_INFINITE_RECURSION = YES;
				CLANG_WARN_INT_CONVERSION = YES;
				CLANG_WARN_NON_LITERAL_NULL_CONVERSION = YES;
				CLANG_WARN_OBJC_IMPLICIT_RETAIN_SELF = YES;
				CLANG_WARN_OBJC_LITERAL_CONVERSION = YES;
				CLANG_WARN_OBJC_ROOT_CLASS = YES_ERROR;
				CLANG_WARN_RANGE_LOOP_ANALYSIS = YES;
				CLANG_WARN_STRICT_PROTOTYPES = YES;
				CLANG_WARN_SUSPICIOUS_MOVE = YES;
				CLANG_WARN_UNGUARDED_AVAILABILITY = YES_AGGRESSIVE;
				CLANG_WARN_UNREACHABLE_CODE = YES;
				CLANG_WARN__DUPLICATE_METHOD_MATCH = YES;
				CODE_SIGN_IDENTITY = "iPhone Developer";
				COPY_PHASE_STRIP = NO;
				CURRENT_PROJECT_VERSION = 1;
				DEBUG_INFORMATION_FORMAT = "dwarf-with-dsym";
				ENABLE_NS_ASSERTIONS = NO;
				ENABLE_STRICT_OBJC_MSGSEND = YES;
				GCC_C_LANGUAGE_STANDARD = gnu11;
				GCC_NO_COMMON_BLOCKS = YES;
				GCC_WARN_64_TO_32_BIT_CONVERSION = YES;
				GCC_WARN_ABOUT_RETURN_TYPE = YES_ERROR;
				GCC_WARN_UNDECLARED_SELECTOR = YES;
				GCC_WARN_UNINITIALIZED_AUTOS = YES_AGGRESSIVE;
				GCC_WARN_UNUSED_FUNCTION = YES;
				GCC_WARN_UNUSED_VARIABLE = YES;
				IPHONEOS_DEPLOYMENT_TARGET = 11.3;
				MTL_ENABLE_DEBUG_INFO = NO;
				PRODUCT_NAME = EllipticCurveKit;
				SDKROOT = iphoneos;
				SWIFT_COMPILATION_MODE = wholemodule;
				SWIFT_INCLUDE_PATHS = Source/SupportingFiles;
				SWIFT_VERSION = 4.2;
				VALIDATE_PRODUCT = YES;
				VERSIONING_SYSTEM = "apple-generic";
				VERSION_INFO_PREFIX = "";
			};
			name = Release;
		};
		48F22CA220C70D88004A18CA /* Debug */ = {
			isa = XCBuildConfiguration;
			baseConfigurationReference = D9F35C160A80EFA5D408A8CD /* Pods-EllipticCurveKit.debug.xcconfig */;
			buildSettings = {
				CLANG_ENABLE_MODULES = YES;
				CODE_SIGN_IDENTITY = "";
				CODE_SIGN_STYLE = Manual;
				DEFINES_MODULE = YES;
				DEVELOPMENT_TEAM = "";
				DYLIB_COMPATIBILITY_VERSION = 1;
				DYLIB_CURRENT_VERSION = 1;
				DYLIB_INSTALL_NAME_BASE = "@rpath";
				INFOPLIST_FILE = Source/SupportingFiles/Info.plist;
				INSTALL_PATH = "$(LOCAL_LIBRARY_DIR)/Frameworks";
				LD_RUNPATH_SEARCH_PATHS = (
					"$(inherited)",
					"@executable_path/Frameworks",
					"@loader_path/Frameworks",
				);
				PRODUCT_BUNDLE_IDENTIFIER = cyon.alex.EllipticCurveKit;
				PROVISIONING_PROFILE_SPECIFIER = "";
				SKIP_INSTALL = YES;
				SWIFT_VERSION = 4.2;
				TARGETED_DEVICE_FAMILY = "1,2";
			};
			name = Debug;
		};
		48F22CA320C70D88004A18CA /* Release */ = {
			isa = XCBuildConfiguration;
			baseConfigurationReference = 0FD66A73CDF334CD1BBAA777 /* Pods-EllipticCurveKit.release.xcconfig */;
			buildSettings = {
				CLANG_ENABLE_MODULES = YES;
				CODE_SIGN_IDENTITY = "";
				CODE_SIGN_STYLE = Manual;
				DEFINES_MODULE = YES;
				DEVELOPMENT_TEAM = "";
				DYLIB_COMPATIBILITY_VERSION = 1;
				DYLIB_CURRENT_VERSION = 1;
				DYLIB_INSTALL_NAME_BASE = "@rpath";
				INFOPLIST_FILE = Source/SupportingFiles/Info.plist;
				INSTALL_PATH = "$(LOCAL_LIBRARY_DIR)/Frameworks";
				LD_RUNPATH_SEARCH_PATHS = (
					"$(inherited)",
					"@executable_path/Frameworks",
					"@loader_path/Frameworks",
				);
				PRODUCT_BUNDLE_IDENTIFIER = cyon.alex.EllipticCurveKit;
				PROVISIONING_PROFILE_SPECIFIER = "";
				SKIP_INSTALL = YES;
				SWIFT_VERSION = 4.2;
				TARGETED_DEVICE_FAMILY = "1,2";
			};
			name = Release;
		};
		48F22CA520C70D88004A18CA /* Debug */ = {
			isa = XCBuildConfiguration;
			baseConfigurationReference = 7447D691EE2EB88C5886E27E /* Pods-EllipticCurveKitTests.debug.xcconfig */;
			buildSettings = {
				ALWAYS_EMBED_SWIFT_STANDARD_LIBRARIES = YES;
				CODE_SIGN_STYLE = Manual;
				DEVELOPMENT_TEAM = "";
				INFOPLIST_FILE = Tests/Info.plist;
				LD_RUNPATH_SEARCH_PATHS = (
					"$(inherited)",
					"@executable_path/Frameworks",
					"@loader_path/Frameworks",
				);
				ONLY_ACTIVE_ARCH = NO;
				PRODUCT_BUNDLE_IDENTIFIER = cyon.alex.EllipticCurveKitTests;
				PRODUCT_NAME = "$(TARGET_NAME)";
				PROVISIONING_PROFILE_SPECIFIER = "";
				SWIFT_VERSION = 4.2;
				TARGETED_DEVICE_FAMILY = "1,2";
			};
			name = Debug;
		};
		48F22CA620C70D88004A18CA /* Release */ = {
			isa = XCBuildConfiguration;
			baseConfigurationReference = 1FBBDA8D54022F783D36749E /* Pods-EllipticCurveKitTests.release.xcconfig */;
			buildSettings = {
				ALWAYS_EMBED_SWIFT_STANDARD_LIBRARIES = YES;
				CODE_SIGN_STYLE = Manual;
				DEVELOPMENT_TEAM = "";
				INFOPLIST_FILE = Tests/Info.plist;
				LD_RUNPATH_SEARCH_PATHS = (
					"$(inherited)",
					"@executable_path/Frameworks",
					"@loader_path/Frameworks",
				);
				PRODUCT_BUNDLE_IDENTIFIER = cyon.alex.EllipticCurveKitTests;
				PRODUCT_NAME = "$(TARGET_NAME)";
				PROVISIONING_PROFILE_SPECIFIER = "";
				SWIFT_VERSION = 4.2;
				TARGETED_DEVICE_FAMILY = "1,2";
			};
			name = Release;
		};
/* End XCBuildConfiguration section */

/* Begin XCConfigurationList section */
		48F22C8720C70D87004A18CA /* Build configuration list for PBXProject "EllipticCurveKit" */ = {
			isa = XCConfigurationList;
			buildConfigurations = (
				48F22C9F20C70D88004A18CA /* Debug */,
				48F22CA020C70D88004A18CA /* Release */,
				48B5FCF820FF339E007629C6 /* FastTestable */,
			);
			defaultConfigurationIsVisible = 0;
			defaultConfigurationName = Release;
		};
		48F22CA120C70D88004A18CA /* Build configuration list for PBXNativeTarget "EllipticCurveKit" */ = {
			isa = XCConfigurationList;
			buildConfigurations = (
				48F22CA220C70D88004A18CA /* Debug */,
				48F22CA320C70D88004A18CA /* Release */,
				48B5FCF920FF339E007629C6 /* FastTestable */,
			);
			defaultConfigurationIsVisible = 0;
			defaultConfigurationName = Release;
		};
		48F22CA420C70D88004A18CA /* Build configuration list for PBXNativeTarget "EllipticCurveKitTests" */ = {
			isa = XCConfigurationList;
			buildConfigurations = (
				48F22CA520C70D88004A18CA /* Debug */,
				48F22CA620C70D88004A18CA /* Release */,
				48B5FCFA20FF339E007629C6 /* FastTestable */,
			);
			defaultConfigurationIsVisible = 0;
			defaultConfigurationName = Release;
		};
/* End XCConfigurationList section */
	};
	rootObject = 48F22C8420C70D87004A18CA /* Project object */;
}
