// !$*UTF8*$!
{
	archiveVersion = 1;
	classes = {
	};
	objectVersion = 50;
	objects = {

/* Begin PBXBuildFile section */
		4824B76821123AF100112764 /* AffinePointOnCurve.swift in Sources */ = {isa = PBXBuildFile; fileRef = 4824B76621123AED00112764 /* AffinePointOnCurve.swift */; };
		4824B76921123AF600112764 /* Field.swift in Sources */ = {isa = PBXBuildFile; fileRef = 4824B763211239D900112764 /* Field.swift */; };
		4824B76B21123B0600112764 /* ProjectivePointOnCurve.swift in Sources */ = {isa = PBXBuildFile; fileRef = 4824B76A21123B0600112764 /* ProjectivePointOnCurve.swift */; };
		4824B76D2113104800112764 /* TwoDimensionalPoint.swift in Sources */ = {isa = PBXBuildFile; fileRef = 4824B76C2113104700112764 /* TwoDimensionalPoint.swift */; };
		4824B76F2113105F00112764 /* ThreeDimensionalPoint.swift in Sources */ = {isa = PBXBuildFile; fileRef = 4824B76E2113105F00112764 /* ThreeDimensionalPoint.swift */; };
		4824B772211310A600112764 /* Point.swift in Sources */ = {isa = PBXBuildFile; fileRef = 4824B771211310A600112764 /* Point.swift */; };
		4824B77621132DD800112764 /* JacobianPointOnCurve.swift in Sources */ = {isa = PBXBuildFile; fileRef = 4824B77521132DD800112764 /* JacobianPointOnCurve.swift */; };
		4824B77821132E5B00112764 /* ThreeDimensionalPointOnCurve.swift in Sources */ = {isa = PBXBuildFile; fileRef = 4824B77721132E5B00112764 /* ThreeDimensionalPointOnCurve.swift */; };
		4824B77A21132ED000112764 /* Curve.swift in Sources */ = {isa = PBXBuildFile; fileRef = 4824B77921132ED000112764 /* Curve.swift */; };
		4824B77C21132EEF00112764 /* ShortWeierstraßCurve.swift in Sources */ = {isa = PBXBuildFile; fileRef = 4824B77B21132EEF00112764 /* ShortWeierstraßCurve.swift */; };
		4824B77F2113492400112764 /* MontgomeryCurve.swift in Sources */ = {isa = PBXBuildFile; fileRef = 4824B77E2113492400112764 /* MontgomeryCurve.swift */; };
		4824B7812113492E00112764 /* EdwardsCurve.swift in Sources */ = {isa = PBXBuildFile; fileRef = 4824B7802113492E00112764 /* EdwardsCurve.swift */; };
		4824B7832113493800112764 /* TwistedEdwardsCurve.swift in Sources */ = {isa = PBXBuildFile; fileRef = 4824B7822113493800112764 /* TwistedEdwardsCurve.swift */; };
		4851B42821136331002404AF /* ExpressibleByAffineCoordinates.swift in Sources */ = {isa = PBXBuildFile; fileRef = 4851B42721136331002404AF /* ExpressibleByAffineCoordinates.swift */; };
		4851B42A2113633E002404AF /* ExpressibleByProjectiveCoordinates.swift in Sources */ = {isa = PBXBuildFile; fileRef = 4851B4292113633E002404AF /* ExpressibleByProjectiveCoordinates.swift */; };
		4858F2DA2121AB0D00ECEC93 /* Secp256k1.swift in Sources */ = {isa = PBXBuildFile; fileRef = 48F242F620F7DD2200FB36DF /* Secp256k1.swift */; };
		4858F2DB21220A2300ECEC93 /* Secp256r1.swift in Sources */ = {isa = PBXBuildFile; fileRef = 4898EDFE20FA243E00B6F773 /* Secp256r1.swift */; };
		4858F2DD2122DCCC00ECEC93 /* ShortWeierstrassPointMultiplicationTests.swift in Sources */ = {isa = PBXBuildFile; fileRef = 4824B760210F7BAA00112764 /* ShortWeierstrassPointMultiplicationTests.swift */; };
		48819DE02116037E00BDE952 /* Ed25519.swift in Sources */ = {isa = PBXBuildFile; fileRef = 48819DDF2116037E00BDE952 /* Ed25519.swift */; };
		489096C121137DC5002D0A02 /* Equation.swift in Sources */ = {isa = PBXBuildFile; fileRef = 489096C021137DC5002D0A02 /* Equation.swift */; };
		489119A620F209C400F86528 /* Number.swift in Sources */ = {isa = PBXBuildFile; fileRef = 4891199B20F2097C00F86528 /* Number.swift */; };
		48A19CCE2107681E005FF9F1 /* SecureRandom.swift in Sources */ = {isa = PBXBuildFile; fileRef = 48A19CCD2107681E005FF9F1 /* SecureRandom.swift */; };
		48A19CD021076B6E005FF9F1 /* KeychainStatus.swift in Sources */ = {isa = PBXBuildFile; fileRef = 48A19CCF21076B6E005FF9F1 /* KeychainStatus.swift */; };
		48B4882020E90FC2004C7B7D /* Crypto.swift in Sources */ = {isa = PBXBuildFile; fileRef = 48B4881B20E90FC2004C7B7D /* Crypto.swift */; };
		48B4882220E90FC2004C7B7D /* RIPEMD160.swift in Sources */ = {isa = PBXBuildFile; fileRef = 48B4881E20E90FC2004C7B7D /* RIPEMD160.swift */; };
		48B4882320E90FC2004C7B7D /* Base58.swift in Sources */ = {isa = PBXBuildFile; fileRef = 48B4881F20E90FC2004C7B7D /* Base58.swift */; };
		48B94BEA20F3F4BC0041389D /* Data_Extension.swift in Sources */ = {isa = PBXBuildFile; fileRef = 48B94BE920F3F4BC0041389D /* Data_Extension.swift */; };
		48C3A4FD210DAF6D00282E1C /* SquareRoots.swift in Sources */ = {isa = PBXBuildFile; fileRef = 48C3A4FC210DAF6D00282E1C /* SquareRoots.swift */; };
		48CCEE6E2104ECFD00E0EE34 /* DER.swift in Sources */ = {isa = PBXBuildFile; fileRef = 48CCEE6D2104ECFD00E0EE34 /* DER.swift */; };
		48EB888020FF2D5900974DF9 /* ModularInverse.swift in Sources */ = {isa = PBXBuildFile; fileRef = 48EB887F20FF2D5900974DF9 /* ModularInverse.swift */; };
		48F22C9720C70D88004A18CA /* .framework in Frameworks */ = {isa = PBXBuildFile; fileRef = 48F22C8D20C70D87004A18CA /* .framework */; };
		48F22CAA20C70DC9004A18CA /* EllipticCurveKit.h in Headers */ = {isa = PBXBuildFile; fileRef = 48F22CA820C70DC1004A18CA /* EllipticCurveKit.h */; settings = {ATTRIBUTES = (Public, ); }; };
		48FF10F62122FBE700AA788A /* ECCBase.swift in Sources */ = {isa = PBXBuildFile; fileRef = 48FF10F52122FBE700AA788A /* ECCBase.swift */; };
/* End PBXBuildFile section */

/* Begin PBXContainerItemProxy section */
		48F22C9820C70D88004A18CA /* PBXContainerItemProxy */ = {
			isa = PBXContainerItemProxy;
			containerPortal = 48F22C8420C70D87004A18CA /* Project object */;
			proxyType = 1;
			remoteGlobalIDString = 48F22C8C20C70D87004A18CA;
			remoteInfo = EllipticCurveKit;
		};
/* End PBXContainerItemProxy section */

/* Begin PBXFileReference section */
		4824B760210F7BAA00112764 /* ShortWeierstrassPointMultiplicationTests.swift */ = {isa = PBXFileReference; lastKnownFileType = sourcecode.swift; path = ShortWeierstrassPointMultiplicationTests.swift; sourceTree = "<group>"; };
		4824B763211239D900112764 /* Field.swift */ = {isa = PBXFileReference; lastKnownFileType = sourcecode.swift; path = Field.swift; sourceTree = "<group>"; };
		4824B76621123AED00112764 /* AffinePointOnCurve.swift */ = {isa = PBXFileReference; lastKnownFileType = sourcecode.swift; path = AffinePointOnCurve.swift; sourceTree = "<group>"; };
		4824B76A21123B0600112764 /* ProjectivePointOnCurve.swift */ = {isa = PBXFileReference; lastKnownFileType = sourcecode.swift; path = ProjectivePointOnCurve.swift; sourceTree = "<group>"; };
		4824B76C2113104700112764 /* TwoDimensionalPoint.swift */ = {isa = PBXFileReference; lastKnownFileType = sourcecode.swift; path = TwoDimensionalPoint.swift; sourceTree = "<group>"; };
		4824B76E2113105F00112764 /* ThreeDimensionalPoint.swift */ = {isa = PBXFileReference; lastKnownFileType = sourcecode.swift; path = ThreeDimensionalPoint.swift; sourceTree = "<group>"; };
		4824B771211310A600112764 /* Point.swift */ = {isa = PBXFileReference; lastKnownFileType = sourcecode.swift; path = Point.swift; sourceTree = "<group>"; };
		4824B77521132DD800112764 /* JacobianPointOnCurve.swift */ = {isa = PBXFileReference; lastKnownFileType = sourcecode.swift; path = JacobianPointOnCurve.swift; sourceTree = "<group>"; };
		4824B77721132E5B00112764 /* ThreeDimensionalPointOnCurve.swift */ = {isa = PBXFileReference; lastKnownFileType = sourcecode.swift; path = ThreeDimensionalPointOnCurve.swift; sourceTree = "<group>"; };
		4824B77921132ED000112764 /* Curve.swift */ = {isa = PBXFileReference; lastKnownFileType = sourcecode.swift; path = Curve.swift; sourceTree = "<group>"; };
		4824B77B21132EEF00112764 /* ShortWeierstraßCurve.swift */ = {isa = PBXFileReference; lastKnownFileType = sourcecode.swift; path = "ShortWeierstraßCurve.swift"; sourceTree = "<group>"; };
		4824B77E2113492400112764 /* MontgomeryCurve.swift */ = {isa = PBXFileReference; lastKnownFileType = sourcecode.swift; path = MontgomeryCurve.swift; sourceTree = "<group>"; };
		4824B7802113492E00112764 /* EdwardsCurve.swift */ = {isa = PBXFileReference; lastKnownFileType = sourcecode.swift; path = EdwardsCurve.swift; sourceTree = "<group>"; };
		4824B7822113493800112764 /* TwistedEdwardsCurve.swift */ = {isa = PBXFileReference; lastKnownFileType = sourcecode.swift; path = TwistedEdwardsCurve.swift; sourceTree = "<group>"; };
		482598FC210F14820023E010 /* ModularSquareRootsTests.swift */ = {isa = PBXFileReference; lastKnownFileType = sourcecode.swift; path = ModularSquareRootsTests.swift; sourceTree = "<group>"; };
		482B154220D41083001B437D /* CreatePublicKeyFromPrivateKeyTests.swift */ = {isa = PBXFileReference; lastKnownFileType = sourcecode.swift; path = CreatePublicKeyFromPrivateKeyTests.swift; sourceTree = "<group>"; };
		483C099720F5EF0400C5E2DA /* module.modulemap */ = {isa = PBXFileReference; lastKnownFileType = "sourcecode.module-map"; path = module.modulemap; sourceTree = "<group>"; };
		4847DE052137339B00440F1E /* base_framework.xcconfig */ = {isa = PBXFileReference; lastKnownFileType = text.xcconfig; path = base_framework.xcconfig; sourceTree = "<group>"; };
		4847DE062137339B00440F1E /* ellipticcurvekit_release.xcconfig */ = {isa = PBXFileReference; lastKnownFileType = text.xcconfig; path = ellipticcurvekit_release.xcconfig; sourceTree = "<group>"; };
		4847DE072137339B00440F1E /* ellipticcurvekit_debug.xcconfig */ = {isa = PBXFileReference; lastKnownFileType = text.xcconfig; path = ellipticcurvekit_debug.xcconfig; sourceTree = "<group>"; };
		4847DE082137339B00440F1E /* base_apps.xcconfig */ = {isa = PBXFileReference; lastKnownFileType = text.xcconfig; path = base_apps.xcconfig; sourceTree = "<group>"; };
		4847DE092137339B00440F1E /* base_debug.xcconfig */ = {isa = PBXFileReference; lastKnownFileType = text.xcconfig; path = base_debug.xcconfig; sourceTree = "<group>"; };
		4847DE0A2137339B00440F1E /* debug.xcconfig */ = {isa = PBXFileReference; lastKnownFileType = text.xcconfig; path = debug.xcconfig; sourceTree = "<group>"; };
		4847DE0B2137339B00440F1E /* release.xcconfig */ = {isa = PBXFileReference; lastKnownFileType = text.xcconfig; path = release.xcconfig; sourceTree = "<group>"; };
		4847DE0C2137339B00440F1E /* ellipticcurvekit_tests.xcconfig */ = {isa = PBXFileReference; lastKnownFileType = text.xcconfig; path = ellipticcurvekit_tests.xcconfig; sourceTree = "<group>"; };
		4847DE0D2137339B00440F1E /* test.xcconfig */ = {isa = PBXFileReference; lastKnownFileType = text.xcconfig; path = test.xcconfig; sourceTree = "<group>"; };
		4847DE0E2137339B00440F1E /* base_release.xcconfig */ = {isa = PBXFileReference; lastKnownFileType = text.xcconfig; path = base_release.xcconfig; sourceTree = "<group>"; };
		4847DE0F2137339B00440F1E /* base_shared.xcconfig */ = {isa = PBXFileReference; lastKnownFileType = text.xcconfig; path = base_shared.xcconfig; sourceTree = "<group>"; };
		4847DE102137339B00440F1E /* base_tests.xcconfig */ = {isa = PBXFileReference; lastKnownFileType = text.xcconfig; path = base_tests.xcconfig; sourceTree = "<group>"; };
		4847DE112137339B00440F1E /* ellipticcurvekit.xcconfig */ = {isa = PBXFileReference; lastKnownFileType = text.xcconfig; path = ellipticcurvekit.xcconfig; sourceTree = "<group>"; };
		4848A03E20FD2983004BC02C /* AnyKeySigner.swift */ = {isa = PBXFileReference; lastKnownFileType = sourcecode.swift; path = AnyKeySigner.swift; sourceTree = "<group>"; };
		4848A04120FD312F004BC02C /* Schnorr.swift */ = {isa = PBXFileReference; lastKnownFileType = sourcecode.swift; path = Schnorr.swift; sourceTree = "<group>"; };
		4851B42721136331002404AF /* ExpressibleByAffineCoordinates.swift */ = {isa = PBXFileReference; lastKnownFileType = sourcecode.swift; path = ExpressibleByAffineCoordinates.swift; sourceTree = "<group>"; };
		4851B4292113633E002404AF /* ExpressibleByProjectiveCoordinates.swift */ = {isa = PBXFileReference; lastKnownFileType = sourcecode.swift; path = ExpressibleByProjectiveCoordinates.swift; sourceTree = "<group>"; };
		48819DDF2116037E00BDE952 /* Ed25519.swift */ = {isa = PBXFileReference; lastKnownFileType = sourcecode.swift; path = Ed25519.swift; sourceTree = "<group>"; };
		4885ABA520F77D6B00115FE0 /* Signing.swift */ = {isa = PBXFileReference; lastKnownFileType = sourcecode.swift; path = Signing.swift; sourceTree = "<group>"; };
		4885ABA720F77ECB00115FE0 /* KeyPair.swift */ = {isa = PBXFileReference; lastKnownFileType = sourcecode.swift; path = KeyPair.swift; sourceTree = "<group>"; };
		4885ABA920F77EE600115FE0 /* Wallet.swift */ = {isa = PBXFileReference; lastKnownFileType = sourcecode.swift; path = Wallet.swift; sourceTree = "<group>"; };
		489096C021137DC5002D0A02 /* Equation.swift */ = {isa = PBXFileReference; lastKnownFileType = sourcecode.swift; path = Equation.swift; sourceTree = "<group>"; };
		4891199B20F2097C00F86528 /* Number.swift */ = {isa = PBXFileReference; lastKnownFileType = sourcecode.swift; path = Number.swift; sourceTree = "<group>"; };
		489119A420F209BA00F86528 /* AnyKeyGenerator.swift */ = {isa = PBXFileReference; lastKnownFileType = sourcecode.swift; path = AnyKeyGenerator.swift; sourceTree = "<group>"; };
		489119AA20F268C700F86528 /* SHA2Tests.swift */ = {isa = PBXFileReference; lastKnownFileType = sourcecode.swift; path = SHA2Tests.swift; sourceTree = "<group>"; };
		4898EDFE20FA243E00B6F773 /* Secp256r1.swift */ = {isa = PBXFileReference; lastKnownFileType = sourcecode.swift; path = Secp256r1.swift; sourceTree = "<group>"; };
		4898EE0320FA272900B6F773 /* Secp256r1_PointArthmeticTests.swift */ = {isa = PBXFileReference; lastKnownFileType = sourcecode.swift; path = Secp256r1_PointArthmeticTests.swift; sourceTree = "<group>"; };
		48A19CCD2107681E005FF9F1 /* SecureRandom.swift */ = {isa = PBXFileReference; lastKnownFileType = sourcecode.swift; path = SecureRandom.swift; sourceTree = "<group>"; };
		48A19CCF21076B6E005FF9F1 /* KeychainStatus.swift */ = {isa = PBXFileReference; lastKnownFileType = sourcecode.swift; path = KeychainStatus.swift; sourceTree = "<group>"; };
		48A19CD22107C405005FF9F1 /* Address.swift */ = {isa = PBXFileReference; lastKnownFileType = sourcecode.swift; path = Address.swift; sourceTree = "<group>"; };
		48A19CD52107C42C005FF9F1 /* WIFFormatter.swift */ = {isa = PBXFileReference; lastKnownFileType = sourcecode.swift; path = WIFFormatter.swift; sourceTree = "<group>"; };
		48A19CD82107C44F005FF9F1 /* DistributedSystem.swift */ = {isa = PBXFileReference; lastKnownFileType = sourcecode.swift; path = DistributedSystem.swift; sourceTree = "<group>"; };
		48A19CDA2107C462005FF9F1 /* NetworkInformation.swift */ = {isa = PBXFileReference; lastKnownFileType = sourcecode.swift; path = NetworkInformation.swift; sourceTree = "<group>"; };
		48A19CDD2107C481005FF9F1 /* Bitcoin.swift */ = {isa = PBXFileReference; lastKnownFileType = sourcecode.swift; path = Bitcoin.swift; sourceTree = "<group>"; };
		48A19CDF2107C493005FF9F1 /* Zilliqa.swift */ = {isa = PBXFileReference; lastKnownFileType = sourcecode.swift; path = Zilliqa.swift; sourceTree = "<group>"; };
		48A19CE12107C4A5005FF9F1 /* Neo.swift */ = {isa = PBXFileReference; lastKnownFileType = sourcecode.swift; path = Neo.swift; sourceTree = "<group>"; };
		48A5541C2100F0F900A4B7FB /* Curve25519.swift */ = {isa = PBXFileReference; lastKnownFileType = sourcecode.swift; path = Curve25519.swift; sourceTree = "<group>"; };
		48A5541E2100F31400A4B7FB /* ECDSA.swift */ = {isa = PBXFileReference; lastKnownFileType = sourcecode.swift; path = ECDSA.swift; sourceTree = "<group>"; };
		48A554222101137C00A4B7FB /* SignatureNonce+RFC-6979.swift */ = {isa = PBXFileReference; lastKnownFileType = sourcecode.swift; path = "SignatureNonce+RFC-6979.swift"; sourceTree = "<group>"; };
		48A5542421011D0600A4B7FB /* ECDSATests.swift */ = {isa = PBXFileReference; lastKnownFileType = sourcecode.swift; path = ECDSATests.swift; sourceTree = "<group>"; };
		48AC5CF720FF3F1F00AE4B77 /* MultipliplicationPerformanceSecp256r1Tests.swift */ = {isa = PBXFileReference; lastKnownFileType = sourcecode.swift; path = MultipliplicationPerformanceSecp256r1Tests.swift; sourceTree = "<group>"; };
		48AC5D2520FF944E00AE4B77 /* MultipliplicationPerformanceSecp256k1Tests.swift */ = {isa = PBXFileReference; lastKnownFileType = sourcecode.swift; path = MultipliplicationPerformanceSecp256k1Tests.swift; sourceTree = "<group>"; };
		48B4881B20E90FC2004C7B7D /* Crypto.swift */ = {isa = PBXFileReference; fileEncoding = 4; lastKnownFileType = sourcecode.swift; path = Crypto.swift; sourceTree = "<group>"; };
		48B4881E20E90FC2004C7B7D /* RIPEMD160.swift */ = {isa = PBXFileReference; fileEncoding = 4; lastKnownFileType = sourcecode.swift; path = RIPEMD160.swift; sourceTree = "<group>"; };
		48B4881F20E90FC2004C7B7D /* Base58.swift */ = {isa = PBXFileReference; fileEncoding = 4; lastKnownFileType = sourcecode.swift; path = Base58.swift; sourceTree = "<group>"; };
		48B6284320FA0DC400001BDC /* EllipticCurve.swift */ = {isa = PBXFileReference; lastKnownFileType = sourcecode.swift; path = EllipticCurve.swift; sourceTree = "<group>"; };
		48B6284520FA0E2C00001BDC /* EllipticCurvePoint.swift */ = {isa = PBXFileReference; lastKnownFileType = sourcecode.swift; path = EllipticCurvePoint.swift; sourceTree = "<group>"; };
		48B94BE420F3F2A50041389D /* Signature.swift */ = {isa = PBXFileReference; lastKnownFileType = sourcecode.swift; path = Signature.swift; sourceTree = "<group>"; };
		48B94BE620F3F2B10041389D /* Message.swift */ = {isa = PBXFileReference; lastKnownFileType = sourcecode.swift; path = Message.swift; sourceTree = "<group>"; };
		48B94BE920F3F4BC0041389D /* Data_Extension.swift */ = {isa = PBXFileReference; lastKnownFileType = sourcecode.swift; path = Data_Extension.swift; sourceTree = "<group>"; };
		48B94BEB20F3F4D50041389D /* AffinePoint.swift */ = {isa = PBXFileReference; lastKnownFileType = sourcecode.swift; path = AffinePoint.swift; sourceTree = "<group>"; };
		48C3A4F7210B9F6A00282E1C /* EllipticCurveForm.swift */ = {isa = PBXFileReference; lastKnownFileType = sourcecode.swift; path = EllipticCurveForm.swift; sourceTree = "<group>"; };
		48C3A4FC210DAF6D00282E1C /* SquareRoots.swift */ = {isa = PBXFileReference; lastKnownFileType = sourcecode.swift; path = SquareRoots.swift; sourceTree = "<group>"; };
		48CCEE6D2104ECFD00E0EE34 /* DER.swift */ = {isa = PBXFileReference; lastKnownFileType = sourcecode.swift; path = DER.swift; sourceTree = "<group>"; };
		48D1101720F3D7BA005A212A /* PublicKey.swift */ = {isa = PBXFileReference; lastKnownFileType = sourcecode.swift; path = PublicKey.swift; sourceTree = "<group>"; };
		48D1101920F3D7E3005A212A /* PrivateKey.swift */ = {isa = PBXFileReference; lastKnownFileType = sourcecode.swift; path = PrivateKey.swift; sourceTree = "<group>"; };
		48D1101B20F3D812005A212A /* PrivateKeyWIF.swift */ = {isa = PBXFileReference; lastKnownFileType = sourcecode.swift; path = PrivateKeyWIF.swift; sourceTree = "<group>"; };
		48D1101D20F3D832005A212A /* PublicAddress.swift */ = {isa = PBXFileReference; lastKnownFileType = sourcecode.swift; path = PublicAddress.swift; sourceTree = "<group>"; };
		48EB887F20FF2D5900974DF9 /* ModularInverse.swift */ = {isa = PBXFileReference; lastKnownFileType = sourcecode.swift; path = ModularInverse.swift; sourceTree = "<group>"; };
		48F22C8D20C70D87004A18CA /* .framework */ = {isa = PBXFileReference; explicitFileType = wrapper.framework; includeInIndex = 0; path = .framework; sourceTree = BUILT_PRODUCTS_DIR; };
		48F22C9620C70D87004A18CA /* .xctest */ = {isa = PBXFileReference; explicitFileType = wrapper.cfbundle; includeInIndex = 0; path = .xctest; sourceTree = BUILT_PRODUCTS_DIR; };
		48F22CA820C70DC1004A18CA /* EllipticCurveKit.h */ = {isa = PBXFileReference; lastKnownFileType = sourcecode.c.h; path = EllipticCurveKit.h; sourceTree = "<group>"; };
		48F22CA920C70DC1004A18CA /* Info.plist */ = {isa = PBXFileReference; lastKnownFileType = text.plist.xml; path = Info.plist; sourceTree = "<group>"; };
		48F22CB020C70DE5004A18CA /* Info.plist */ = {isa = PBXFileReference; lastKnownFileType = text.plist.xml; path = Info.plist; sourceTree = "<group>"; };
		48F242EF20F7D31200FB36DF /* PrivateKeyBase64EncodingDecodingTests.swift */ = {isa = PBXFileReference; lastKnownFileType = sourcecode.swift; path = PrivateKeyBase64EncodingDecodingTests.swift; sourceTree = "<group>"; };
		48F242F320F7D42C00FB36DF /* SigningAndVerificationTests.swift */ = {isa = PBXFileReference; lastKnownFileType = sourcecode.swift; path = SigningAndVerificationTests.swift; sourceTree = "<group>"; };
		48F242F620F7DD2200FB36DF /* Secp256k1.swift */ = {isa = PBXFileReference; lastKnownFileType = sourcecode.swift; path = Secp256k1.swift; sourceTree = "<group>"; };
		48FF10F52122FBE700AA788A /* ECCBase.swift */ = {isa = PBXFileReference; lastKnownFileType = sourcecode.swift; path = ECCBase.swift; sourceTree = "<group>"; };
/* End PBXFileReference section */

/* Begin PBXFrameworksBuildPhase section */
		48F22C8920C70D87004A18CA /* Frameworks */ = {
			isa = PBXFrameworksBuildPhase;
			buildActionMask = 2147483647;
			files = (
			);
			runOnlyForDeploymentPostprocessing = 0;
		};
		48F22C9320C70D87004A18CA /* Frameworks */ = {
			isa = PBXFrameworksBuildPhase;
			buildActionMask = 2147483647;
			files = (
				48F22C9720C70D88004A18CA /* .framework in Frameworks */,
			);
			runOnlyForDeploymentPostprocessing = 0;
		};
/* End PBXFrameworksBuildPhase section */

/* Begin PBXGroup section */
		4824B75F210F7B8100112764 /* ShortWeierstrass */ = {
			isa = PBXGroup;
			children = (
				4824B760210F7BAA00112764 /* ShortWeierstrassPointMultiplicationTests.swift */,
			);
			path = ShortWeierstrass;
			sourceTree = "<group>";
		};
		4824B762211239A600112764 /* Field */ = {
			isa = PBXGroup;
			children = (
				4824B76521123AD700112764 /* CoordinateSystems */,
				4824B763211239D900112764 /* Field.swift */,
			);
			path = Field;
			sourceTree = "<group>";
		};
		4824B76521123AD700112764 /* CoordinateSystems */ = {
			isa = PBXGroup;
			children = (
				4824B7702113108600112764 /* Point */,
				4824B76621123AED00112764 /* AffinePointOnCurve.swift */,
				4824B76A21123B0600112764 /* ProjectivePointOnCurve.swift */,
				4824B77521132DD800112764 /* JacobianPointOnCurve.swift */,
			);
			path = CoordinateSystems;
			sourceTree = "<group>";
		};
		4824B7702113108600112764 /* Point */ = {
			isa = PBXGroup;
			children = (
				4824B76C2113104700112764 /* TwoDimensionalPoint.swift */,
				4824B771211310A600112764 /* Point.swift */,
				4824B76E2113105F00112764 /* ThreeDimensionalPoint.swift */,
				4824B77721132E5B00112764 /* ThreeDimensionalPointOnCurve.swift */,
			);
			path = Point;
			sourceTree = "<group>";
		};
		482B154120D41053001B437D /* KeyGeneration */ = {
			isa = PBXGroup;
			children = (
				482B154220D41083001B437D /* CreatePublicKeyFromPrivateKeyTests.swift */,
				48F242EF20F7D31200FB36DF /* PrivateKeyBase64EncodingDecodingTests.swift */,
			);
			path = KeyGeneration;
			sourceTree = "<group>";
		};
		4847DE042137339B00440F1E /* Configurations */ = {
			isa = PBXGroup;
			children = (
				4847DE052137339B00440F1E /* base_framework.xcconfig */,
				4847DE062137339B00440F1E /* ellipticcurvekit_release.xcconfig */,
				4847DE072137339B00440F1E /* ellipticcurvekit_debug.xcconfig */,
				4847DE082137339B00440F1E /* base_apps.xcconfig */,
				4847DE092137339B00440F1E /* base_debug.xcconfig */,
				4847DE0A2137339B00440F1E /* debug.xcconfig */,
				4847DE0B2137339B00440F1E /* release.xcconfig */,
				4847DE0C2137339B00440F1E /* ellipticcurvekit_tests.xcconfig */,
				4847DE0D2137339B00440F1E /* test.xcconfig */,
				4847DE0E2137339B00440F1E /* base_release.xcconfig */,
				4847DE0F2137339B00440F1E /* base_shared.xcconfig */,
				4847DE102137339B00440F1E /* base_tests.xcconfig */,
				4847DE112137339B00440F1E /* ellipticcurvekit.xcconfig */,
			);
			path = Configurations;
			sourceTree = "<group>";
		};
		4848A04020FD311D004BC02C /* CommonSigning */ = {
			isa = PBXGroup;
			children = (
				4848A04120FD312F004BC02C /* Schnorr.swift */,
				48A5541E2100F31400A4B7FB /* ECDSA.swift */,
				48819DDF2116037E00BDE952 /* Ed25519.swift */,
			);
			path = CommonSigning;
			sourceTree = "<group>";
		};
		4861AA6B20D048B900871618 /* SupportingFiles */ = {
			isa = PBXGroup;
			children = (
				48F22CA820C70DC1004A18CA /* EllipticCurveKit.h */,
				48F22CA920C70DC1004A18CA /* Info.plist */,
				483C099720F5EF0400C5E2DA /* module.modulemap */,
			);
			path = SupportingFiles;
			sourceTree = "<group>";
		};
		48687FAE20F7E4EB00F2AFA4 /* OLD POINT */ = {
			isa = PBXGroup;
			children = (
				48B94BEB20F3F4D50041389D /* AffinePoint.swift */,
				48B6284320FA0DC400001BDC /* EllipticCurve.swift */,
				48B6284520FA0E2C00001BDC /* EllipticCurvePoint.swift */,
			);
			path = "OLD POINT";
			sourceTree = "<group>";
		};
		489119A320F209AA00F86528 /* EllipticCurve */ = {
			isa = PBXGroup;
			children = (
				4824B762211239A600112764 /* Field */,
				48A19CD72107C43B005FF9F1 /* DistributedSystem */,
				48687FAE20F7E4EB00F2AFA4 /* OLD POINT */,
				48F242F520F7DD0500FB36DF /* CommonCurves */,
				48B94BE320F3F2870041389D /* Signing */,
				48D1101520F3D740005A212A /* Keys */,
				4824B77921132ED000112764 /* Curve.swift */,
				48FF10F52122FBE700AA788A /* ECCBase.swift */,
				4851B42721136331002404AF /* ExpressibleByAffineCoordinates.swift */,
				4851B4292113633E002404AF /* ExpressibleByProjectiveCoordinates.swift */,
				4824B77B21132EEF00112764 /* ShortWeierstraßCurve.swift */,
				489096C021137DC5002D0A02 /* Equation.swift */,
				4824B77E2113492400112764 /* MontgomeryCurve.swift */,
				4824B7802113492E00112764 /* EdwardsCurve.swift */,
				4824B7822113493800112764 /* TwistedEdwardsCurve.swift */,
				48C3A4F7210B9F6A00282E1C /* EllipticCurveForm.swift */,
			);
			path = EllipticCurve;
			sourceTree = "<group>";
		};
		489119A920F268AF00F86528 /* Utils */ = {
			isa = PBXGroup;
			children = (
				489119AA20F268C700F86528 /* SHA2Tests.swift */,
				482598FC210F14820023E010 /* ModularSquareRootsTests.swift */,
			);
			path = Utils;
			sourceTree = "<group>";
		};
		4898EE0020FA269C00B6F773 /* CurveTests */ = {
			isa = PBXGroup;
			children = (
				4824B75F210F7B8100112764 /* ShortWeierstrass */,
				48A5542421011D0600A4B7FB /* ECDSATests.swift */,
				4898EE0220FA26BC00B6F773 /* Secp256r1 */,
				4898EE0120FA26A200B6F773 /* Secp256k1 */,
			);
			path = CurveTests;
			sourceTree = "<group>";
		};
		4898EE0120FA26A200B6F773 /* Secp256k1 */ = {
			isa = PBXGroup;
			children = (
				48AC5D2420FF943E00AE4B77 /* PerformanceTests */,
				482B154120D41053001B437D /* KeyGeneration */,
				48F242F120F7D40600FB36DF /* SigningAndVerificationTests */,
			);
			path = Secp256k1;
			sourceTree = "<group>";
		};
		4898EE0220FA26BC00B6F773 /* Secp256r1 */ = {
			isa = PBXGroup;
			children = (
				48AC5CF620FF3F0300AE4B77 /* PerformanceTests */,
				4898EE0320FA272900B6F773 /* Secp256r1_PointArthmeticTests.swift */,
			);
			path = Secp256r1;
			sourceTree = "<group>";
		};
		48A19CCC21076811005FF9F1 /* Numbers */ = {
			isa = PBXGroup;
			children = (
				4891199B20F2097C00F86528 /* Number.swift */,
				48A19CCD2107681E005FF9F1 /* SecureRandom.swift */,
				48A19CCF21076B6E005FF9F1 /* KeychainStatus.swift */,
			);
			path = Numbers;
			sourceTree = "<group>";
		};
		48A19CD42107C41D005FF9F1 /* PrivateKey */ = {
			isa = PBXGroup;
			children = (
				48D1101B20F3D812005A212A /* PrivateKeyWIF.swift */,
				48A19CD52107C42C005FF9F1 /* WIFFormatter.swift */,
				48D1101920F3D7E3005A212A /* PrivateKey.swift */,
			);
			path = PrivateKey;
			sourceTree = "<group>";
		};
		48A19CD72107C43B005FF9F1 /* DistributedSystem */ = {
			isa = PBXGroup;
			children = (
				48A19CDC2107C476005FF9F1 /* DLTs */,
				48A19CD82107C44F005FF9F1 /* DistributedSystem.swift */,
				48A19CDA2107C462005FF9F1 /* NetworkInformation.swift */,
			);
			path = DistributedSystem;
			sourceTree = "<group>";
		};
		48A19CDC2107C476005FF9F1 /* DLTs */ = {
			isa = PBXGroup;
			children = (
				48A19CDD2107C481005FF9F1 /* Bitcoin.swift */,
				48A19CE12107C4A5005FF9F1 /* Neo.swift */,
				48A19CDF2107C493005FF9F1 /* Zilliqa.swift */,
			);
			path = DLTs;
			sourceTree = "<group>";
		};
		48A554202101064D00A4B7FB /* Schnorr */ = {
			isa = PBXGroup;
			children = (
				48F242F320F7D42C00FB36DF /* SigningAndVerificationTests.swift */,
			);
			path = Schnorr;
			sourceTree = "<group>";
		};
		48AC5CF620FF3F0300AE4B77 /* PerformanceTests */ = {
			isa = PBXGroup;
			children = (
				48AC5CF720FF3F1F00AE4B77 /* MultipliplicationPerformanceSecp256r1Tests.swift */,
			);
			path = PerformanceTests;
			sourceTree = "<group>";
		};
		48AC5D2420FF943E00AE4B77 /* PerformanceTests */ = {
			isa = PBXGroup;
			children = (
				48AC5D2520FF944E00AE4B77 /* MultipliplicationPerformanceSecp256k1Tests.swift */,
			);
			path = PerformanceTests;
			sourceTree = "<group>";
		};
		48B4881A20E90FC2004C7B7D /* Cryptography */ = {
			isa = PBXGroup;
			children = (
				48B4881B20E90FC2004C7B7D /* Crypto.swift */,
				48B4881C20E90FC2004C7B7D /* RIPEMD160 */,
			);
			path = Cryptography;
			sourceTree = "<group>";
		};
		48B4881C20E90FC2004C7B7D /* RIPEMD160 */ = {
			isa = PBXGroup;
			children = (
				48B4881E20E90FC2004C7B7D /* RIPEMD160.swift */,
			);
			path = RIPEMD160;
			sourceTree = "<group>";
		};
		48B94BE320F3F2870041389D /* Signing */ = {
			isa = PBXGroup;
			children = (
				4848A03E20FD2983004BC02C /* AnyKeySigner.swift */,
				4848A04020FD311D004BC02C /* CommonSigning */,
				48B94BE420F3F2A50041389D /* Signature.swift */,
				48B94BE620F3F2B10041389D /* Message.swift */,
				4885ABA520F77D6B00115FE0 /* Signing.swift */,
				48A554222101137C00A4B7FB /* SignatureNonce+RFC-6979.swift */,
			);
			path = Signing;
			sourceTree = "<group>";
		};
		48B94BE820F3F4B00041389D /* Extensions */ = {
			isa = PBXGroup;
			children = (
				48B94BE920F3F4BC0041389D /* Data_Extension.swift */,
			);
			path = Extensions;
			sourceTree = "<group>";
		};
		48C3A4F3210B14ED00282E1C /* Encoding */ = {
			isa = PBXGroup;
			children = (
				48CCEE6D2104ECFD00E0EE34 /* DER.swift */,
				48B4881F20E90FC2004C7B7D /* Base58.swift */,
			);
			path = Encoding;
			sourceTree = "<group>";
		};
		48D1101520F3D740005A212A /* Keys */ = {
			isa = PBXGroup;
			children = (
				489119A420F209BA00F86528 /* AnyKeyGenerator.swift */,
				48A19CD42107C41D005FF9F1 /* PrivateKey */,
				48D1101F20F3D840005A212A /* Address */,
				48D1101720F3D7BA005A212A /* PublicKey.swift */,
				4885ABA720F77ECB00115FE0 /* KeyPair.swift */,
				4885ABA920F77EE600115FE0 /* Wallet.swift */,
			);
			path = Keys;
			sourceTree = "<group>";
		};
		48D1101F20F3D840005A212A /* Address */ = {
			isa = PBXGroup;
			children = (
				48D1101D20F3D832005A212A /* PublicAddress.swift */,
				48A19CD22107C405005FF9F1 /* Address.swift */,
			);
			path = Address;
			sourceTree = "<group>";
		};
		48EB887E20FF2D4C00974DF9 /* Math */ = {
			isa = PBXGroup;
			children = (
				48EB887F20FF2D5900974DF9 /* ModularInverse.swift */,
				48C3A4FC210DAF6D00282E1C /* SquareRoots.swift */,
			);
			path = Math;
			sourceTree = "<group>";
		};
		48F22C8320C70D87004A18CA = {
			isa = PBXGroup;
			children = (
				4847DE042137339B00440F1E /* Configurations */,
				48F22C8E20C70D87004A18CA /* Products */,
				48F22CA720C70DC1004A18CA /* Source */,
				48F22CAE20C70DE5004A18CA /* Tests */,
			);
			sourceTree = "<group>";
		};
		48F22C8E20C70D87004A18CA /* Products */ = {
			isa = PBXGroup;
			children = (
				48F22C8D20C70D87004A18CA /* .framework */,
				48F22C9620C70D87004A18CA /* .xctest */,
			);
			name = Products;
			sourceTree = "<group>";
		};
		48F22CA720C70DC1004A18CA /* Source */ = {
			isa = PBXGroup;
			children = (
				48C3A4F3210B14ED00282E1C /* Encoding */,
				48A19CCC21076811005FF9F1 /* Numbers */,
				48EB887E20FF2D4C00974DF9 /* Math */,
				48B94BE820F3F4B00041389D /* Extensions */,
				489119A320F209AA00F86528 /* EllipticCurve */,
				48B4881A20E90FC2004C7B7D /* Cryptography */,
				4861AA6B20D048B900871618 /* SupportingFiles */,
			);
			path = Source;
			sourceTree = "<group>";
		};
		48F22CAE20C70DE5004A18CA /* Tests */ = {
			isa = PBXGroup;
			children = (
				48F22CB020C70DE5004A18CA /* Info.plist */,
				4898EE0020FA269C00B6F773 /* CurveTests */,
				489119A920F268AF00F86528 /* Utils */,
			);
			path = Tests;
			sourceTree = "<group>";
		};
		48F242F120F7D40600FB36DF /* SigningAndVerificationTests */ = {
			isa = PBXGroup;
			children = (
				48A554202101064D00A4B7FB /* Schnorr */,
			);
			path = SigningAndVerificationTests;
			sourceTree = "<group>";
		};
		48F242F520F7DD0500FB36DF /* CommonCurves */ = {
			isa = PBXGroup;
			children = (
				48F242F620F7DD2200FB36DF /* Secp256k1.swift */,
				4898EDFE20FA243E00B6F773 /* Secp256r1.swift */,
				48A5541C2100F0F900A4B7FB /* Curve25519.swift */,
			);
			path = CommonCurves;
			sourceTree = "<group>";
		};
/* End PBXGroup section */

/* Begin PBXHeadersBuildPhase section */
		48F22C8A20C70D87004A18CA /* Headers */ = {
			isa = PBXHeadersBuildPhase;
			buildActionMask = 2147483647;
			files = (
				48F22CAA20C70DC9004A18CA /* EllipticCurveKit.h in Headers */,
			);
			runOnlyForDeploymentPostprocessing = 0;
		};
/* End PBXHeadersBuildPhase section */

/* Begin PBXNativeTarget section */
		48F22C8C20C70D87004A18CA /* EllipticCurveKit */ = {
			isa = PBXNativeTarget;
			buildConfigurationList = 48F22CA120C70D88004A18CA /* Build configuration list for PBXNativeTarget "EllipticCurveKit" */;
			buildPhases = (
				48F22C8820C70D87004A18CA /* Sources */,
				48F22C8920C70D87004A18CA /* Frameworks */,
				48F22C8A20C70D87004A18CA /* Headers */,
				48F22C8B20C70D87004A18CA /* Resources */,
			);
			buildRules = (
			);
			dependencies = (
			);
			name = EllipticCurveKit;
			productName = EllipticCurveKit;
			productReference = 48F22C8D20C70D87004A18CA /* .framework */;
			productType = "com.apple.product-type.framework";
		};
		48F22C9520C70D87004A18CA /* EllipticCurveKitTests */ = {
			isa = PBXNativeTarget;
			buildConfigurationList = 48F22CA420C70D88004A18CA /* Build configuration list for PBXNativeTarget "EllipticCurveKitTests" */;
			buildPhases = (
				48F22C9220C70D87004A18CA /* Sources */,
				48F22C9320C70D87004A18CA /* Frameworks */,
				48F22C9420C70D87004A18CA /* Resources */,
			);
			buildRules = (
			);
			dependencies = (
				48F22C9920C70D88004A18CA /* PBXTargetDependency */,
			);
			name = EllipticCurveKitTests;
			productName = EllipticCurveKitTests;
			productReference = 48F22C9620C70D87004A18CA /* .xctest */;
			productType = "com.apple.product-type.bundle.unit-test";
		};
/* End PBXNativeTarget section */

/* Begin PBXProject section */
		48F22C8420C70D87004A18CA /* Project object */ = {
			isa = PBXProject;
			attributes = {
				LastSwiftUpdateCheck = 0930;
				LastUpgradeCheck = 0930;
				ORGANIZATIONNAME = "Alexander Cyon";
				TargetAttributes = {
					48F22C8C20C70D87004A18CA = {
						CreatedOnToolsVersion = 9.3;
						LastSwiftMigration = 1000;
					};
					48F22C9520C70D87004A18CA = {
						CreatedOnToolsVersion = 9.3;
						LastSwiftMigration = 1000;
					};
				};
			};
			buildConfigurationList = 48F22C8720C70D87004A18CA /* Build configuration list for PBXProject "EllipticCurveKit" */;
			compatibilityVersion = "Xcode 9.3";
			developmentRegion = en;
			hasScannedForEncodings = 0;
			knownRegions = (
				en,
			);
			mainGroup = 48F22C8320C70D87004A18CA;
			productRefGroup = 48F22C8E20C70D87004A18CA /* Products */;
			projectDirPath = "";
			projectRoot = "";
			targets = (
				48F22C8C20C70D87004A18CA /* EllipticCurveKit */,
				48F22C9520C70D87004A18CA /* EllipticCurveKitTests */,
			);
		};
/* End PBXProject section */

/* Begin PBXResourcesBuildPhase section */
		48F22C8B20C70D87004A18CA /* Resources */ = {
			isa = PBXResourcesBuildPhase;
			buildActionMask = 2147483647;
			files = (
			);
			runOnlyForDeploymentPostprocessing = 0;
		};
		48F22C9420C70D87004A18CA /* Resources */ = {
			isa = PBXResourcesBuildPhase;
			buildActionMask = 2147483647;
			files = (
			);
			runOnlyForDeploymentPostprocessing = 0;
		};
/* End PBXResourcesBuildPhase section */

/* Begin PBXSourcesBuildPhase section */
		48F22C8820C70D87004A18CA /* Sources */ = {
			isa = PBXSourcesBuildPhase;
			buildActionMask = 2147483647;
			files = (
				48CCEE6E2104ECFD00E0EE34 /* DER.swift in Sources */,
				4824B76821123AF100112764 /* AffinePointOnCurve.swift in Sources */,
				4824B77621132DD800112764 /* JacobianPointOnCurve.swift in Sources */,
				48B94BEA20F3F4BC0041389D /* Data_Extension.swift in Sources */,
				489119A620F209C400F86528 /* Number.swift in Sources */,
				4858F2DB21220A2300ECEC93 /* Secp256r1.swift in Sources */,
				4824B76921123AF600112764 /* Field.swift in Sources */,
				4851B42821136331002404AF /* ExpressibleByAffineCoordinates.swift in Sources */,
				48B4882220E90FC2004C7B7D /* RIPEMD160.swift in Sources */,
				4824B76D2113104800112764 /* TwoDimensionalPoint.swift in Sources */,
				4824B77821132E5B00112764 /* ThreeDimensionalPointOnCurve.swift in Sources */,
				48A19CCE2107681E005FF9F1 /* SecureRandom.swift in Sources */,
				48A19CD021076B6E005FF9F1 /* KeychainStatus.swift in Sources */,
				48B4882320E90FC2004C7B7D /* Base58.swift in Sources */,
				4851B42A2113633E002404AF /* ExpressibleByProjectiveCoordinates.swift in Sources */,
				4858F2DA2121AB0D00ECEC93 /* Secp256k1.swift in Sources */,
				4824B77F2113492400112764 /* MontgomeryCurve.swift in Sources */,
				4824B76F2113105F00112764 /* ThreeDimensionalPoint.swift in Sources */,
				48B4882020E90FC2004C7B7D /* Crypto.swift in Sources */,
				4824B77A21132ED000112764 /* Curve.swift in Sources */,
				4824B76B21123B0600112764 /* ProjectivePointOnCurve.swift in Sources */,
				489096C121137DC5002D0A02 /* Equation.swift in Sources */,
				48819DE02116037E00BDE952 /* Ed25519.swift in Sources */,
				4824B7832113493800112764 /* TwistedEdwardsCurve.swift in Sources */,
				4824B77C21132EEF00112764 /* ShortWeierstraßCurve.swift in Sources */,
				4824B7812113492E00112764 /* EdwardsCurve.swift in Sources */,
				48FF10F62122FBE700AA788A /* ECCBase.swift in Sources */,
				48C3A4FD210DAF6D00282E1C /* SquareRoots.swift in Sources */,
				4824B772211310A600112764 /* Point.swift in Sources */,
				48EB888020FF2D5900974DF9 /* ModularInverse.swift in Sources */,
			);
			runOnlyForDeploymentPostprocessing = 0;
		};
		48F22C9220C70D87004A18CA /* Sources */ = {
			isa = PBXSourcesBuildPhase;
			buildActionMask = 2147483647;
			files = (
				4858F2DD2122DCCC00ECEC93 /* ShortWeierstrassPointMultiplicationTests.swift in Sources */,
			);
			runOnlyForDeploymentPostprocessing = 0;
		};
/* End PBXSourcesBuildPhase section */

/* Begin PBXTargetDependency section */
		48F22C9920C70D88004A18CA /* PBXTargetDependency */ = {
			isa = PBXTargetDependency;
			target = 48F22C8C20C70D87004A18CA /* EllipticCurveKit */;
			targetProxy = 48F22C9820C70D88004A18CA /* PBXContainerItemProxy */;
		};
/* End PBXTargetDependency section */

/* Begin XCBuildConfiguration section */
		48B5FCF820FF339E007629C6 /* FastTestable */ = {
			isa = XCBuildConfiguration;
			buildSettings = {
			};
			name = FastTestable;
		};
		48B5FCF920FF339E007629C6 /* FastTestable */ = {
			isa = XCBuildConfiguration;
			buildSettings = {
			};
			name = FastTestable;
		};
		48B5FCFA20FF339E007629C6 /* FastTestable */ = {
			isa = XCBuildConfiguration;
			buildSettings = {
			};
			name = FastTestable;
		};
		48F22C9F20C70D88004A18CA /* Debug */ = {
			isa = XCBuildConfiguration;
			buildSettings = {
			};
			name = Debug;
		};
		48F22CA020C70D88004A18CA /* Release */ = {
			isa = XCBuildConfiguration;
			buildSettings = {
			};
			name = Release;
		};
		48F22CA220C70D88004A18CA /* Debug */ = {
			isa = XCBuildConfiguration;
			buildSettings = {
			};
			name = Debug;
		};
		48F22CA320C70D88004A18CA /* Release */ = {
			isa = XCBuildConfiguration;
			buildSettings = {
			};
			name = Release;
		};
		48F22CA520C70D88004A18CA /* Debug */ = {
			isa = XCBuildConfiguration;
			buildSettings = {
			};
			name = Debug;
		};
		48F22CA620C70D88004A18CA /* Release */ = {
			isa = XCBuildConfiguration;
			buildSettings = {
			};
			name = Release;
		};
/* End XCBuildConfiguration section */

/* Begin XCConfigurationList section */
		48F22C8720C70D87004A18CA /* Build configuration list for PBXProject "EllipticCurveKit" */ = {
			isa = XCConfigurationList;
			buildConfigurations = (
				48F22C9F20C70D88004A18CA /* Debug */,
				48F22CA020C70D88004A18CA /* Release */,
				48B5FCF820FF339E007629C6 /* FastTestable */,
			);
			defaultConfigurationIsVisible = 0;
			defaultConfigurationName = Release;
		};
		48F22CA120C70D88004A18CA /* Build configuration list for PBXNativeTarget "EllipticCurveKit" */ = {
			isa = XCConfigurationList;
			buildConfigurations = (
				48F22CA220C70D88004A18CA /* Debug */,
				48F22CA320C70D88004A18CA /* Release */,
				48B5FCF920FF339E007629C6 /* FastTestable */,
			);
			defaultConfigurationIsVisible = 0;
			defaultConfigurationName = Release;
		};
		48F22CA420C70D88004A18CA /* Build configuration list for PBXNativeTarget "EllipticCurveKitTests" */ = {
			isa = XCConfigurationList;
			buildConfigurations = (
				48F22CA520C70D88004A18CA /* Debug */,
				48F22CA620C70D88004A18CA /* Release */,
				48B5FCFA20FF339E007629C6 /* FastTestable */,
			);
			defaultConfigurationIsVisible = 0;
			defaultConfigurationName = Release;
		};
/* End XCConfigurationList section */
	};
	rootObject = 48F22C8420C70D87004A18CA /* Project object */;
}
