// !$*UTF8*$!
{
	archiveVersion = 1;
	classes = {
	};
	objectVersion = 50;
	objects = {

/* Begin PBXBuildFile section */
		4820860020FE7D8E002FAB4F /* AppDelegate.swift in Sources */ = {isa = PBXBuildFile; fileRef = 482085FF20FE7D8E002FAB4F /* AppDelegate.swift */; };
		4820860220FE7D8E002FAB4F /* ViewController.swift in Sources */ = {isa = PBXBuildFile; fileRef = 4820860120FE7D8E002FAB4F /* ViewController.swift */; };
		4820860720FE7D90002FAB4F /* Assets.xcassets in Resources */ = {isa = PBXBuildFile; fileRef = 4820860620FE7D90002FAB4F /* Assets.xcassets */; };
		4820860A20FE7D90002FAB4F /* LaunchScreen.storyboard in Resources */ = {isa = PBXBuildFile; fileRef = 4820860820FE7D90002FAB4F /* LaunchScreen.storyboard */; };
		4820861520FE7D90002FAB4F /* ExampleiOSTests.swift in Sources */ = {isa = PBXBuildFile; fileRef = 4820861420FE7D90002FAB4F /* ExampleiOSTests.swift */; };
/* End PBXBuildFile section */

/* Begin PBXContainerItemProxy section */
		4820861120FE7D90002FAB4F /* PBXContainerItemProxy */ = {
			isa = PBXContainerItemProxy;
			containerPortal = 482085F420FE7D8E002FAB4F /* Project object */;
			proxyType = 1;
			remoteGlobalIDString = 482085FB20FE7D8E002FAB4F;
			remoteInfo = ExampleiOS;
		};
		48AE5EC2214C251900FB3DFE /* PBXContainerItemProxy */ = {
			isa = PBXContainerItemProxy;
			containerPortal = 48AE5EBD214C251900FB3DFE /* EllipticCurveKit.xcodeproj */;
			proxyType = 2;
			remoteGlobalIDString = 48F22C8D20C70D87004A18CA;
			remoteInfo = EllipticCurveKit;
		};
		48AE5EC4214C251900FB3DFE /* PBXContainerItemProxy */ = {
			isa = PBXContainerItemProxy;
			containerPortal = 48AE5EBD214C251900FB3DFE /* EllipticCurveKit.xcodeproj */;
			proxyType = 2;
			remoteGlobalIDString = 48F22C9620C70D87004A18CA;
			remoteInfo = EllipticCurveKitTests;
		};
		48AE5EC6214C254600FB3DFE /* PBXContainerItemProxy */ = {
			isa = PBXContainerItemProxy;
			containerPortal = 48AE5EBD214C251900FB3DFE /* EllipticCurveKit.xcodeproj */;
			proxyType = 1;
			remoteGlobalIDString = 48F22C8C20C70D87004A18CA;
			remoteInfo = EllipticCurveKit;
		};
/* End PBXContainerItemProxy section */

/* Begin PBXFileReference section */
		482085FC20FE7D8E002FAB4F /* ExampleiOS.app */ = {isa = PBXFileReference; explicitFileType = wrapper.application; includeInIndex = 0; path = ExampleiOS.app; sourceTree = BUILT_PRODUCTS_DIR; };
		482085FF20FE7D8E002FAB4F /* AppDelegate.swift */ = {isa = PBXFileReference; lastKnownFileType = sourcecode.swift; path = AppDelegate.swift; sourceTree = "<group>"; };
		4820860120FE7D8E002FAB4F /* ViewController.swift */ = {isa = PBXFileReference; lastKnownFileType = sourcecode.swift; path = ViewController.swift; sourceTree = "<group>"; };
		4820860620FE7D90002FAB4F /* Assets.xcassets */ = {isa = PBXFileReference; lastKnownFileType = folder.assetcatalog; path = Assets.xcassets; sourceTree = "<group>"; };
		4820860920FE7D90002FAB4F /* Base */ = {isa = PBXFileReference; lastKnownFileType = file.storyboard; name = Base; path = Base.lproj/LaunchScreen.storyboard; sourceTree = "<group>"; };
		4820860B20FE7D90002FAB4F /* Info.plist */ = {isa = PBXFileReference; lastKnownFileType = text.plist.xml; path = Info.plist; sourceTree = "<group>"; };
		4820861020FE7D90002FAB4F /* ExampleiOSTests.xctest */ = {isa = PBXFileReference; explicitFileType = wrapper.cfbundle; includeInIndex = 0; path = ExampleiOSTests.xctest; sourceTree = BUILT_PRODUCTS_DIR; };
		4820861420FE7D90002FAB4F /* ExampleiOSTests.swift */ = {isa = PBXFileReference; lastKnownFileType = sourcecode.swift; path = ExampleiOSTests.swift; sourceTree = "<group>"; };
		4820861620FE7D90002FAB4F /* Info.plist */ = {isa = PBXFileReference; lastKnownFileType = text.plist.xml; path = Info.plist; sourceTree = "<group>"; };
		48AE5EBD214C251900FB3DFE /* EllipticCurveKit.xcodeproj */ = {isa = PBXFileReference; lastKnownFileType = "wrapper.pb-project"; name = EllipticCurveKit.xcodeproj; path = ../EllipticCurveKit.xcodeproj; sourceTree = "<group>"; };
/* End PBXFileReference section */

/* Begin PBXFrameworksBuildPhase section */
		482085F920FE7D8E002FAB4F /* Frameworks */ = {
			isa = PBXFrameworksBuildPhase;
			buildActionMask = 2147483647;
			files = (
			);
			runOnlyForDeploymentPostprocessing = 0;
		};
		4820860D20FE7D90002FAB4F /* Frameworks */ = {
			isa = PBXFrameworksBuildPhase;
			buildActionMask = 2147483647;
			files = (
			);
			runOnlyForDeploymentPostprocessing = 0;
		};
/* End PBXFrameworksBuildPhase section */

/* Begin PBXGroup section */
		482085F320FE7D8E002FAB4F = {
			isa = PBXGroup;
			children = (
				48AE5EBD214C251900FB3DFE /* EllipticCurveKit.xcodeproj */,
				482085FE20FE7D8E002FAB4F /* ExampleiOS */,
				4820861320FE7D90002FAB4F /* ExampleiOSTests */,
				482085FD20FE7D8E002FAB4F /* Products */,
			);
			sourceTree = "<group>";
		};
		482085FD20FE7D8E002FAB4F /* Products */ = {
			isa = PBXGroup;
			children = (
				482085FC20FE7D8E002FAB4F /* ExampleiOS.app */,
				4820861020FE7D90002FAB4F /* ExampleiOSTests.xctest */,
			);
			name = Products;
			sourceTree = "<group>";
		};
		482085FE20FE7D8E002FAB4F /* ExampleiOS */ = {
			isa = PBXGroup;
			children = (
				482085FF20FE7D8E002FAB4F /* AppDelegate.swift */,
				4820860120FE7D8E002FAB4F /* ViewController.swift */,
				4820860620FE7D90002FAB4F /* Assets.xcassets */,
				4820860820FE7D90002FAB4F /* LaunchScreen.storyboard */,
				4820860B20FE7D90002FAB4F /* Info.plist */,
			);
			path = ExampleiOS;
			sourceTree = "<group>";
		};
		4820861320FE7D90002FAB4F /* ExampleiOSTests */ = {
			isa = PBXGroup;
			children = (
				4820861420FE7D90002FAB4F /* ExampleiOSTests.swift */,
				4820861620FE7D90002FAB4F /* Info.plist */,
			);
			path = ExampleiOSTests;
			sourceTree = "<group>";
		};
		48AE5EBE214C251900FB3DFE /* Products */ = {
			isa = PBXGroup;
			children = (
				48AE5EC3214C251900FB3DFE /* EllipticCurveKit.framework */,
				48AE5EC5214C251900FB3DFE /* EllipticCurveKitTests.xctest */,
			);
			name = Products;
			sourceTree = "<group>";
		};
/* End PBXGroup section */

/* Begin PBXNativeTarget section */
		482085FB20FE7D8E002FAB4F /* ExampleiOS */ = {
			isa = PBXNativeTarget;
			buildConfigurationList = 4820861920FE7D90002FAB4F /* Build configuration list for PBXNativeTarget "ExampleiOS" */;
			buildPhases = (
				482085F820FE7D8E002FAB4F /* Sources */,
				482085F920FE7D8E002FAB4F /* Frameworks */,
				482085FA20FE7D8E002FAB4F /* Resources */,
			);
			buildRules = (
			);
			dependencies = (
				48AE5EC7214C254600FB3DFE /* PBXTargetDependency */,
			);
			name = ExampleiOS;
			productName = ExampleiOS;
			productReference = 482085FC20FE7D8E002FAB4F /* ExampleiOS.app */;
			productType = "com.apple.product-type.application";
		};
		4820860F20FE7D90002FAB4F /* ExampleiOSTests */ = {
			isa = PBXNativeTarget;
			buildConfigurationList = 4820861C20FE7D90002FAB4F /* Build configuration list for PBXNativeTarget "ExampleiOSTests" */;
			buildPhases = (
				4820860C20FE7D90002FAB4F /* Sources */,
				4820860D20FE7D90002FAB4F /* Frameworks */,
				4820860E20FE7D90002FAB4F /* Resources */,
			);
			buildRules = (
			);
			dependencies = (
				4820861220FE7D90002FAB4F /* PBXTargetDependency */,
			);
			name = ExampleiOSTests;
			productName = ExampleiOSTests;
			productReference = 4820861020FE7D90002FAB4F /* ExampleiOSTests.xctest */;
			productType = "com.apple.product-type.bundle.unit-test";
		};
/* End PBXNativeTarget section */

/* Begin PBXProject section */
		482085F420FE7D8E002FAB4F /* Project object */ = {
			isa = PBXProject;
			attributes = {
				LastSwiftUpdateCheck = 0940;
				LastUpgradeCheck = 0940;
				ORGANIZATIONNAME = Sajjon;
				TargetAttributes = {
					482085FB20FE7D8E002FAB4F = {
						CreatedOnToolsVersion = 9.4.1;
					};
					4820860F20FE7D90002FAB4F = {
						CreatedOnToolsVersion = 9.4.1;
						TestTargetID = 482085FB20FE7D8E002FAB4F;
					};
				};
			};
			buildConfigurationList = 482085F720FE7D8E002FAB4F /* Build configuration list for PBXProject "ExampleiOS" */;
			compatibilityVersion = "Xcode 9.3";
			developmentRegion = en;
			hasScannedForEncodings = 0;
			knownRegions = (
				en,
				Base,
			);
			mainGroup = 482085F320FE7D8E002FAB4F;
			productRefGroup = 482085FD20FE7D8E002FAB4F /* Products */;
			projectDirPath = "";
			projectReferences = (
				{
					ProductGroup = 48AE5EBE214C251900FB3DFE /* Products */;
					ProjectRef = 48AE5EBD214C251900FB3DFE /* EllipticCurveKit.xcodeproj */;
				},
			);
			projectRoot = "";
			targets = (
				482085FB20FE7D8E002FAB4F /* ExampleiOS */,
				4820860F20FE7D90002FAB4F /* ExampleiOSTests */,
			);
		};
/* End PBXProject section */

/* Begin PBXReferenceProxy section */
		48AE5EC3214C251900FB3DFE /* EllipticCurveKit.framework */ = {
			isa = PBXReferenceProxy;
			fileType = wrapper.framework;
			path = EllipticCurveKit.framework;
			remoteRef = 48AE5EC2214C251900FB3DFE /* PBXContainerItemProxy */;
			sourceTree = BUILT_PRODUCTS_DIR;
		};
		48AE5EC5214C251900FB3DFE /* EllipticCurveKitTests.xctest */ = {
			isa = PBXReferenceProxy;
			fileType = wrapper.cfbundle;
			path = EllipticCurveKitTests.xctest;
			remoteRef = 48AE5EC4214C251900FB3DFE /* PBXContainerItemProxy */;
			sourceTree = BUILT_PRODUCTS_DIR;
		};
/* End PBXReferenceProxy section */

/* Begin PBXResourcesBuildPhase section */
		482085FA20FE7D8E002FAB4F /* Resources */ = {
			isa = PBXResourcesBuildPhase;
			buildActionMask = 2147483647;
			files = (
				4820860A20FE7D90002FAB4F /* LaunchScreen.storyboard in Resources */,
				4820860720FE7D90002FAB4F /* Assets.xcassets in Resources */,
			);
			runOnlyForDeploymentPostprocessing = 0;
		};
		4820860E20FE7D90002FAB4F /* Resources */ = {
			isa = PBXResourcesBuildPhase;
			buildActionMask = 2147483647;
			files = (
			);
			runOnlyForDeploymentPostprocessing = 0;
		};
/* End PBXResourcesBuildPhase section */

/* Begin PBXSourcesBuildPhase section */
		482085F820FE7D8E002FAB4F /* Sources */ = {
			isa = PBXSourcesBuildPhase;
			buildActionMask = 2147483647;
			files = (
				4820860220FE7D8E002FAB4F /* ViewController.swift in Sources */,
				4820860020FE7D8E002FAB4F /* AppDelegate.swift in Sources */,
			);
			runOnlyForDeploymentPostprocessing = 0;
		};
		4820860C20FE7D90002FAB4F /* Sources */ = {
			isa = PBXSourcesBuildPhase;
			buildActionMask = 2147483647;
			files = (
				4820861520FE7D90002FAB4F /* ExampleiOSTests.swift in Sources */,
			);
			runOnlyForDeploymentPostprocessing = 0;
		};
/* End PBXSourcesBuildPhase section */

/* Begin PBXTargetDependency section */
		4820861220FE7D90002FAB4F /* PBXTargetDependency */ = {
			isa = PBXTargetDependency;
			target = 482085FB20FE7D8E002FAB4F /* ExampleiOS */;
			targetProxy = 4820861120FE7D90002FAB4F /* PBXContainerItemProxy */;
		};
		48AE5EC7214C254600FB3DFE /* PBXTargetDependency */ = {
			isa = PBXTargetDependency;
			name = EllipticCurveKit;
			targetProxy = 48AE5EC6214C254600FB3DFE /* PBXContainerItemProxy */;
		};
/* End PBXTargetDependency section */

/* Begin PBXVariantGroup section */
		4820860820FE7D90002FAB4F /* LaunchScreen.storyboard */ = {
			isa = PBXVariantGroup;
			children = (
				4820860920FE7D90002FAB4F /* Base */,
			);
			name = LaunchScreen.storyboard;
			sourceTree = "<group>";
		};
/* End PBXVariantGroup section */

/* Begin XCBuildConfiguration section */
		4820861720FE7D90002FAB4F /* Debug */ = {
			isa = XCBuildConfiguration;
			buildSettings = {
				ALWAYS_SEARCH_USER_PATHS = NO;
				CLANG_ANALYZER_NONNULL = YES;
				CLANG_ANALYZER_NUMBER_OBJECT_CONVERSION = YES_AGGRESSIVE;
				CLANG_CXX_LANGUAGE_STANDARD = "gnu++14";
				CLANG_CXX_LIBRARY = "libc++";
				CLANG_ENABLE_MODULES = YES;
				CLANG_ENABLE_OBJC_ARC = YES;
				CLANG_ENABLE_OBJC_WEAK = YES;
				CLANG_WARN_BLOCK_CAPTURE_AUTORELEASING = YES;
				CLANG_WARN_BOOL_CONVERSION = YES;
				CLANG_WARN_COMMA = YES;
				CLANG_WARN_CONSTANT_CONVERSION = YES;
				CLANG_WARN_DEPRECATED_OBJC_IMPLEMENTATIONS = YES;
				CLANG_WARN_DIRECT_OBJC_ISA_USAGE = YES_ERROR;
				CLANG_WARN_DOCUMENTATION_COMMENTS = YES;
				CLANG_WARN_EMPTY_BODY = YES;
				CLANG_WARN_ENUM_CONVERSION = YES;
				CLANG_WARN_INFINITE_RECURSION = YES;
				CLANG_WARN_INT_CONVERSION = YES;
				CLANG_WARN_NON_LITERAL_NULL_CONVERSION = YES;
				CLANG_WARN_OBJC_IMPLICIT_RETAIN_SELF = YES;
				CLANG_WARN_OBJC_LITERAL_CONVERSION = YES;
				CLANG_WARN_OBJC_ROOT_CLASS = YES_ERROR;
				CLANG_WARN_RANGE_LOOP_ANALYSIS = YES;
				CLANG_WARN_STRICT_PROTOTYPES = YES;
				CLANG_WARN_SUSPICIOUS_MOVE = YES;
				CLANG_WARN_UNGUARDED_AVAILABILITY = YES_AGGRESSIVE;
				CLANG_WARN_UNREACHABLE_CODE = YES;
				CLANG_WARN__DUPLICATE_METHOD_MATCH = YES;
				CODE_SIGN_IDENTITY = "iPhone Developer";
				COPY_PHASE_STRIP = NO;
				DEBUG_INFORMATION_FORMAT = dwarf;
				ENABLE_STRICT_OBJC_MSGSEND = YES;
				ENABLE_TESTABILITY = YES;
				GCC_C_LANGUAGE_STANDARD = gnu11;
				GCC_DYNAMIC_NO_PIC = NO;
				GCC_NO_COMMON_BLOCKS = YES;
				GCC_OPTIMIZATION_LEVEL = 0;
				GCC_PREPROCESSOR_DEFINITIONS = (
					"DEBUG=1",
					"$(inherited)",
				);
				GCC_WARN_64_TO_32_BIT_CONVERSION = YES;
				GCC_WARN_ABOUT_RETURN_TYPE = YES_ERROR;
				GCC_WARN_UNDECLARED_SELECTOR = YES;
				GCC_WARN_UNINITIALIZED_AUTOS = YES_AGGRESSIVE;
				GCC_WARN_UNUSED_FUNCTION = YES;
				GCC_WARN_UNUSED_VARIABLE = YES;
				IPHONEOS_DEPLOYMENT_TARGET = 11.4;
				MTL_ENABLE_DEBUG_INFO = YES;
				ONLY_ACTIVE_ARCH = YES;
				SDKROOT = iphoneos;
				SWIFT_ACTIVE_COMPILATION_CONDITIONS = DEBUG;
			};
			name = Debug;
		};
		4820861820FE7D90002FAB4F /* Release */ = {
			isa = XCBuildConfiguration;
			buildSettings = {
				ALWAYS_SEARCH_USER_PATHS = NO;
				CLANG_ANALYZER_NONNULL = YES;
				CLANG_ANALYZER_NUMBER_OBJECT_CONVERSION = YES_AGGRESSIVE;
				CLANG_CXX_LANGUAGE_STANDARD = "gnu++14";
				CLANG_CXX_LIBRARY = "libc++";
				CLANG_ENABLE_MODULES = YES;
				CLANG_ENABLE_OBJC_ARC = YES;
				CLANG_ENABLE_OBJC_WEAK = YES;
				CLANG_WARN_BLOCK_CAPTURE_AUTORELEASING = YES;
				CLANG_WARN_BOOL_CONVERSION = YES;
				CLANG_WARN_COMMA = YES;
				CLANG_WARN_CONSTANT_CONVERSION = YES;
				CLANG_WARN_DEPRECATED_OBJC_IMPLEMENTATIONS = YES;
				CLANG_WARN_DIRECT_OBJC_ISA_USAGE = YES_ERROR;
				CLANG_WARN_DOCUMENTATION_COMMENTS = YES;
				CLANG_WARN_EMPTY_BODY = YES;
				CLANG_WARN_ENUM_CONVERSION = YES;
				CLANG_WARN_INFINITE_RECURSION = YES;
				CLANG_WARN_INT_CONVERSION = YES;
				CLANG_WARN_NON_LITERAL_NULL_CONVERSION = YES;
				CLANG_WARN_OBJC_IMPLICIT_RETAIN_SELF = YES;
				CLANG_WARN_OBJC_LITERAL_CONVERSION = YES;
				CLANG_WARN_OBJC_ROOT_CLASS = YES_ERROR;
				CLANG_WARN_RANGE_LOOP_ANALYSIS = YES;
				CLANG_WARN_STRICT_PROTOTYPES = YES;
				CLANG_WARN_SUSPICIOUS_MOVE = YES;
				CLANG_WARN_UNGUARDED_AVAILABILITY = YES_AGGRESSIVE;
				CLANG_WARN_UNREACHABLE_CODE = YES;
				CLANG_WARN__DUPLICATE_METHOD_MATCH = YES;
				CODE_SIGN_IDENTITY = "iPhone Developer";
				COPY_PHASE_STRIP = NO;
				DEBUG_INFORMATION_FORMAT = "dwarf-with-dsym";
				ENABLE_NS_ASSERTIONS = NO;
				ENABLE_STRICT_OBJC_MSGSEND = YES;
				GCC_C_LANGUAGE_STANDARD = gnu11;
				GCC_NO_COMMON_BLOCKS = YES;
				GCC_WARN_64_TO_32_BIT_CONVERSION = YES;
				GCC_WARN_ABOUT_RETURN_TYPE = YES_ERROR;
				GCC_WARN_UNDECLARED_SELECTOR = YES;
				GCC_WARN_UNINITIALIZED_AUTOS = YES_AGGRESSIVE;
				GCC_WARN_UNUSED_FUNCTION = YES;
				GCC_WARN_UNUSED_VARIABLE = YES;
				IPHONEOS_DEPLOYMENT_TARGET = 11.4;
				MTL_ENABLE_DEBUG_INFO = NO;
				SDKROOT = iphoneos;
				SWIFT_COMPILATION_MODE = wholemodule;
				VALIDATE_PRODUCT = YES;
			};
			name = Release;
		};
		4820861A20FE7D90002FAB4F /* Debug */ = {
			isa = XCBuildConfiguration;
			buildSettings = {
				ASSETCATALOG_COMPILER_APPICON_NAME = AppIcon;
				CODE_SIGN_STYLE = Manual;
				DEVELOPMENT_TEAM = "";
				INFOPLIST_FILE = ExampleiOS/Info.plist;
				LD_RUNPATH_SEARCH_PATHS = (
					"$(inherited)",
					"@executable_path/Frameworks",
				);
				PRODUCT_BUNDLE_IDENTIFIER = com.cyon.ExampleiOS;
				PRODUCT_NAME = "$(TARGET_NAME)";
				PROVISIONING_PROFILE_SPECIFIER = "";
				SWIFT_VERSION = 4.0;
				TARGETED_DEVICE_FAMILY = "1,2";
			};
			name = Debug;
		};
		4820861B20FE7D90002FAB4F /* Release */ = {
			isa = XCBuildConfiguration;
			buildSettings = {
				ASSETCATALOG_COMPILER_APPICON_NAME = AppIcon;
				CODE_SIGN_STYLE = Manual;
				DEVELOPMENT_TEAM = "";
				INFOPLIST_FILE = ExampleiOS/Info.plist;
				LD_RUNPATH_SEARCH_PATHS = (
					"$(inherited)",
					"@executable_path/Frameworks",
				);
				PRODUCT_BUNDLE_IDENTIFIER = com.cyon.ExampleiOS;
				PRODUCT_NAME = "$(TARGET_NAME)";
				PROVISIONING_PROFILE_SPECIFIER = "";
				SWIFT_VERSION = 4.0;
				TARGETED_DEVICE_FAMILY = "1,2";
			};
			name = Release;
		};
		4820861D20FE7D90002FAB4F /* Debug */ = {
			isa = XCBuildConfiguration;
			buildSettings = {
				ALWAYS_EMBED_SWIFT_STANDARD_LIBRARIES = YES;
				BUNDLE_LOADER = "$(TEST_HOST)";
				CODE_SIGN_STYLE = Automatic;
				INFOPLIST_FILE = ExampleiOSTests/Info.plist;
				LD_RUNPATH_SEARCH_PATHS = (
					"$(inherited)",
					"@executable_path/Frameworks",
					"@loader_path/Frameworks",
				);
				PRODUCT_BUNDLE_IDENTIFIER = com.cyon.ExampleiOSTests;
				PRODUCT_NAME = "$(TARGET_NAME)";
				SWIFT_VERSION = 4.0;
				TARGETED_DEVICE_FAMILY = "1,2";
				TEST_HOST = "$(BUILT_PRODUCTS_DIR)/ExampleiOS.app/ExampleiOS";
			};
			name = Debug;
		};
		4820861E20FE7D90002FAB4F /* Release */ = {
			isa = XCBuildConfiguration;
			buildSettings = {
				ALWAYS_EMBED_SWIFT_STANDARD_LIBRARIES = YES;
				BUNDLE_LOADER = "$(TEST_HOST)";
				CODE_SIGN_STYLE = Automatic;
				INFOPLIST_FILE = ExampleiOSTests/Info.plist;
				LD_RUNPATH_SEARCH_PATHS = (
					"$(inherited)",
					"@executable_path/Frameworks",
					"@loader_path/Frameworks",
				);
				PRODUCT_BUNDLE_IDENTIFIER = com.cyon.ExampleiOSTests;
				PRODUCT_NAME = "$(TARGET_NAME)";
				SWIFT_VERSION = 4.0;
				TARGETED_DEVICE_FAMILY = "1,2";
				TEST_HOST = "$(BUILT_PRODUCTS_DIR)/ExampleiOS.app/ExampleiOS";
			};
			name = Release;
		};
		48B5FCFD20FF3493007629C6 /* FastTestable */ = {
			isa = XCBuildConfiguration;
			buildSettings = {
				ALWAYS_SEARCH_USER_PATHS = NO;
				CLANG_ANALYZER_NONNULL = YES;
				CLANG_ANALYZER_NUMBER_OBJECT_CONVERSION = YES_AGGRESSIVE;
				CLANG_CXX_LANGUAGE_STANDARD = "gnu++14";
				CLANG_CXX_LIBRARY = "libc++";
				CLANG_ENABLE_MODULES = YES;
				CLANG_ENABLE_OBJC_ARC = YES;
				CLANG_ENABLE_OBJC_WEAK = YES;
				CLANG_WARN_BLOCK_CAPTURE_AUTORELEASING = YES;
				CLANG_WARN_BOOL_CONVERSION = YES;
				CLANG_WARN_COMMA = YES;
				CLANG_WARN_CONSTANT_CONVERSION = YES;
				CLANG_WARN_DEPRECATED_OBJC_IMPLEMENTATIONS = YES;
				CLANG_WARN_DIRECT_OBJC_ISA_USAGE = YES_ERROR;
				CLANG_WARN_DOCUMENTATION_COMMENTS = YES;
				CLANG_WARN_EMPTY_BODY = YES;
				CLANG_WARN_ENUM_CONVERSION = YES;
				CLANG_WARN_INFINITE_RECURSION = YES;
				CLANG_WARN_INT_CONVERSION = YES;
				CLANG_WARN_NON_LITERAL_NULL_CONVERSION = YES;
				CLANG_WARN_OBJC_IMPLICIT_RETAIN_SELF = YES;
				CLANG_WARN_OBJC_LITERAL_CONVERSION = YES;
				CLANG_WARN_OBJC_ROOT_CLASS = YES_ERROR;
				CLANG_WARN_RANGE_LOOP_ANALYSIS = YES;
				CLANG_WARN_STRICT_PROTOTYPES = YES;
				CLANG_WARN_SUSPICIOUS_MOVE = YES;
				CLANG_WARN_UNGUARDED_AVAILABILITY = YES_AGGRESSIVE;
				CLANG_WARN_UNREACHABLE_CODE = YES;
				CLANG_WARN__DUPLICATE_METHOD_MATCH = YES;
				CODE_SIGN_IDENTITY = "iPhone Developer";
				COPY_PHASE_STRIP = NO;
				DEBUG_INFORMATION_FORMAT = "dwarf-with-dsym";
				ENABLE_NS_ASSERTIONS = NO;
				ENABLE_STRICT_OBJC_MSGSEND = YES;
				ENABLE_TESTABILITY = YES;
				GCC_C_LANGUAGE_STANDARD = gnu11;
				GCC_NO_COMMON_BLOCKS = YES;
				GCC_WARN_64_TO_32_BIT_CONVERSION = YES;
				GCC_WARN_ABOUT_RETURN_TYPE = YES_ERROR;
				GCC_WARN_UNDECLARED_SELECTOR = YES;
				GCC_WARN_UNINITIALIZED_AUTOS = YES_AGGRESSIVE;
				GCC_WARN_UNUSED_FUNCTION = YES;
				GCC_WARN_UNUSED_VARIABLE = YES;
				IPHONEOS_DEPLOYMENT_TARGET = 11.4;
				MTL_ENABLE_DEBUG_INFO = NO;
				SDKROOT = iphoneos;
				SWIFT_COMPILATION_MODE = wholemodule;
				VALIDATE_PRODUCT = YES;
			};
			name = FastTestable;
		};
		48B5FCFE20FF3493007629C6 /* FastTestable */ = {
			isa = XCBuildConfiguration;
			buildSettings = {
				ASSETCATALOG_COMPILER_APPICON_NAME = AppIcon;
				CODE_SIGN_STYLE = Manual;
				DEVELOPMENT_TEAM = "";
				INFOPLIST_FILE = ExampleiOS/Info.plist;
				LD_RUNPATH_SEARCH_PATHS = (
					"$(inherited)",
					"@executable_path/Frameworks",
				);
				PRODUCT_BUNDLE_IDENTIFIER = com.cyon.ExampleiOS;
				PRODUCT_NAME = "$(TARGET_NAME)";
				PROVISIONING_PROFILE_SPECIFIER = "";
				SWIFT_VERSION = 4.0;
				TARGETED_DEVICE_FAMILY = "1,2";
			};
			name = FastTestable;
		};
		48B5FCFF20FF3493007629C6 /* FastTestable */ = {
			isa = XCBuildConfiguration;
			buildSettings = {
				ALWAYS_EMBED_SWIFT_STANDARD_LIBRARIES = YES;
				BUNDLE_LOADER = "$(TEST_HOST)";
				CODE_SIGN_STYLE = Automatic;
				INFOPLIST_FILE = ExampleiOSTests/Info.plist;
				LD_RUNPATH_SEARCH_PATHS = (
					"$(inherited)",
					"@executable_path/Frameworks",
					"@loader_path/Frameworks",
				);
				PRODUCT_BUNDLE_IDENTIFIER = com.cyon.ExampleiOSTests;
				PRODUCT_NAME = "$(TARGET_NAME)";
				SWIFT_VERSION = 4.0;
				TARGETED_DEVICE_FAMILY = "1,2";
				TEST_HOST = "$(BUILT_PRODUCTS_DIR)/ExampleiOS.app/ExampleiOS";
			};
			name = FastTestable;
		};
/* End XCBuildConfiguration section */

/* Begin XCConfigurationList section */
		482085F720FE7D8E002FAB4F /* Build configuration list for PBXProject "ExampleiOS" */ = {
			isa = XCConfigurationList;
			buildConfigurations = (
				4820861720FE7D90002FAB4F /* Debug */,
				4820861820FE7D90002FAB4F /* Release */,
				48B5FCFD20FF3493007629C6 /* FastTestable */,
			);
			defaultConfigurationIsVisible = 0;
			defaultConfigurationName = Release;
		};
		4820861920FE7D90002FAB4F /* Build configuration list for PBXNativeTarget "ExampleiOS" */ = {
			isa = XCConfigurationList;
			buildConfigurations = (
				4820861A20FE7D90002FAB4F /* Debug */,
				4820861B20FE7D90002FAB4F /* Release */,
				48B5FCFE20FF3493007629C6 /* FastTestable */,
			);
			defaultConfigurationIsVisible = 0;
			defaultConfigurationName = Release;
		};
		4820861C20FE7D90002FAB4F /* Build configuration list for PBXNativeTarget "ExampleiOSTests" */ = {
			isa = XCConfigurationList;
			buildConfigurations = (
				4820861D20FE7D90002FAB4F /* Debug */,
				4820861E20FE7D90002FAB4F /* Release */,
				48B5FCFF20FF3493007629C6 /* FastTestable */,
			);
			defaultConfigurationIsVisible = 0;
			defaultConfigurationName = Release;
		};
/* End XCConfigurationList section */
	};
	rootObject = 482085F420FE7D8E002FAB4F /* Project object */;
}
