// !$*UTF8*$!
{
	archiveVersion = 1;
	classes = {
	};
	objectVersion = 50;
	objects = {

/* Begin PBXBuildFile section */
		0AEEF2E72F2DB23157321272 /* Pods_SwiftCryptoTests.framework in Frameworks */ = {isa = PBXBuildFile; fileRef = 78FBB1C9A0AA5A32A740B188 /* Pods_SwiftCryptoTests.framework */; };
		4848A03F20FD2983004BC02C /* AnyKeySigner.swift in Sources */ = {isa = PBXBuildFile; fileRef = 4848A03E20FD2983004BC02C /* AnyKeySigner.swift */; };
		4848A04220FD312F004BC02C /* Schnorr.swift in Sources */ = {isa = PBXBuildFile; fileRef = 4848A04120FD312F004BC02C /* Schnorr.swift */; };
		48687FAD20F7E4BE00F2AFA4 /* PointArithmetic.swift in Sources */ = {isa = PBXBuildFile; fileRef = 48687FAC20F7E4BE00F2AFA4 /* PointArithmetic.swift */; };
		48687FB020F7E54500F2AFA4 /* JacobianPoint.swift in Sources */ = {isa = PBXBuildFile; fileRef = 48687FAF20F7E54500F2AFA4 /* JacobianPoint.swift */; };
		487E2E5B20F7E0F800D6CE8E /* SigningAndVerificationTests.swift in Sources */ = {isa = PBXBuildFile; fileRef = 48F242F320F7D42C00FB36DF /* SigningAndVerificationTests.swift */; };
		4885ABA620F77D6B00115FE0 /* Signing.swift in Sources */ = {isa = PBXBuildFile; fileRef = 4885ABA520F77D6B00115FE0 /* Signing.swift */; };
		4885ABA820F77ECB00115FE0 /* KeyPair.swift in Sources */ = {isa = PBXBuildFile; fileRef = 4885ABA720F77ECB00115FE0 /* KeyPair.swift */; };
		4885ABAA20F77EE600115FE0 /* Wallet.swift in Sources */ = {isa = PBXBuildFile; fileRef = 4885ABA920F77EE600115FE0 /* Wallet.swift */; };
		489119A520F209BA00F86528 /* AnyKeyGenerator.swift in Sources */ = {isa = PBXBuildFile; fileRef = 489119A420F209BA00F86528 /* AnyKeyGenerator.swift */; };
		489119A620F209C400F86528 /* Number.swift in Sources */ = {isa = PBXBuildFile; fileRef = 4891199B20F2097C00F86528 /* Number.swift */; };
		489119AB20F268C700F86528 /* SHA2Tests.swift in Sources */ = {isa = PBXBuildFile; fileRef = 489119AA20F268C700F86528 /* SHA2Tests.swift */; };
		489119AE20F26C4100F86528 /* CreatePublicKeyFromPrivateKeyTests.swift in Sources */ = {isa = PBXBuildFile; fileRef = 482B154220D41083001B437D /* CreatePublicKeyFromPrivateKeyTests.swift */; };
		4898EDFF20FA243E00B6F773 /* Secp256r1.swift in Sources */ = {isa = PBXBuildFile; fileRef = 4898EDFE20FA243E00B6F773 /* Secp256r1.swift */; };
		4898EE0420FA272900B6F773 /* Secp256r1_PointArthmeticTests.swift in Sources */ = {isa = PBXBuildFile; fileRef = 4898EE0320FA272900B6F773 /* Secp256r1_PointArthmeticTests.swift */; };
		48B4882020E90FC2004C7B7D /* Crypto.swift in Sources */ = {isa = PBXBuildFile; fileRef = 48B4881B20E90FC2004C7B7D /* Crypto.swift */; };
		48B4882220E90FC2004C7B7D /* RIPEMD160.swift in Sources */ = {isa = PBXBuildFile; fileRef = 48B4881E20E90FC2004C7B7D /* RIPEMD160.swift */; };
		48B4882320E90FC2004C7B7D /* Base58.swift in Sources */ = {isa = PBXBuildFile; fileRef = 48B4881F20E90FC2004C7B7D /* Base58.swift */; };
		48B6284420FA0DC400001BDC /* EllipticCurve.swift in Sources */ = {isa = PBXBuildFile; fileRef = 48B6284320FA0DC400001BDC /* EllipticCurve.swift */; };
		48B6284620FA0E2C00001BDC /* EllipticCurvePoint.swift in Sources */ = {isa = PBXBuildFile; fileRef = 48B6284520FA0E2C00001BDC /* EllipticCurvePoint.swift */; };
		48B94BE520F3F2A50041389D /* Signature.swift in Sources */ = {isa = PBXBuildFile; fileRef = 48B94BE420F3F2A50041389D /* Signature.swift */; };
		48B94BE720F3F2B10041389D /* Message.swift in Sources */ = {isa = PBXBuildFile; fileRef = 48B94BE620F3F2B10041389D /* Message.swift */; };
		48B94BEA20F3F4BC0041389D /* Data_Extension.swift in Sources */ = {isa = PBXBuildFile; fileRef = 48B94BE920F3F4BC0041389D /* Data_Extension.swift */; };
		48B94BEC20F3F4D50041389D /* AffinePoint.swift in Sources */ = {isa = PBXBuildFile; fileRef = 48B94BEB20F3F4D50041389D /* AffinePoint.swift */; };
		48D1101820F3D7BA005A212A /* PublicKey.swift in Sources */ = {isa = PBXBuildFile; fileRef = 48D1101720F3D7BA005A212A /* PublicKey.swift */; };
		48D1101A20F3D7E3005A212A /* PrivateKey.swift in Sources */ = {isa = PBXBuildFile; fileRef = 48D1101920F3D7E3005A212A /* PrivateKey.swift */; };
		48D1101C20F3D812005A212A /* PrivateKeyWIF.swift in Sources */ = {isa = PBXBuildFile; fileRef = 48D1101B20F3D812005A212A /* PrivateKeyWIF.swift */; };
		48D1101E20F3D832005A212A /* Address.swift in Sources */ = {isa = PBXBuildFile; fileRef = 48D1101D20F3D832005A212A /* Address.swift */; };
		48D1102120F3D856005A212A /* Network.swift in Sources */ = {isa = PBXBuildFile; fileRef = 48D1102020F3D856005A212A /* Network.swift */; };
		48F22C9720C70D88004A18CA /* SwiftCrypto.framework in Frameworks */ = {isa = PBXBuildFile; fileRef = 48F22C8D20C70D87004A18CA /* SwiftCrypto.framework */; };
		48F22CAA20C70DC9004A18CA /* SwiftCrypto.h in Headers */ = {isa = PBXBuildFile; fileRef = 48F22CA820C70DC1004A18CA /* SwiftCrypto.h */; settings = {ATTRIBUTES = (Public, ); }; };
		48F242EE20F7D2C600FB36DF /* KeyGenSignAndVerifyTests.swift in Sources */ = {isa = PBXBuildFile; fileRef = 48F242ED20F7D2C600FB36DF /* KeyGenSignAndVerifyTests.swift */; };
		48F242F020F7D31200FB36DF /* PrivateKeyBase64EncodingDecodingTests.swift in Sources */ = {isa = PBXBuildFile; fileRef = 48F242EF20F7D31200FB36DF /* PrivateKeyBase64EncodingDecodingTests.swift */; };
		48F242F820F7DD2600FB36DF /* Secp256k1.swift in Sources */ = {isa = PBXBuildFile; fileRef = 48F242F620F7DD2200FB36DF /* Secp256k1.swift */; };
		48F9814B20FE49E70013FC92 /* PerformanceSecp256r1Tests.swift in Sources */ = {isa = PBXBuildFile; fileRef = 48F9814A20FE49E70013FC92 /* PerformanceSecp256r1Tests.swift */; };
		8823FC9573D8C1AF8B8D30CD /* Pods_SwiftCrypto.framework in Frameworks */ = {isa = PBXBuildFile; fileRef = 665161916806AD945170E11A /* Pods_SwiftCrypto.framework */; };
/* End PBXBuildFile section */

/* Begin PBXContainerItemProxy section */
		48F22C9820C70D88004A18CA /* PBXContainerItemProxy */ = {
			isa = PBXContainerItemProxy;
			containerPortal = 48F22C8420C70D87004A18CA /* Project object */;
			proxyType = 1;
			remoteGlobalIDString = 48F22C8C20C70D87004A18CA;
			remoteInfo = SwiftCrypto;
		};
/* End PBXContainerItemProxy section */

/* Begin PBXFileReference section */
		1EC9D765543237D4FC0A37DA /* Pods-SwiftCryptoTests.release.xcconfig */ = {isa = PBXFileReference; includeInIndex = 1; lastKnownFileType = text.xcconfig; name = "Pods-SwiftCryptoTests.release.xcconfig"; path = "Pods/Target Support Files/Pods-SwiftCryptoTests/Pods-SwiftCryptoTests.release.xcconfig"; sourceTree = "<group>"; };
		30E2A5EA06E20A8C11C03CAC /* Pods-SwiftCrypto.release.xcconfig */ = {isa = PBXFileReference; includeInIndex = 1; lastKnownFileType = text.xcconfig; name = "Pods-SwiftCrypto.release.xcconfig"; path = "Pods/Target Support Files/Pods-SwiftCrypto/Pods-SwiftCrypto.release.xcconfig"; sourceTree = "<group>"; };
		482B154220D41083001B437D /* CreatePublicKeyFromPrivateKeyTests.swift */ = {isa = PBXFileReference; lastKnownFileType = sourcecode.swift; path = CreatePublicKeyFromPrivateKeyTests.swift; sourceTree = "<group>"; };
		483C099720F5EF0400C5E2DA /* module.modulemap */ = {isa = PBXFileReference; lastKnownFileType = "sourcecode.module-map"; path = module.modulemap; sourceTree = "<group>"; };
		4848A03E20FD2983004BC02C /* AnyKeySigner.swift */ = {isa = PBXFileReference; lastKnownFileType = sourcecode.swift; path = AnyKeySigner.swift; sourceTree = "<group>"; };
		4848A04120FD312F004BC02C /* Schnorr.swift */ = {isa = PBXFileReference; lastKnownFileType = sourcecode.swift; path = Schnorr.swift; sourceTree = "<group>"; };
		48687FAC20F7E4BE00F2AFA4 /* PointArithmetic.swift */ = {isa = PBXFileReference; lastKnownFileType = sourcecode.swift; path = PointArithmetic.swift; sourceTree = "<group>"; };
		48687FAF20F7E54500F2AFA4 /* JacobianPoint.swift */ = {isa = PBXFileReference; lastKnownFileType = sourcecode.swift; path = JacobianPoint.swift; sourceTree = "<group>"; };
		4885ABA520F77D6B00115FE0 /* Signing.swift */ = {isa = PBXFileReference; lastKnownFileType = sourcecode.swift; path = Signing.swift; sourceTree = "<group>"; };
		4885ABA720F77ECB00115FE0 /* KeyPair.swift */ = {isa = PBXFileReference; lastKnownFileType = sourcecode.swift; path = KeyPair.swift; sourceTree = "<group>"; };
		4885ABA920F77EE600115FE0 /* Wallet.swift */ = {isa = PBXFileReference; lastKnownFileType = sourcecode.swift; path = Wallet.swift; sourceTree = "<group>"; };
		4885ABAB20F7871800115FE0 /* Play.playground */ = {isa = PBXFileReference; lastKnownFileType = file.playground; path = Play.playground; sourceTree = "<group>"; xcLanguageSpecificationIdentifier = xcode.lang.swift; };
		4891199B20F2097C00F86528 /* Number.swift */ = {isa = PBXFileReference; lastKnownFileType = sourcecode.swift; path = Number.swift; sourceTree = "<group>"; };
		489119A420F209BA00F86528 /* AnyKeyGenerator.swift */ = {isa = PBXFileReference; lastKnownFileType = sourcecode.swift; path = AnyKeyGenerator.swift; sourceTree = "<group>"; };
		489119AA20F268C700F86528 /* SHA2Tests.swift */ = {isa = PBXFileReference; lastKnownFileType = sourcecode.swift; path = SHA2Tests.swift; sourceTree = "<group>"; };
		4898EDFE20FA243E00B6F773 /* Secp256r1.swift */ = {isa = PBXFileReference; lastKnownFileType = sourcecode.swift; path = Secp256r1.swift; sourceTree = "<group>"; };
		4898EE0320FA272900B6F773 /* Secp256r1_PointArthmeticTests.swift */ = {isa = PBXFileReference; lastKnownFileType = sourcecode.swift; path = Secp256r1_PointArthmeticTests.swift; sourceTree = "<group>"; };
		48B4881B20E90FC2004C7B7D /* Crypto.swift */ = {isa = PBXFileReference; fileEncoding = 4; lastKnownFileType = sourcecode.swift; path = Crypto.swift; sourceTree = "<group>"; };
		48B4881E20E90FC2004C7B7D /* RIPEMD160.swift */ = {isa = PBXFileReference; fileEncoding = 4; lastKnownFileType = sourcecode.swift; path = RIPEMD160.swift; sourceTree = "<group>"; };
		48B4881F20E90FC2004C7B7D /* Base58.swift */ = {isa = PBXFileReference; fileEncoding = 4; lastKnownFileType = sourcecode.swift; path = Base58.swift; sourceTree = "<group>"; };
		48B6284320FA0DC400001BDC /* EllipticCurve.swift */ = {isa = PBXFileReference; lastKnownFileType = sourcecode.swift; path = EllipticCurve.swift; sourceTree = "<group>"; };
		48B6284520FA0E2C00001BDC /* EllipticCurvePoint.swift */ = {isa = PBXFileReference; lastKnownFileType = sourcecode.swift; path = EllipticCurvePoint.swift; sourceTree = "<group>"; };
		48B94BE420F3F2A50041389D /* Signature.swift */ = {isa = PBXFileReference; lastKnownFileType = sourcecode.swift; path = Signature.swift; sourceTree = "<group>"; };
		48B94BE620F3F2B10041389D /* Message.swift */ = {isa = PBXFileReference; lastKnownFileType = sourcecode.swift; path = Message.swift; sourceTree = "<group>"; };
		48B94BE920F3F4BC0041389D /* Data_Extension.swift */ = {isa = PBXFileReference; lastKnownFileType = sourcecode.swift; path = Data_Extension.swift; sourceTree = "<group>"; };
		48B94BEB20F3F4D50041389D /* AffinePoint.swift */ = {isa = PBXFileReference; lastKnownFileType = sourcecode.swift; path = AffinePoint.swift; sourceTree = "<group>"; };
		48D1101720F3D7BA005A212A /* PublicKey.swift */ = {isa = PBXFileReference; lastKnownFileType = sourcecode.swift; path = PublicKey.swift; sourceTree = "<group>"; };
		48D1101920F3D7E3005A212A /* PrivateKey.swift */ = {isa = PBXFileReference; lastKnownFileType = sourcecode.swift; path = PrivateKey.swift; sourceTree = "<group>"; };
		48D1101B20F3D812005A212A /* PrivateKeyWIF.swift */ = {isa = PBXFileReference; lastKnownFileType = sourcecode.swift; path = PrivateKeyWIF.swift; sourceTree = "<group>"; };
		48D1101D20F3D832005A212A /* Address.swift */ = {isa = PBXFileReference; lastKnownFileType = sourcecode.swift; path = Address.swift; sourceTree = "<group>"; };
		48D1102020F3D856005A212A /* Network.swift */ = {isa = PBXFileReference; lastKnownFileType = sourcecode.swift; path = Network.swift; sourceTree = "<group>"; };
		48F22C8D20C70D87004A18CA /* SwiftCrypto.framework */ = {isa = PBXFileReference; explicitFileType = wrapper.framework; includeInIndex = 0; path = SwiftCrypto.framework; sourceTree = BUILT_PRODUCTS_DIR; };
		48F22C9620C70D87004A18CA /* SwiftCryptoTests.xctest */ = {isa = PBXFileReference; explicitFileType = wrapper.cfbundle; includeInIndex = 0; path = SwiftCryptoTests.xctest; sourceTree = BUILT_PRODUCTS_DIR; };
		48F22CA820C70DC1004A18CA /* SwiftCrypto.h */ = {isa = PBXFileReference; lastKnownFileType = sourcecode.c.h; path = SwiftCrypto.h; sourceTree = "<group>"; };
		48F22CA920C70DC1004A18CA /* Info.plist */ = {isa = PBXFileReference; lastKnownFileType = text.plist.xml; path = Info.plist; sourceTree = "<group>"; };
		48F22CB020C70DE5004A18CA /* Info.plist */ = {isa = PBXFileReference; lastKnownFileType = text.plist.xml; path = Info.plist; sourceTree = "<group>"; };
		48F242ED20F7D2C600FB36DF /* KeyGenSignAndVerifyTests.swift */ = {isa = PBXFileReference; lastKnownFileType = sourcecode.swift; path = KeyGenSignAndVerifyTests.swift; sourceTree = "<group>"; };
		48F242EF20F7D31200FB36DF /* PrivateKeyBase64EncodingDecodingTests.swift */ = {isa = PBXFileReference; lastKnownFileType = sourcecode.swift; path = PrivateKeyBase64EncodingDecodingTests.swift; sourceTree = "<group>"; };
		48F242F320F7D42C00FB36DF /* SigningAndVerificationTests.swift */ = {isa = PBXFileReference; lastKnownFileType = sourcecode.swift; path = SigningAndVerificationTests.swift; sourceTree = "<group>"; };
		48F242F620F7DD2200FB36DF /* Secp256k1.swift */ = {isa = PBXFileReference; lastKnownFileType = sourcecode.swift; path = Secp256k1.swift; sourceTree = "<group>"; };
		48F9814A20FE49E70013FC92 /* PerformanceSecp256r1Tests.swift */ = {isa = PBXFileReference; lastKnownFileType = sourcecode.swift; path = PerformanceSecp256r1Tests.swift; sourceTree = "<group>"; };
		665161916806AD945170E11A /* Pods_SwiftCrypto.framework */ = {isa = PBXFileReference; explicitFileType = wrapper.framework; includeInIndex = 0; path = Pods_SwiftCrypto.framework; sourceTree = BUILT_PRODUCTS_DIR; };
		6C2A764FF59FB28920DD81F9 /* Pods-SwiftCryptoTests.debug.xcconfig */ = {isa = PBXFileReference; includeInIndex = 1; lastKnownFileType = text.xcconfig; name = "Pods-SwiftCryptoTests.debug.xcconfig"; path = "Pods/Target Support Files/Pods-SwiftCryptoTests/Pods-SwiftCryptoTests.debug.xcconfig"; sourceTree = "<group>"; };
		78FBB1C9A0AA5A32A740B188 /* Pods_SwiftCryptoTests.framework */ = {isa = PBXFileReference; explicitFileType = wrapper.framework; includeInIndex = 0; path = Pods_SwiftCryptoTests.framework; sourceTree = BUILT_PRODUCTS_DIR; };
		82728DFA7D34ED05E1AD3618 /* Pods-SwiftCrypto.debug.xcconfig */ = {isa = PBXFileReference; includeInIndex = 1; lastKnownFileType = text.xcconfig; name = "Pods-SwiftCrypto.debug.xcconfig"; path = "Pods/Target Support Files/Pods-SwiftCrypto/Pods-SwiftCrypto.debug.xcconfig"; sourceTree = "<group>"; };
/* End PBXFileReference section */

/* Begin PBXFrameworksBuildPhase section */
		48F22C8920C70D87004A18CA /* Frameworks */ = {
			isa = PBXFrameworksBuildPhase;
			buildActionMask = 2147483647;
			files = (
				8823FC9573D8C1AF8B8D30CD /* Pods_SwiftCrypto.framework in Frameworks */,
			);
			runOnlyForDeploymentPostprocessing = 0;
		};
		48F22C9320C70D87004A18CA /* Frameworks */ = {
			isa = PBXFrameworksBuildPhase;
			buildActionMask = 2147483647;
			files = (
				48F22C9720C70D88004A18CA /* SwiftCrypto.framework in Frameworks */,
				0AEEF2E72F2DB23157321272 /* Pods_SwiftCryptoTests.framework in Frameworks */,
			);
			runOnlyForDeploymentPostprocessing = 0;
		};
/* End PBXFrameworksBuildPhase section */

/* Begin PBXGroup section */
		285EE9D7DD122B692B0588B3 /* Frameworks */ = {
			isa = PBXGroup;
			children = (
				665161916806AD945170E11A /* Pods_SwiftCrypto.framework */,
				78FBB1C9A0AA5A32A740B188 /* Pods_SwiftCryptoTests.framework */,
			);
			name = Frameworks;
			sourceTree = "<group>";
		};
		46A05956EC0C820C8AEE53C7 /* Pods */ = {
			isa = PBXGroup;
			children = (
				82728DFA7D34ED05E1AD3618 /* Pods-SwiftCrypto.debug.xcconfig */,
				30E2A5EA06E20A8C11C03CAC /* Pods-SwiftCrypto.release.xcconfig */,
				6C2A764FF59FB28920DD81F9 /* Pods-SwiftCryptoTests.debug.xcconfig */,
				1EC9D765543237D4FC0A37DA /* Pods-SwiftCryptoTests.release.xcconfig */,
			);
			name = Pods;
			sourceTree = "<group>";
		};
		482B154120D41053001B437D /* KeyGeneration */ = {
			isa = PBXGroup;
			children = (
				482B154220D41083001B437D /* CreatePublicKeyFromPrivateKeyTests.swift */,
				48F242EF20F7D31200FB36DF /* PrivateKeyBase64EncodingDecodingTests.swift */,
			);
			path = KeyGeneration;
			sourceTree = "<group>";
		};
		4848A04020FD311D004BC02C /* CommonSigning */ = {
			isa = PBXGroup;
			children = (
				4848A04120FD312F004BC02C /* Schnorr.swift */,
			);
			path = CommonSigning;
			sourceTree = "<group>";
		};
		4861AA6B20D048B900871618 /* SupportingFiles */ = {
			isa = PBXGroup;
			children = (
				48F22CA820C70DC1004A18CA /* SwiftCrypto.h */,
				48F22CA920C70DC1004A18CA /* Info.plist */,
				483C099720F5EF0400C5E2DA /* module.modulemap */,
			);
			path = SupportingFiles;
			sourceTree = "<group>";
		};
		48687FAE20F7E4EB00F2AFA4 /* Point */ = {
			isa = PBXGroup;
			children = (
				48B94BEB20F3F4D50041389D /* AffinePoint.swift */,
				48B6284520FA0E2C00001BDC /* EllipticCurvePoint.swift */,
				48687FAF20F7E54500F2AFA4 /* JacobianPoint.swift */,
				48687FAC20F7E4BE00F2AFA4 /* PointArithmetic.swift */,
			);
			path = Point;
			sourceTree = "<group>";
		};
		489119A320F209AA00F86528 /* EllipticCurve */ = {
			isa = PBXGroup;
			children = (
				48687FAE20F7E4EB00F2AFA4 /* Point */,
				48F242F520F7DD0500FB36DF /* CommonCurves */,
				48B94BE320F3F2870041389D /* Signing */,
				48D1101520F3D740005A212A /* Keys */,
				4891199B20F2097C00F86528 /* Number.swift */,
				4848A03E20FD2983004BC02C /* AnyKeySigner.swift */,
				489119A420F209BA00F86528 /* AnyKeyGenerator.swift */,
				48D1102020F3D856005A212A /* Network.swift */,
				48B6284320FA0DC400001BDC /* EllipticCurve.swift */,
			);
			path = EllipticCurve;
			sourceTree = "<group>";
		};
		489119A920F268AF00F86528 /* Utils */ = {
			isa = PBXGroup;
			children = (
				489119AA20F268C700F86528 /* SHA2Tests.swift */,
			);
			path = Utils;
			sourceTree = "<group>";
		};
		4898EE0020FA269C00B6F773 /* CurveTests */ = {
			isa = PBXGroup;
			children = (
				4898EE0220FA26BC00B6F773 /* Secp256r1 */,
				4898EE0120FA26A200B6F773 /* Secp256k1 */,
			);
			path = CurveTests;
			sourceTree = "<group>";
		};
		4898EE0120FA26A200B6F773 /* Secp256k1 */ = {
			isa = PBXGroup;
			children = (
				48F242EC20F7D2A900FB36DF /* FullCoverateTests */,
				482B154120D41053001B437D /* KeyGeneration */,
				48F242F120F7D40600FB36DF /* SigningAndVerificationTests */,
			);
			path = Secp256k1;
			sourceTree = "<group>";
		};
		4898EE0220FA26BC00B6F773 /* Secp256r1 */ = {
			isa = PBXGroup;
			children = (
				4898EE0320FA272900B6F773 /* Secp256r1_PointArthmeticTests.swift */,
				48F9814A20FE49E70013FC92 /* PerformanceSecp256r1Tests.swift */,
			);
			path = Secp256r1;
			sourceTree = "<group>";
		};
		48B4881A20E90FC2004C7B7D /* Cryptography */ = {
			isa = PBXGroup;
			children = (
				48B4881B20E90FC2004C7B7D /* Crypto.swift */,
				48B4881C20E90FC2004C7B7D /* RIPEMD160 */,
				48B4881F20E90FC2004C7B7D /* Base58.swift */,
			);
			path = Cryptography;
			sourceTree = "<group>";
		};
		48B4881C20E90FC2004C7B7D /* RIPEMD160 */ = {
			isa = PBXGroup;
			children = (
				48B4881E20E90FC2004C7B7D /* RIPEMD160.swift */,
			);
			path = RIPEMD160;
			sourceTree = "<group>";
		};
		48B94BE320F3F2870041389D /* Signing */ = {
			isa = PBXGroup;
			children = (
				4848A04020FD311D004BC02C /* CommonSigning */,
				48B94BE420F3F2A50041389D /* Signature.swift */,
				48B94BE620F3F2B10041389D /* Message.swift */,
				4885ABA520F77D6B00115FE0 /* Signing.swift */,
			);
			path = Signing;
			sourceTree = "<group>";
		};
		48B94BE820F3F4B00041389D /* Extensions */ = {
			isa = PBXGroup;
			children = (
				48B94BE920F3F4BC0041389D /* Data_Extension.swift */,
			);
			path = Extensions;
			sourceTree = "<group>";
		};
		48D1101520F3D740005A212A /* Keys */ = {
			isa = PBXGroup;
			children = (
				48D1101F20F3D840005A212A /* Address */,
				48D1101720F3D7BA005A212A /* PublicKey.swift */,
				48D1101B20F3D812005A212A /* PrivateKeyWIF.swift */,
				48D1101920F3D7E3005A212A /* PrivateKey.swift */,
				4885ABA720F77ECB00115FE0 /* KeyPair.swift */,
				4885ABA920F77EE600115FE0 /* Wallet.swift */,
			);
			path = Keys;
			sourceTree = "<group>";
		};
		48D1101F20F3D840005A212A /* Address */ = {
			isa = PBXGroup;
			children = (
				48D1101D20F3D832005A212A /* Address.swift */,
			);
			path = Address;
			sourceTree = "<group>";
		};
		48F22C8320C70D87004A18CA = {
			isa = PBXGroup;
			children = (
				4885ABAB20F7871800115FE0 /* Play.playground */,
				285EE9D7DD122B692B0588B3 /* Frameworks */,
				46A05956EC0C820C8AEE53C7 /* Pods */,
				48F22C8E20C70D87004A18CA /* Products */,
				48F22CA720C70DC1004A18CA /* Source */,
				48F22CAE20C70DE5004A18CA /* Tests */,
			);
			sourceTree = "<group>";
		};
		48F22C8E20C70D87004A18CA /* Products */ = {
			isa = PBXGroup;
			children = (
				48F22C8D20C70D87004A18CA /* SwiftCrypto.framework */,
				48F22C9620C70D87004A18CA /* SwiftCryptoTests.xctest */,
			);
			name = Products;
			sourceTree = "<group>";
		};
		48F22CA720C70DC1004A18CA /* Source */ = {
			isa = PBXGroup;
			children = (
				48B94BE820F3F4B00041389D /* Extensions */,
				489119A320F209AA00F86528 /* EllipticCurve */,
				48B4881A20E90FC2004C7B7D /* Cryptography */,
				4861AA6B20D048B900871618 /* SupportingFiles */,
			);
			path = Source;
			sourceTree = "<group>";
		};
		48F22CAE20C70DE5004A18CA /* Tests */ = {
			isa = PBXGroup;
			children = (
				48F22CB020C70DE5004A18CA /* Info.plist */,
				4898EE0020FA269C00B6F773 /* CurveTests */,
				489119A920F268AF00F86528 /* Utils */,
			);
			path = Tests;
			sourceTree = "<group>";
		};
		48F242EC20F7D2A900FB36DF /* FullCoverateTests */ = {
			isa = PBXGroup;
			children = (
				48F242ED20F7D2C600FB36DF /* KeyGenSignAndVerifyTests.swift */,
			);
			path = FullCoverateTests;
			sourceTree = "<group>";
		};
		48F242F120F7D40600FB36DF /* SigningAndVerificationTests */ = {
			isa = PBXGroup;
			children = (
				48F242F320F7D42C00FB36DF /* SigningAndVerificationTests.swift */,
			);
			path = SigningAndVerificationTests;
			sourceTree = "<group>";
		};
		48F242F520F7DD0500FB36DF /* CommonCurves */ = {
			isa = PBXGroup;
			children = (
				48F242F620F7DD2200FB36DF /* Secp256k1.swift */,
				4898EDFE20FA243E00B6F773 /* Secp256r1.swift */,
			);
			path = CommonCurves;
			sourceTree = "<group>";
		};
/* End PBXGroup section */

/* Begin PBXHeadersBuildPhase section */
		48F22C8A20C70D87004A18CA /* Headers */ = {
			isa = PBXHeadersBuildPhase;
			buildActionMask = 2147483647;
			files = (
				48F22CAA20C70DC9004A18CA /* SwiftCrypto.h in Headers */,
			);
			runOnlyForDeploymentPostprocessing = 0;
		};
/* End PBXHeadersBuildPhase section */

/* Begin PBXNativeTarget section */
		48F22C8C20C70D87004A18CA /* SwiftCrypto */ = {
			isa = PBXNativeTarget;
			buildConfigurationList = 48F22CA120C70D88004A18CA /* Build configuration list for PBXNativeTarget "SwiftCrypto" */;
			buildPhases = (
				B83F4FC38C14DCC2CC5F65E1 /* [CP] Check Pods Manifest.lock */,
				48F22C8820C70D87004A18CA /* Sources */,
				48F22C8920C70D87004A18CA /* Frameworks */,
				48F22C8A20C70D87004A18CA /* Headers */,
				48F22C8B20C70D87004A18CA /* Resources */,
			);
			buildRules = (
			);
			dependencies = (
			);
			name = SwiftCrypto;
			productName = SwiftCrypto;
			productReference = 48F22C8D20C70D87004A18CA /* SwiftCrypto.framework */;
			productType = "com.apple.product-type.framework";
		};
		48F22C9520C70D87004A18CA /* SwiftCryptoTests */ = {
			isa = PBXNativeTarget;
			buildConfigurationList = 48F22CA420C70D88004A18CA /* Build configuration list for PBXNativeTarget "SwiftCryptoTests" */;
			buildPhases = (
				961842394C2FB3A92475F3C1 /* [CP] Check Pods Manifest.lock */,
				48F22C9220C70D87004A18CA /* Sources */,
				48F22C9320C70D87004A18CA /* Frameworks */,
				48F22C9420C70D87004A18CA /* Resources */,
				2D00CE763516DE3CAC5C58BC /* [CP] Embed Pods Frameworks */,
			);
			buildRules = (
			);
			dependencies = (
				48F22C9920C70D88004A18CA /* PBXTargetDependency */,
			);
			name = SwiftCryptoTests;
			productName = SwiftCryptoTests;
			productReference = 48F22C9620C70D87004A18CA /* SwiftCryptoTests.xctest */;
			productType = "com.apple.product-type.bundle.unit-test";
		};
/* End PBXNativeTarget section */

/* Begin PBXProject section */
		48F22C8420C70D87004A18CA /* Project object */ = {
			isa = PBXProject;
			attributes = {
				LastSwiftUpdateCheck = 0930;
				LastUpgradeCheck = 0930;
				ORGANIZATIONNAME = "Alexander Cyon";
				TargetAttributes = {
					48F22C8C20C70D87004A18CA = {
						CreatedOnToolsVersion = 9.3;
						LastSwiftMigration = 1000;
					};
					48F22C9520C70D87004A18CA = {
						CreatedOnToolsVersion = 9.3;
					};
				};
			};
			buildConfigurationList = 48F22C8720C70D87004A18CA /* Build configuration list for PBXProject "SwiftCrypto" */;
			compatibilityVersion = "Xcode 9.3";
			developmentRegion = en;
			hasScannedForEncodings = 0;
			knownRegions = (
				en,
			);
			mainGroup = 48F22C8320C70D87004A18CA;
			productRefGroup = 48F22C8E20C70D87004A18CA /* Products */;
			projectDirPath = "";
			projectRoot = "";
			targets = (
				48F22C8C20C70D87004A18CA /* SwiftCrypto */,
				48F22C9520C70D87004A18CA /* SwiftCryptoTests */,
			);
		};
/* End PBXProject section */

/* Begin PBXResourcesBuildPhase section */
		48F22C8B20C70D87004A18CA /* Resources */ = {
			isa = PBXResourcesBuildPhase;
			buildActionMask = 2147483647;
			files = (
			);
			runOnlyForDeploymentPostprocessing = 0;
		};
		48F22C9420C70D87004A18CA /* Resources */ = {
			isa = PBXResourcesBuildPhase;
			buildActionMask = 2147483647;
			files = (
			);
			runOnlyForDeploymentPostprocessing = 0;
		};
/* End PBXResourcesBuildPhase section */

/* Begin PBXShellScriptBuildPhase section */
		2D00CE763516DE3CAC5C58BC /* [CP] Embed Pods Frameworks */ = {
			isa = PBXShellScriptBuildPhase;
			buildActionMask = 2147483647;
			files = (
			);
			inputPaths = (
				"${SRCROOT}/Pods/Target Support Files/Pods-SwiftCryptoTests/Pods-SwiftCryptoTests-frameworks.sh",
				"${BUILT_PRODUCTS_DIR}/BigInt/BigInt.framework",
				"${BUILT_PRODUCTS_DIR}/CryptoSwift/CryptoSwift.framework",
				"${BUILT_PRODUCTS_DIR}/SipHash/SipHash.framework",
			);
			name = "[CP] Embed Pods Frameworks";
			outputPaths = (
				"${TARGET_BUILD_DIR}/${FRAMEWORKS_FOLDER_PATH}/BigInt.framework",
				"${TARGET_BUILD_DIR}/${FRAMEWORKS_FOLDER_PATH}/CryptoSwift.framework",
				"${TARGET_BUILD_DIR}/${FRAMEWORKS_FOLDER_PATH}/SipHash.framework",
			);
			runOnlyForDeploymentPostprocessing = 0;
			shellPath = /bin/sh;
			shellScript = "\"${SRCROOT}/Pods/Target Support Files/Pods-SwiftCryptoTests/Pods-SwiftCryptoTests-frameworks.sh\"\n";
			showEnvVarsInLog = 0;
		};
		961842394C2FB3A92475F3C1 /* [CP] Check Pods Manifest.lock */ = {
			isa = PBXShellScriptBuildPhase;
			buildActionMask = 2147483647;
			files = (
			);
			inputPaths = (
				"${PODS_PODFILE_DIR_PATH}/Podfile.lock",
				"${PODS_ROOT}/Manifest.lock",
			);
			name = "[CP] Check Pods Manifest.lock";
			outputPaths = (
				"$(DERIVED_FILE_DIR)/Pods-SwiftCryptoTests-checkManifestLockResult.txt",
			);
			runOnlyForDeploymentPostprocessing = 0;
			shellPath = /bin/sh;
			shellScript = "diff \"${PODS_PODFILE_DIR_PATH}/Podfile.lock\" \"${PODS_ROOT}/Manifest.lock\" > /dev/null\nif [ $? != 0 ] ; then\n    # print error to STDERR\n    echo \"error: The sandbox is not in sync with the Podfile.lock. Run 'pod install' or update your CocoaPods installation.\" >&2\n    exit 1\nfi\n# This output is used by Xcode 'outputs' to avoid re-running this script phase.\necho \"SUCCESS\" > \"${SCRIPT_OUTPUT_FILE_0}\"\n";
			showEnvVarsInLog = 0;
		};
		B83F4FC38C14DCC2CC5F65E1 /* [CP] Check Pods Manifest.lock */ = {
			isa = PBXShellScriptBuildPhase;
			buildActionMask = 2147483647;
			files = (
			);
			inputPaths = (
				"${PODS_PODFILE_DIR_PATH}/Podfile.lock",
				"${PODS_ROOT}/Manifest.lock",
			);
			name = "[CP] Check Pods Manifest.lock";
			outputPaths = (
				"$(DERIVED_FILE_DIR)/Pods-SwiftCrypto-checkManifestLockResult.txt",
			);
			runOnlyForDeploymentPostprocessing = 0;
			shellPath = /bin/sh;
			shellScript = "diff \"${PODS_PODFILE_DIR_PATH}/Podfile.lock\" \"${PODS_ROOT}/Manifest.lock\" > /dev/null\nif [ $? != 0 ] ; then\n    # print error to STDERR\n    echo \"error: The sandbox is not in sync with the Podfile.lock. Run 'pod install' or update your CocoaPods installation.\" >&2\n    exit 1\nfi\n# This output is used by Xcode 'outputs' to avoid re-running this script phase.\necho \"SUCCESS\" > \"${SCRIPT_OUTPUT_FILE_0}\"\n";
			showEnvVarsInLog = 0;
		};
/* End PBXShellScriptBuildPhase section */

/* Begin PBXSourcesBuildPhase section */
		48F22C8820C70D87004A18CA /* Sources */ = {
			isa = PBXSourcesBuildPhase;
			buildActionMask = 2147483647;
			files = (
				48D1102120F3D856005A212A /* Network.swift in Sources */,
				48D1101E20F3D832005A212A /* Address.swift in Sources */,
				48B6284620FA0E2C00001BDC /* EllipticCurvePoint.swift in Sources */,
				48F242F820F7DD2600FB36DF /* Secp256k1.swift in Sources */,
				4898EDFF20FA243E00B6F773 /* Secp256r1.swift in Sources */,
				48D1101C20F3D812005A212A /* PrivateKeyWIF.swift in Sources */,
				48B94BEA20F3F4BC0041389D /* Data_Extension.swift in Sources */,
				48B94BEC20F3F4D50041389D /* AffinePoint.swift in Sources */,
				48B94BE520F3F2A50041389D /* Signature.swift in Sources */,
				48687FAD20F7E4BE00F2AFA4 /* PointArithmetic.swift in Sources */,
				489119A620F209C400F86528 /* Number.swift in Sources */,
				48D1101820F3D7BA005A212A /* PublicKey.swift in Sources */,
				48B6284420FA0DC400001BDC /* EllipticCurve.swift in Sources */,
				48B4882220E90FC2004C7B7D /* RIPEMD160.swift in Sources */,
				4848A04220FD312F004BC02C /* Schnorr.swift in Sources */,
				48687FB020F7E54500F2AFA4 /* JacobianPoint.swift in Sources */,
				489119A520F209BA00F86528 /* AnyKeyGenerator.swift in Sources */,
				48B4882320E90FC2004C7B7D /* Base58.swift in Sources */,
				48B94BE720F3F2B10041389D /* Message.swift in Sources */,
				48B4882020E90FC2004C7B7D /* Crypto.swift in Sources */,
				4885ABA820F77ECB00115FE0 /* KeyPair.swift in Sources */,
				48D1101A20F3D7E3005A212A /* PrivateKey.swift in Sources */,
				4885ABAA20F77EE600115FE0 /* Wallet.swift in Sources */,
				4848A03F20FD2983004BC02C /* AnyKeySigner.swift in Sources */,
				4885ABA620F77D6B00115FE0 /* Signing.swift in Sources */,
			);
			runOnlyForDeploymentPostprocessing = 0;
		};
		48F22C9220C70D87004A18CA /* Sources */ = {
			isa = PBXSourcesBuildPhase;
			buildActionMask = 2147483647;
			files = (
				489119AB20F268C700F86528 /* SHA2Tests.swift in Sources */,
				48F242EE20F7D2C600FB36DF /* KeyGenSignAndVerifyTests.swift in Sources */,
				4898EE0420FA272900B6F773 /* Secp256r1_PointArthmeticTests.swift in Sources */,
				48F242F020F7D31200FB36DF /* PrivateKeyBase64EncodingDecodingTests.swift in Sources */,
				48F9814B20FE49E70013FC92 /* PerformanceSecp256r1Tests.swift in Sources */,
				489119AE20F26C4100F86528 /* CreatePublicKeyFromPrivateKeyTests.swift in Sources */,
				487E2E5B20F7E0F800D6CE8E /* SigningAndVerificationTests.swift in Sources */,
			);
			runOnlyForDeploymentPostprocessing = 0;
		};
/* End PBXSourcesBuildPhase section */

/* Begin PBXTargetDependency section */
		48F22C9920C70D88004A18CA /* PBXTargetDependency */ = {
			isa = PBXTargetDependency;
			target = 48F22C8C20C70D87004A18CA /* SwiftCrypto */;
			targetProxy = 48F22C9820C70D88004A18CA /* PBXContainerItemProxy */;
		};
/* End PBXTargetDependency section */

/* Begin XCBuildConfiguration section */
		48F22C9F20C70D88004A18CA /* Debug */ = {
			isa = XCBuildConfiguration;
			buildSettings = {
				ALWAYS_SEARCH_USER_PATHS = NO;
				CLANG_ANALYZER_NONNULL = YES;
				CLANG_ANALYZER_NUMBER_OBJECT_CONVERSION = YES_AGGRESSIVE;
				CLANG_CXX_LANGUAGE_STANDARD = "gnu++14";
				CLANG_CXX_LIBRARY = "libc++";
				CLANG_ENABLE_MODULES = YES;
				CLANG_ENABLE_OBJC_ARC = YES;
				CLANG_ENABLE_OBJC_WEAK = YES;
				CLANG_WARN_BLOCK_CAPTURE_AUTORELEASING = YES;
				CLANG_WARN_BOOL_CONVERSION = YES;
				CLANG_WARN_COMMA = YES;
				CLANG_WARN_CONSTANT_CONVERSION = YES;
				CLANG_WARN_DEPRECATED_OBJC_IMPLEMENTATIONS = YES;
				CLANG_WARN_DIRECT_OBJC_ISA_USAGE = YES_ERROR;
				CLANG_WARN_DOCUMENTATION_COMMENTS = YES;
				CLANG_WARN_EMPTY_BODY = YES;
				CLANG_WARN_ENUM_CONVERSION = YES;
				CLANG_WARN_INFINITE_RECURSION = YES;
				CLANG_WARN_INT_CONVERSION = YES;
				CLANG_WARN_NON_LITERAL_NULL_CONVERSION = YES;
				CLANG_WARN_OBJC_IMPLICIT_RETAIN_SELF = YES;
				CLANG_WARN_OBJC_LITERAL_CONVERSION = YES;
				CLANG_WARN_OBJC_ROOT_CLASS = YES_ERROR;
				CLANG_WARN_RANGE_LOOP_ANALYSIS = YES;
				CLANG_WARN_STRICT_PROTOTYPES = YES;
				CLANG_WARN_SUSPICIOUS_MOVE = YES;
				CLANG_WARN_UNGUARDED_AVAILABILITY = YES_AGGRESSIVE;
				CLANG_WARN_UNREACHABLE_CODE = YES;
				CLANG_WARN__DUPLICATE_METHOD_MATCH = YES;
				CODE_SIGN_IDENTITY = "iPhone Developer";
				COPY_PHASE_STRIP = NO;
				CURRENT_PROJECT_VERSION = 1;
				DEBUG_INFORMATION_FORMAT = dwarf;
				ENABLE_STRICT_OBJC_MSGSEND = YES;
				ENABLE_TESTABILITY = YES;
				GCC_C_LANGUAGE_STANDARD = gnu11;
				GCC_DYNAMIC_NO_PIC = NO;
				GCC_NO_COMMON_BLOCKS = YES;
				GCC_OPTIMIZATION_LEVEL = 0;
				GCC_PREPROCESSOR_DEFINITIONS = (
					"DEBUG=1",
					"$(inherited)",
				);
				GCC_WARN_64_TO_32_BIT_CONVERSION = YES;
				GCC_WARN_ABOUT_RETURN_TYPE = YES_ERROR;
				GCC_WARN_UNDECLARED_SELECTOR = YES;
				GCC_WARN_UNINITIALIZED_AUTOS = YES_AGGRESSIVE;
				GCC_WARN_UNUSED_FUNCTION = YES;
				GCC_WARN_UNUSED_VARIABLE = YES;
				IPHONEOS_DEPLOYMENT_TARGET = 11.3;
				MTL_ENABLE_DEBUG_INFO = YES;
				ONLY_ACTIVE_ARCH = YES;
				SDKROOT = iphoneos;
				SWIFT_ACTIVE_COMPILATION_CONDITIONS = DEBUG;
				SWIFT_INCLUDE_PATHS = Source/SupportingFiles;
				SWIFT_OPTIMIZATION_LEVEL = "-Onone";
				SWIFT_VERSION = 4.2;
				VERSIONING_SYSTEM = "apple-generic";
				VERSION_INFO_PREFIX = "";
			};
			name = Debug;
		};
		48F22CA020C70D88004A18CA /* Release */ = {
			isa = XCBuildConfiguration;
			buildSettings = {
				ALWAYS_SEARCH_USER_PATHS = NO;
				CLANG_ANALYZER_NONNULL = YES;
				CLANG_ANALYZER_NUMBER_OBJECT_CONVERSION = YES_AGGRESSIVE;
				CLANG_CXX_LANGUAGE_STANDARD = "gnu++14";
				CLANG_CXX_LIBRARY = "libc++";
				CLANG_ENABLE_MODULES = YES;
				CLANG_ENABLE_OBJC_ARC = YES;
				CLANG_ENABLE_OBJC_WEAK = YES;
				CLANG_WARN_BLOCK_CAPTURE_AUTORELEASING = YES;
				CLANG_WARN_BOOL_CONVERSION = YES;
				CLANG_WARN_COMMA = YES;
				CLANG_WARN_CONSTANT_CONVERSION = YES;
				CLANG_WARN_DEPRECATED_OBJC_IMPLEMENTATIONS = YES;
				CLANG_WARN_DIRECT_OBJC_ISA_USAGE = YES_ERROR;
				CLANG_WARN_DOCUMENTATION_COMMENTS = YES;
				CLANG_WARN_EMPTY_BODY = YES;
				CLANG_WARN_ENUM_CONVERSION = YES;
				CLANG_WARN_INFINITE_RECURSION = YES;
				CLANG_WARN_INT_CONVERSION = YES;
				CLANG_WARN_NON_LITERAL_NULL_CONVERSION = YES;
				CLANG_WARN_OBJC_IMPLICIT_RETAIN_SELF = YES;
				CLANG_WARN_OBJC_LITERAL_CONVERSION = YES;
				CLANG_WARN_OBJC_ROOT_CLASS = YES_ERROR;
				CLANG_WARN_RANGE_LOOP_ANALYSIS = YES;
				CLANG_WARN_STRICT_PROTOTYPES = YES;
				CLANG_WARN_SUSPICIOUS_MOVE = YES;
				CLANG_WARN_UNGUARDED_AVAILABILITY = YES_AGGRESSIVE;
				CLANG_WARN_UNREACHABLE_CODE = YES;
				CLANG_WARN__DUPLICATE_METHOD_MATCH = YES;
				CODE_SIGN_IDENTITY = "iPhone Developer";
				COPY_PHASE_STRIP = NO;
				CURRENT_PROJECT_VERSION = 1;
				DEBUG_INFORMATION_FORMAT = "dwarf-with-dsym";
				ENABLE_NS_ASSERTIONS = NO;
				ENABLE_STRICT_OBJC_MSGSEND = YES;
				GCC_C_LANGUAGE_STANDARD = gnu11;
				GCC_NO_COMMON_BLOCKS = YES;
				GCC_WARN_64_TO_32_BIT_CONVERSION = YES;
				GCC_WARN_ABOUT_RETURN_TYPE = YES_ERROR;
				GCC_WARN_UNDECLARED_SELECTOR = YES;
				GCC_WARN_UNINITIALIZED_AUTOS = YES_AGGRESSIVE;
				GCC_WARN_UNUSED_FUNCTION = YES;
				GCC_WARN_UNUSED_VARIABLE = YES;
				IPHONEOS_DEPLOYMENT_TARGET = 11.3;
				MTL_ENABLE_DEBUG_INFO = NO;
				SDKROOT = iphoneos;
				SWIFT_COMPILATION_MODE = wholemodule;
				SWIFT_INCLUDE_PATHS = Source/SupportingFiles;
				SWIFT_OPTIMIZATION_LEVEL = "-O";
				SWIFT_VERSION = 4.2;
				VALIDATE_PRODUCT = YES;
				VERSIONING_SYSTEM = "apple-generic";
				VERSION_INFO_PREFIX = "";
			};
			name = Release;
		};
		48F22CA220C70D88004A18CA /* Debug */ = {
			isa = XCBuildConfiguration;
			baseConfigurationReference = 82728DFA7D34ED05E1AD3618 /* Pods-SwiftCrypto.debug.xcconfig */;
			buildSettings = {
				CLANG_ENABLE_MODULES = YES;
				CODE_SIGN_IDENTITY = "";
				CODE_SIGN_STYLE = Manual;
				DEFINES_MODULE = YES;
				DEVELOPMENT_TEAM = "";
				DYLIB_COMPATIBILITY_VERSION = 1;
				DYLIB_CURRENT_VERSION = 1;
				DYLIB_INSTALL_NAME_BASE = "@rpath";
				INFOPLIST_FILE = Source/SupportingFiles/Info.plist;
				INSTALL_PATH = "$(LOCAL_LIBRARY_DIR)/Frameworks";
				LD_RUNPATH_SEARCH_PATHS = (
					"$(inherited)",
					"@executable_path/Frameworks",
					"@loader_path/Frameworks",
				);
				PRODUCT_BUNDLE_IDENTIFIER = cyon.alex.SwiftCrypto;
				PRODUCT_NAME = "$(TARGET_NAME:c99extidentifier)";
				PROVISIONING_PROFILE_SPECIFIER = "";
				SKIP_INSTALL = YES;
				SWIFT_OPTIMIZATION_LEVEL = "-Onone";
				SWIFT_VERSION = 4.2;
				TARGETED_DEVICE_FAMILY = "1,2";
			};
			name = Debug;
		};
		48F22CA320C70D88004A18CA /* Release */ = {
			isa = XCBuildConfiguration;
			baseConfigurationReference = 30E2A5EA06E20A8C11C03CAC /* Pods-SwiftCrypto.release.xcconfig */;
			buildSettings = {
				CLANG_ENABLE_MODULES = YES;
				CODE_SIGN_IDENTITY = "";
				CODE_SIGN_STYLE = Manual;
				DEFINES_MODULE = YES;
				DEVELOPMENT_TEAM = "";
				DYLIB_COMPATIBILITY_VERSION = 1;
				DYLIB_CURRENT_VERSION = 1;
				DYLIB_INSTALL_NAME_BASE = "@rpath";
				INFOPLIST_FILE = Source/SupportingFiles/Info.plist;
				INSTALL_PATH = "$(LOCAL_LIBRARY_DIR)/Frameworks";
				LD_RUNPATH_SEARCH_PATHS = (
					"$(inherited)",
					"@executable_path/Frameworks",
					"@loader_path/Frameworks",
				);
				PRODUCT_BUNDLE_IDENTIFIER = cyon.alex.SwiftCrypto;
				PRODUCT_NAME = "$(TARGET_NAME:c99extidentifier)";
				PROVISIONING_PROFILE_SPECIFIER = "";
				SKIP_INSTALL = YES;
				SWIFT_VERSION = 4.2;
				TARGETED_DEVICE_FAMILY = "1,2";
			};
			name = Release;
		};
		48F22CA520C70D88004A18CA /* Debug */ = {
			isa = XCBuildConfiguration;
			baseConfigurationReference = 6C2A764FF59FB28920DD81F9 /* Pods-SwiftCryptoTests.debug.xcconfig */;
			buildSettings = {
				ALWAYS_EMBED_SWIFT_STANDARD_LIBRARIES = YES;
				CODE_SIGN_STYLE = Automatic;
				INFOPLIST_FILE = Tests/Info.plist;
				LD_RUNPATH_SEARCH_PATHS = (
					"$(inherited)",
					"@executable_path/Frameworks",
					"@loader_path/Frameworks",
				);
				PRODUCT_BUNDLE_IDENTIFIER = cyon.alex.SwiftCryptoTests;
				PRODUCT_NAME = "$(TARGET_NAME)";
				SWIFT_VERSION = 4.0;
				TARGETED_DEVICE_FAMILY = "1,2";
			};
			name = Debug;
		};
		48F22CA620C70D88004A18CA /* Release */ = {
			isa = XCBuildConfiguration;
			baseConfigurationReference = 1EC9D765543237D4FC0A37DA /* Pods-SwiftCryptoTests.release.xcconfig */;
			buildSettings = {
				ALWAYS_EMBED_SWIFT_STANDARD_LIBRARIES = YES;
				CODE_SIGN_STYLE = Automatic;
				INFOPLIST_FILE = Tests/Info.plist;
				LD_RUNPATH_SEARCH_PATHS = (
					"$(inherited)",
					"@executable_path/Frameworks",
					"@loader_path/Frameworks",
				);
				PRODUCT_BUNDLE_IDENTIFIER = cyon.alex.SwiftCryptoTests;
				PRODUCT_NAME = "$(TARGET_NAME)";
				SWIFT_VERSION = 4.0;
				TARGETED_DEVICE_FAMILY = "1,2";
			};
			name = Release;
		};
/* End XCBuildConfiguration section */

/* Begin XCConfigurationList section */
		48F22C8720C70D87004A18CA /* Build configuration list for PBXProject "SwiftCrypto" */ = {
			isa = XCConfigurationList;
			buildConfigurations = (
				48F22C9F20C70D88004A18CA /* Debug */,
				48F22CA020C70D88004A18CA /* Release */,
			);
			defaultConfigurationIsVisible = 0;
			defaultConfigurationName = Release;
		};
		48F22CA120C70D88004A18CA /* Build configuration list for PBXNativeTarget "SwiftCrypto" */ = {
			isa = XCConfigurationList;
			buildConfigurations = (
				48F22CA220C70D88004A18CA /* Debug */,
				48F22CA320C70D88004A18CA /* Release */,
			);
			defaultConfigurationIsVisible = 0;
			defaultConfigurationName = Release;
		};
		48F22CA420C70D88004A18CA /* Build configuration list for PBXNativeTarget "SwiftCryptoTests" */ = {
			isa = XCConfigurationList;
			buildConfigurations = (
				48F22CA520C70D88004A18CA /* Debug */,
				48F22CA620C70D88004A18CA /* Release */,
			);
			defaultConfigurationIsVisible = 0;
			defaultConfigurationName = Release;
		};
/* End XCConfigurationList section */
	};
	rootObject = 48F22C8420C70D87004A18CA /* Project object */;
}
